
Microsoft Visual Studio Solution File, Format Version 12.00
# Visual Studio 2013
VisualStudioVersion = 12.0.21005.1
MinimumVisualStudioVersion = 10.0.40219.1
Project("{FAE04EC0-301F-11D3-BF4B-00C04F79EFBC}") = "Media", "Media.csproj", "{3F19C035-AD27-4C88-817D-E2ABC550767D}"
EndProject
Project("{2150E333-8FDC-42A3-9474-1A3956D46DE8}") = "Solution Items", "Solution Items", "{D46080E7-BF2A-4074-B02C-8277C1A0A8EC}"
	ProjectSection(SolutionItems) = preProject
		Performance1.psess = Performance1.psess
		Performance2.psess = Performance2.psess
		Performance3.psess = Performance3.psess
		Performance4.psess = Performance4.psess
		Performance5.psess = Performance5.psess
		Performance6.psess = Performance6.psess
	EndProjectSection
EndProject
Project("{FAE04EC0-301F-11D3-BF4B-00C04F79EFBC}") = "Media.Codecs", "Codecs\Media.Codecs.csproj", "{A3D7936C-ACD5-458D-B1A4-96CEE18DC175}"
EndProject
Project("{FAE04EC0-301F-11D3-BF4B-00C04F79EFBC}") = "Media.Container", "Containers\Media.Container.csproj", "{FE980F3F-30CB-44D6-BCE4-462C12038440}"
EndProject
Project("{FAE04EC0-301F-11D3-BF4B-00C04F79EFBC}") = "Media.RtpTools", "RtpTools\Media.RtpTools.csproj", "{05019B1D-58B3-44A4-8EF4-50A3FE740746}"
EndProject
Project("{FAE04EC0-301F-11D3-BF4B-00C04F79EFBC}") = "Media.Sdp", "Sdp\Media.Sdp.csproj", "{CBE0C273-FB54-46E5-9A28-21C325A85D15}"
EndProject
Project("{FAE04EC0-301F-11D3-BF4B-00C04F79EFBC}") = "Media.Common", "Common\Media.Common.csproj", "{C64CDAED-C863-454D-BFA6-95685868D054}"
EndProject
Project("{FAE04EC0-301F-11D3-BF4B-00C04F79EFBC}") = "Media.Rtsp", "Rtsp\Media.Rtsp.csproj", "{2DC7FD7B-2497-480B-A927-17F4846E5C74}"
EndProject
Project("{FAE04EC0-301F-11D3-BF4B-00C04F79EFBC}") = "Media.RtspServer", "RtspServer\Media.RtspServer.csproj", "{905DEFFB-6DBC-4CF0-BED9-BB96AEA0193F}"
EndProject
Project("{FAE04EC0-301F-11D3-BF4B-00C04F79EFBC}") = "Media.Compression", "Compression\Media.Compression.csproj", "{03504A7F-63C9-481E-8FC4-AF0EAF7FB912}"
EndProject
Project("{FAE04EC0-301F-11D3-BF4B-00C04F79EFBC}") = "Media.Rtp", "Rtp\Media.Rtp.csproj", "{FD0101F4-1D22-434C-8025-42CAC8176C75}"
EndProject
Project("{FAE04EC0-301F-11D3-BF4B-00C04F79EFBC}") = "Media.Rtmp", "Rtmp\Media.Rtmp.csproj", "{CE4FF4BF-1C21-440A-BD39-25B809803E71}"
EndProject
Project("{FAE04EC0-301F-11D3-BF4B-00C04F79EFBC}") = "Media.Codecs.Video", "Codecs\Video\Media.Codecs.Video.csproj", "{FA14B24B-144D-43C1-A44E-8B7B5E849C55}"
EndProject
Project("{FAE04EC0-301F-11D3-BF4B-00C04F79EFBC}") = "Media.Codecs.Audio", "Codecs\Audio\Media.Codecs.Audio.csproj", "{E4E9CABF-6C3D-49F3-B081-ABC557311695}"
EndProject
Project("{FAE04EC0-301F-11D3-BF4B-00C04F79EFBC}") = "Media.Containers.Asf", "Containers\Asf\Media.Containers.Asf.csproj", "{AA92D188-646F-47FE-8FFF-BD0B9CA720A0}"
EndProject
Project("{FAE04EC0-301F-11D3-BF4B-00C04F79EFBC}") = "Media.Containers.BaseMedia", "Containers\BaseMedia\Media.Containers.BaseMedia.csproj", "{B389B0F4-C788-436E-A108-D01F38FCB3ED}"
EndProject
Project("{FAE04EC0-301F-11D3-BF4B-00C04F79EFBC}") = "Media.Containers.Gxf", "Containers\Gxf\Media.Containers.Gxf.csproj", "{E51E5CE2-7EBE-4E60-936E-DF5B63C63699}"
EndProject
Project("{FAE04EC0-301F-11D3-BF4B-00C04F79EFBC}") = "Media.Containers.Mxf", "Containers\Mxf\Media.Containers.Mxf.csproj", "{6E068DAE-2A49-497D-BD67-ADF92730156E}"
EndProject
Project("{FAE04EC0-301F-11D3-BF4B-00C04F79EFBC}") = "Media.Containers.Matroska", "Containers\Matroska\Media.Containers.Matroska.csproj", "{74A5112F-9638-4AD0-973D-60E558ECB93A}"
EndProject
Project("{FAE04EC0-301F-11D3-BF4B-00C04F79EFBC}") = "Media.Containers.Ogg", "Containers\Ogg\Media.Containers.Ogg.csproj", "{20228080-72CF-4BAD-B3CC-7DB267643175}"
EndProject
Project("{FAE04EC0-301F-11D3-BF4B-00C04F79EFBC}") = "Media.Containers.Riff", "Containers\Riff\Media.Containers.Riff.csproj", "{BEAA546E-6C3D-47F4-85D9-6BB598B5D8B8}"
EndProject
Project("{FAE04EC0-301F-11D3-BF4B-00C04F79EFBC}") = "Media.Containers.Nut", "Containers\Nut\Media.Containers.Nut.csproj", "{A799B0E7-6D05-46B4-B276-9B12F73596B7}"
EndProject
Project("{FAE04EC0-301F-11D3-BF4B-00C04F79EFBC}") = "Media.Containers.Mpeg", "Containers\Mpeg\Media.Containers.Mpeg.csproj", "{50484884-D642-4C02-90FE-CB6B41342DEB}"
EndProject
Project("{FAE04EC0-301F-11D3-BF4B-00C04F79EFBC}") = "Media.Containers.Real", "Containers\Real\Media.Containers.Real.csproj", "{B45A4B28-CD7E-4B09-9B33-D447A63626E7}"
EndProject
Project("{FAE04EC0-301F-11D3-BF4B-00C04F79EFBC}") = "Media.Containers.Mcf", "Containers\Mcf\Media.Containers.Mcf.csproj", "{1561DE7A-8ED5-4BB0-9951-E7D807581C72}"
EndProject
Project("{FAE04EC0-301F-11D3-BF4B-00C04F79EFBC}") = "Media.Codecs.Video.H264", "Codecs\Video\H264\Media.Codecs.Video.H264.csproj", "{FF0EE03E-0A02-40F1-8064-D055EF41F949}"
EndProject
Project("{FAE04EC0-301F-11D3-BF4B-00C04F79EFBC}") = "Media.Codecs.Image.Jpeg", "Codecs\Video\Jpeg\Media.Codecs.Image.Jpeg.csproj", "{A12D2EDA-C1BA-4D4E-8E7D-38F8048BC161}"
EndProject
Project("{FAE04EC0-301F-11D3-BF4B-00C04F79EFBC}") = "Media.Codecs.Video.Mpeg4", "Codecs\Video\Mpeg4\Media.Codecs.Video.Mpeg4.csproj", "{6E191592-ACC7-4444-A7E3-88258C8709FE}"
EndProject
Project("{FAE04EC0-301F-11D3-BF4B-00C04F79EFBC}") = "Media.Codecs.Audio.Mp3", "Codecs\Audio\Mpeg\Media.Codecs.Audio.Mp3.csproj", "{4305DDF6-3C8B-4FE6-8DE9-3E81C5D9126A}"
EndProject
Project("{FAE04EC0-301F-11D3-BF4B-00C04F79EFBC}") = "Media.Codecs.Video.Mpeg", "Codecs\Video\Mpeg\Media.Codecs.Video.Mpeg.csproj", "{667CDE0B-0AE3-4DF5-9D81-D91EF0BDCEDA}"
EndProject
Project("{2150E333-8FDC-42A3-9474-1A3956D46DE8}") = "Reference", "Reference", "{009D13EE-A003-408B-95AE-505150A1A801}"
	ProjectSection(SolutionItems) = preProject
		Reference\AC3.pdf = Reference\AC3.pdf
		Reference\Information.html = Reference\Information.html
		Reference\MpegTS-PES.pdf = Reference\MpegTS-PES.pdf
	EndProjectSection
EndProject
Project("{FAE04EC0-301F-11D3-BF4B-00C04F79EFBC}") = "Concepts", "Concepts\Concepts.csproj", "{76D6E405-4048-4588-8FC5-0895701E6D96}"
EndProject
Project("{FAE04EC0-301F-11D3-BF4B-00C04F79EFBC}") = "Media.Ntp", "Ntp\Media.Ntp.csproj", "{FA1CBAF1-50D9-4AF8-A4F4-B2101DB9C878}"
EndProject
Project("{FAE04EC0-301F-11D3-BF4B-00C04F79EFBC}") = "Media.Codecs.Audio.Aac", "Codecs\Audio\Aac\Media.Codecs.Audio.Aac.csproj", "{D087A5BA-0E1B-44C2-A739-AD8153EDC8C4}"
EndProject
Project("{FAE04EC0-301F-11D3-BF4B-00C04F79EFBC}") = "Media.Codecs.Image", "Codecs\Image\Media.Codecs.Image.csproj", "{F700EBEE-B744-4A60-807D-22DCE582C8A4}"
EndProject
Project("{FAE04EC0-301F-11D3-BF4B-00C04F79EFBC}") = "Media.Codecs.Audio.Ac3", "Codecs\Audio\AC3\Media.Codecs.Audio.Ac3.csproj", "{C2628DB8-9D97-4655-B861-605A9E9FA6D7}"
EndProject
Project("{FAE04EC0-301F-11D3-BF4B-00C04F79EFBC}") = "Media.Cryptography", "Cryptography\Media.Cryptography.csproj", "{818BD18E-F1FE-45E3-96D4-984E76FEC84D}"
EndProject
Project("{FAE04EC0-301F-11D3-BF4B-00C04F79EFBC}") = "UnitTests", "Tests\UnitTests.csproj", "{C7E4C492-D4D7-43F1-ADD8-B82BE00890B3}"
EndProject
Global
	GlobalSection(TeamFoundationVersionControl) = preSolution
		SccNumberOfProjects = 37
		SccEnterpriseProvider = {4CA58AB2-18FA-4F8D-95D4-32DDF27D184C}
		SccTeamFoundationServer = https://tfs.codeplex.com/tfs/tfs04
		SccLocalPath0 = .
		SccProjectUniqueName1 = Common\\Media.Common.csproj
		SccProjectName1 = Common
		SccLocalPath1 = Common
		SccProjectUniqueName2 = Compression\\Media.Compression.csproj
		SccProjectName2 = Compression
		SccLocalPath2 = Compression
		SccProjectUniqueName3 = Codecs\\Media.Codecs.csproj
		SccProjectName3 = Codecs
		SccLocalPath3 = Codecs
		SccProjectUniqueName4 = Codecs\\Audio\\Media.Codecs.Audio.csproj
		SccProjectName4 = Codecs/Audio
		SccLocalPath4 = Codecs\\Audio
		SccProjectUniqueName5 = Codecs\\Video\\H264\\Media.Codecs.Video.H264.csproj
		SccProjectName5 = Codecs/Video/H264
		SccLocalPath5 = Codecs\\Video\\H264
		SccProjectUniqueName6 = Codecs\\Video\\Media.Codecs.Video.csproj
		SccProjectName6 = Codecs/Video
		SccLocalPath6 = Codecs\\Video
		SccProjectUniqueName7 = Codecs\\Video\\Mpeg4\\Media.Codecs.Video.Mpeg4.csproj
		SccProjectName7 = Codecs/Video/Mpeg4
		SccLocalPath7 = Codecs\\Video\\Mpeg4
		SccProjectUniqueName8 = Sdp\\Media.Sdp.csproj
		SccProjectName8 = Sdp
		SccLocalPath8 = Sdp
		SccProjectUniqueName9 = Containers\\Media.Container.csproj
		SccProjectName9 = Containers
		SccLocalPath9 = Containers
		SccProjectUniqueName10 = Containers\\Asf\\Media.Containers.Asf.csproj
		SccProjectName10 = Containers/Asf
		SccLocalPath10 = Containers\\Asf
		SccProjectUniqueName11 = Containers\\BaseMedia\\Media.Containers.BaseMedia.csproj
		SccProjectName11 = Containers/BaseMedia
		SccLocalPath11 = Containers\\BaseMedia
		SccProjectUniqueName12 = Containers\\Gxf\\Media.Containers.Gxf.csproj
		SccProjectName12 = Containers/Gxf
		SccLocalPath12 = Containers\\Gxf
		SccProjectUniqueName13 = Containers\\Matroska\\Media.Containers.Matroska.csproj
		SccProjectName13 = Containers/Matroska
		SccLocalPath13 = Containers\\Matroska
		SccProjectUniqueName14 = Containers\\Mcf\\Media.Containers.Mcf.csproj
		SccProjectName14 = Containers/Mcf
		SccLocalPath14 = Containers\\Mcf
		SccProjectUniqueName15 = Containers\\Mpeg\\Media.Containers.Mpeg.csproj
		SccProjectName15 = Containers/Mpeg
		SccLocalPath15 = Containers\\Mpeg
		SccProjectUniqueName16 = Containers\\Mxf\\Media.Containers.Mxf.csproj
		SccProjectName16 = Containers/Mxf
		SccLocalPath16 = Containers\\Mxf
		SccProjectUniqueName17 = Containers\\Nut\\Media.Containers.Nut.csproj
		SccProjectName17 = Containers/Nut
		SccLocalPath17 = Containers\\Nut
		SccProjectUniqueName18 = Containers\\Ogg\\Media.Containers.Ogg.csproj
		SccProjectName18 = Containers/Ogg
		SccLocalPath18 = Containers\\Ogg
		SccProjectUniqueName19 = Containers\\Real\\Media.Containers.Real.csproj
		SccProjectName19 = Containers/Real
		SccLocalPath19 = Containers\\Real
		SccProjectUniqueName20 = Containers\\Riff\\Media.Containers.Riff.csproj
		SccProjectName20 = Containers/Riff
		SccLocalPath20 = Containers\\Riff
		SccProjectUniqueName21 = Rtmp\\Media.Rtmp.csproj
		SccProjectName21 = Rtmp
		SccLocalPath21 = Rtmp
		SccProjectUniqueName22 = Rtp\\Media.Rtp.csproj
		SccProjectName22 = Rtp
		SccLocalPath22 = Rtp
		SccProjectUniqueName23 = RtpTools\\Media.RtpTools.csproj
		SccProjectName23 = RtpTools
		SccLocalPath23 = RtpTools
		SccProjectUniqueName24 = Rtsp\\Media.Rtsp.csproj
		SccProjectName24 = Rtsp
		SccLocalPath24 = Rtsp
		SccProjectUniqueName25 = RtspServer\\Media.RtspServer.csproj
		SccProjectName25 = RtspServer
		SccLocalPath25 = RtspServer
		SccProjectUniqueName26 = Media.csproj
		SccLocalPath26 = .
		SccProjectUniqueName27 = Codecs\\Video\\Mpeg\\Media.Codecs.Video.Mpeg.csproj
		SccProjectName27 = Codecs/Video/Mpeg
		SccLocalPath27 = Codecs\\Video\\Mpeg
		SccProjectUniqueName28 = Concepts\\Concepts.csproj
		SccProjectName28 = Concepts
		SccLocalPath28 = Concepts
		SccProjectUniqueName29 = Ntp\\Media.Ntp.csproj
		SccProjectName29 = Ntp
		SccLocalPath29 = Ntp
		SccProjectUniqueName30 = Codecs\\Audio\\Aac\\Media.Codecs.Audio.Aac.csproj
		SccProjectName30 = Codecs/Audio/Aac
		SccLocalPath30 = Codecs\\Audio\\Aac
		SccProjectUniqueName31 = Codecs\\Audio\\Mpeg\\Media.Codecs.Audio.Mp3.csproj
		SccProjectName31 = Codecs/Audio/Mpeg
		SccLocalPath31 = Codecs\\Audio\\Mpeg
		SccProjectUniqueName32 = Codecs\\Image\\Media.Codecs.Image.csproj
		SccProjectName32 = Codecs/Image
		SccLocalPath32 = Codecs\\Image
		SccProjectUniqueName33 = Codecs\\Video\\Jpeg\\Media.Codecs.Image.Jpeg.csproj
		SccProjectName33 = Codecs/Video/Jpeg
		SccLocalPath33 = Codecs\\Video\\Jpeg
		SccProjectUniqueName34 = Codecs\\Audio\\AC3\\Media.Codecs.Audio.Ac3.csproj
		SccProjectName34 = Codecs/Audio/AC3
		SccLocalPath34 = Codecs\\Audio\\AC3
		SccProjectUniqueName35 = Cryptography\\Media.Cryptography.csproj
		SccProjectName35 = Cryptography
		SccLocalPath35 = Cryptography
		SccProjectUniqueName36 = Tests\\UnitTests.csproj
		SccProjectName36 = Tests
		SccLocalPath36 = Tests
	EndGlobalSection
	GlobalSection(SolutionConfigurationPlatforms) = preSolution
		Debug|Any CPU = Debug|Any CPU
		Debug|Mixed Platforms = Debug|Mixed Platforms
		Debug|x64 = Debug|x64
		Debug|x86 = Debug|x86
		Release|Any CPU = Release|Any CPU
		Release|Mixed Platforms = Release|Mixed Platforms
		Release|x64 = Release|x64
		Release|x86 = Release|x86
	EndGlobalSection
	GlobalSection(ProjectConfigurationPlatforms) = postSolution
		{3F19C035-AD27-4C88-817D-E2ABC550767D}.Debug|Any CPU.ActiveCfg = Debug|Any CPU
		{3F19C035-AD27-4C88-817D-E2ABC550767D}.Debug|Any CPU.Build.0 = Debug|Any CPU
		{3F19C035-AD27-4C88-817D-E2ABC550767D}.Debug|Mixed Platforms.ActiveCfg = Debug|Any CPU
		{3F19C035-AD27-4C88-817D-E2ABC550767D}.Debug|Mixed Platforms.Build.0 = Debug|Any CPU
		{3F19C035-AD27-4C88-817D-E2ABC550767D}.Debug|x64.ActiveCfg = Debug|x64
		{3F19C035-AD27-4C88-817D-E2ABC550767D}.Debug|x64.Build.0 = Debug|x64
		{3F19C035-AD27-4C88-817D-E2ABC550767D}.Debug|x86.ActiveCfg = Debug|Any CPU
		{3F19C035-AD27-4C88-817D-E2ABC550767D}.Release|Any CPU.ActiveCfg = Release|Any CPU
		{3F19C035-AD27-4C88-817D-E2ABC550767D}.Release|Any CPU.Build.0 = Release|Any CPU
		{3F19C035-AD27-4C88-817D-E2ABC550767D}.Release|Mixed Platforms.ActiveCfg = Release|Any CPU
		{3F19C035-AD27-4C88-817D-E2ABC550767D}.Release|Mixed Platforms.Build.0 = Release|Any CPU
		{3F19C035-AD27-4C88-817D-E2ABC550767D}.Release|x64.ActiveCfg = Release|x64
		{3F19C035-AD27-4C88-817D-E2ABC550767D}.Release|x64.Build.0 = Release|x64
		{3F19C035-AD27-4C88-817D-E2ABC550767D}.Release|x86.ActiveCfg = Release|Any CPU
		{3F19C035-AD27-4C88-817D-E2ABC550767D}.Release|x86.Build.0 = Release|Any CPU
		{A3D7936C-ACD5-458D-B1A4-96CEE18DC175}.Debug|Any CPU.ActiveCfg = Debug|Any CPU
		{A3D7936C-ACD5-458D-B1A4-96CEE18DC175}.Debug|Any CPU.Build.0 = Debug|Any CPU
		{A3D7936C-ACD5-458D-B1A4-96CEE18DC175}.Debug|Mixed Platforms.ActiveCfg = Debug|Any CPU
		{A3D7936C-ACD5-458D-B1A4-96CEE18DC175}.Debug|Mixed Platforms.Build.0 = Debug|Any CPU
		{A3D7936C-ACD5-458D-B1A4-96CEE18DC175}.Debug|x64.ActiveCfg = Debug|Any CPU
		{A3D7936C-ACD5-458D-B1A4-96CEE18DC175}.Debug|x86.ActiveCfg = Debug|Any CPU
		{A3D7936C-ACD5-458D-B1A4-96CEE18DC175}.Release|Any CPU.ActiveCfg = Release|Any CPU
		{A3D7936C-ACD5-458D-B1A4-96CEE18DC175}.Release|Any CPU.Build.0 = Release|Any CPU
		{A3D7936C-ACD5-458D-B1A4-96CEE18DC175}.Release|Mixed Platforms.ActiveCfg = Release|Any CPU
		{A3D7936C-ACD5-458D-B1A4-96CEE18DC175}.Release|Mixed Platforms.Build.0 = Release|Any CPU
		{A3D7936C-ACD5-458D-B1A4-96CEE18DC175}.Release|x64.ActiveCfg = Release|Any CPU
		{A3D7936C-ACD5-458D-B1A4-96CEE18DC175}.Release|x86.ActiveCfg = Release|Any CPU
		{FE980F3F-30CB-44D6-BCE4-462C12038440}.Debug|Any CPU.ActiveCfg = Debug|Any CPU
		{FE980F3F-30CB-44D6-BCE4-462C12038440}.Debug|Any CPU.Build.0 = Debug|Any CPU
		{FE980F3F-30CB-44D6-BCE4-462C12038440}.Debug|Mixed Platforms.ActiveCfg = Debug|Any CPU
		{FE980F3F-30CB-44D6-BCE4-462C12038440}.Debug|Mixed Platforms.Build.0 = Debug|Any CPU
		{FE980F3F-30CB-44D6-BCE4-462C12038440}.Debug|x64.ActiveCfg = Debug|Any CPU
		{FE980F3F-30CB-44D6-BCE4-462C12038440}.Debug|x86.ActiveCfg = Debug|Any CPU
		{FE980F3F-30CB-44D6-BCE4-462C12038440}.Release|Any CPU.ActiveCfg = Release|Any CPU
		{FE980F3F-30CB-44D6-BCE4-462C12038440}.Release|Any CPU.Build.0 = Release|Any CPU
		{FE980F3F-30CB-44D6-BCE4-462C12038440}.Release|Mixed Platforms.ActiveCfg = Release|Any CPU
		{FE980F3F-30CB-44D6-BCE4-462C12038440}.Release|Mixed Platforms.Build.0 = Release|Any CPU
		{FE980F3F-30CB-44D6-BCE4-462C12038440}.Release|x64.ActiveCfg = Release|Any CPU
		{FE980F3F-30CB-44D6-BCE4-462C12038440}.Release|x86.ActiveCfg = Release|Any CPU
		{05019B1D-58B3-44A4-8EF4-50A3FE740746}.Debug|Any CPU.ActiveCfg = Debug|Any CPU
		{05019B1D-58B3-44A4-8EF4-50A3FE740746}.Debug|Any CPU.Build.0 = Debug|Any CPU
		{05019B1D-58B3-44A4-8EF4-50A3FE740746}.Debug|Mixed Platforms.ActiveCfg = Debug|Any CPU
		{05019B1D-58B3-44A4-8EF4-50A3FE740746}.Debug|Mixed Platforms.Build.0 = Debug|Any CPU
		{05019B1D-58B3-44A4-8EF4-50A3FE740746}.Debug|x64.ActiveCfg = Debug|Any CPU
		{05019B1D-58B3-44A4-8EF4-50A3FE740746}.Debug|x86.ActiveCfg = Debug|Any CPU
		{05019B1D-58B3-44A4-8EF4-50A3FE740746}.Release|Any CPU.ActiveCfg = Release|Any CPU
		{05019B1D-58B3-44A4-8EF4-50A3FE740746}.Release|Any CPU.Build.0 = Release|Any CPU
		{05019B1D-58B3-44A4-8EF4-50A3FE740746}.Release|Mixed Platforms.ActiveCfg = Release|Any CPU
		{05019B1D-58B3-44A4-8EF4-50A3FE740746}.Release|Mixed Platforms.Build.0 = Release|Any CPU
		{05019B1D-58B3-44A4-8EF4-50A3FE740746}.Release|x64.ActiveCfg = Release|Any CPU
		{05019B1D-58B3-44A4-8EF4-50A3FE740746}.Release|x86.ActiveCfg = Release|Any CPU
		{CBE0C273-FB54-46E5-9A28-21C325A85D15}.Debug|Any CPU.ActiveCfg = Debug|Any CPU
		{CBE0C273-FB54-46E5-9A28-21C325A85D15}.Debug|Any CPU.Build.0 = Debug|Any CPU
		{CBE0C273-FB54-46E5-9A28-21C325A85D15}.Debug|Mixed Platforms.ActiveCfg = Debug|Any CPU
		{CBE0C273-FB54-46E5-9A28-21C325A85D15}.Debug|Mixed Platforms.Build.0 = Debug|Any CPU
		{CBE0C273-FB54-46E5-9A28-21C325A85D15}.Debug|x64.ActiveCfg = Debug|Any CPU
		{CBE0C273-FB54-46E5-9A28-21C325A85D15}.Debug|x86.ActiveCfg = Debug|Any CPU
		{CBE0C273-FB54-46E5-9A28-21C325A85D15}.Release|Any CPU.ActiveCfg = Release|Any CPU
		{CBE0C273-FB54-46E5-9A28-21C325A85D15}.Release|Any CPU.Build.0 = Release|Any CPU
		{CBE0C273-FB54-46E5-9A28-21C325A85D15}.Release|Mixed Platforms.ActiveCfg = Release|Any CPU
		{CBE0C273-FB54-46E5-9A28-21C325A85D15}.Release|Mixed Platforms.Build.0 = Release|Any CPU
		{CBE0C273-FB54-46E5-9A28-21C325A85D15}.Release|x64.ActiveCfg = Release|Any CPU
		{CBE0C273-FB54-46E5-9A28-21C325A85D15}.Release|x86.ActiveCfg = Release|Any CPU
		{C64CDAED-C863-454D-BFA6-95685868D054}.Debug|Any CPU.ActiveCfg = Debug|Any CPU
		{C64CDAED-C863-454D-BFA6-95685868D054}.Debug|Any CPU.Build.0 = Debug|Any CPU
		{C64CDAED-C863-454D-BFA6-95685868D054}.Debug|Mixed Platforms.ActiveCfg = Debug|Any CPU
		{C64CDAED-C863-454D-BFA6-95685868D054}.Debug|Mixed Platforms.Build.0 = Debug|Any CPU
		{C64CDAED-C863-454D-BFA6-95685868D054}.Debug|x64.ActiveCfg = Debug|Any CPU
		{C64CDAED-C863-454D-BFA6-95685868D054}.Debug|x86.ActiveCfg = Debug|Any CPU
		{C64CDAED-C863-454D-BFA6-95685868D054}.Release|Any CPU.ActiveCfg = Release|Any CPU
		{C64CDAED-C863-454D-BFA6-95685868D054}.Release|Any CPU.Build.0 = Release|Any CPU
		{C64CDAED-C863-454D-BFA6-95685868D054}.Release|Mixed Platforms.ActiveCfg = Release|Any CPU
		{C64CDAED-C863-454D-BFA6-95685868D054}.Release|Mixed Platforms.Build.0 = Release|Any CPU
		{C64CDAED-C863-454D-BFA6-95685868D054}.Release|x64.ActiveCfg = Release|Any CPU
		{C64CDAED-C863-454D-BFA6-95685868D054}.Release|x86.ActiveCfg = Release|Any CPU
		{2DC7FD7B-2497-480B-A927-17F4846E5C74}.Debug|Any CPU.ActiveCfg = Debug|Any CPU
		{2DC7FD7B-2497-480B-A927-17F4846E5C74}.Debug|Any CPU.Build.0 = Debug|Any CPU
		{2DC7FD7B-2497-480B-A927-17F4846E5C74}.Debug|Mixed Platforms.ActiveCfg = Debug|Any CPU
		{2DC7FD7B-2497-480B-A927-17F4846E5C74}.Debug|Mixed Platforms.Build.0 = Debug|Any CPU
		{2DC7FD7B-2497-480B-A927-17F4846E5C74}.Debug|x64.ActiveCfg = Debug|Any CPU
		{2DC7FD7B-2497-480B-A927-17F4846E5C74}.Debug|x86.ActiveCfg = Debug|Any CPU
		{2DC7FD7B-2497-480B-A927-17F4846E5C74}.Release|Any CPU.ActiveCfg = Release|Any CPU
		{2DC7FD7B-2497-480B-A927-17F4846E5C74}.Release|Any CPU.Build.0 = Release|Any CPU
		{2DC7FD7B-2497-480B-A927-17F4846E5C74}.Release|Mixed Platforms.ActiveCfg = Release|Any CPU
		{2DC7FD7B-2497-480B-A927-17F4846E5C74}.Release|Mixed Platforms.Build.0 = Release|Any CPU
		{2DC7FD7B-2497-480B-A927-17F4846E5C74}.Release|x64.ActiveCfg = Release|Any CPU
		{2DC7FD7B-2497-480B-A927-17F4846E5C74}.Release|x86.ActiveCfg = Release|Any CPU
		{905DEFFB-6DBC-4CF0-BED9-BB96AEA0193F}.Debug|Any CPU.ActiveCfg = Debug|Any CPU
		{905DEFFB-6DBC-4CF0-BED9-BB96AEA0193F}.Debug|Any CPU.Build.0 = Debug|Any CPU
		{905DEFFB-6DBC-4CF0-BED9-BB96AEA0193F}.Debug|Mixed Platforms.ActiveCfg = Debug|Any CPU
		{905DEFFB-6DBC-4CF0-BED9-BB96AEA0193F}.Debug|Mixed Platforms.Build.0 = Debug|Any CPU
		{905DEFFB-6DBC-4CF0-BED9-BB96AEA0193F}.Debug|x64.ActiveCfg = Debug|Any CPU
		{905DEFFB-6DBC-4CF0-BED9-BB96AEA0193F}.Debug|x86.ActiveCfg = Debug|Any CPU
		{905DEFFB-6DBC-4CF0-BED9-BB96AEA0193F}.Release|Any CPU.ActiveCfg = Release|Any CPU
		{905DEFFB-6DBC-4CF0-BED9-BB96AEA0193F}.Release|Any CPU.Build.0 = Release|Any CPU
		{905DEFFB-6DBC-4CF0-BED9-BB96AEA0193F}.Release|Mixed Platforms.ActiveCfg = Release|Any CPU
		{905DEFFB-6DBC-4CF0-BED9-BB96AEA0193F}.Release|Mixed Platforms.Build.0 = Release|Any CPU
		{905DEFFB-6DBC-4CF0-BED9-BB96AEA0193F}.Release|x64.ActiveCfg = Release|Any CPU
		{905DEFFB-6DBC-4CF0-BED9-BB96AEA0193F}.Release|x86.ActiveCfg = Release|Any CPU
		{03504A7F-63C9-481E-8FC4-AF0EAF7FB912}.Debug|Any CPU.ActiveCfg = Debug|Any CPU
		{03504A7F-63C9-481E-8FC4-AF0EAF7FB912}.Debug|Any CPU.Build.0 = Debug|Any CPU
		{03504A7F-63C9-481E-8FC4-AF0EAF7FB912}.Debug|Mixed Platforms.ActiveCfg = Debug|Any CPU
		{03504A7F-63C9-481E-8FC4-AF0EAF7FB912}.Debug|Mixed Platforms.Build.0 = Debug|Any CPU
		{03504A7F-63C9-481E-8FC4-AF0EAF7FB912}.Debug|x64.ActiveCfg = Debug|Any CPU
		{03504A7F-63C9-481E-8FC4-AF0EAF7FB912}.Debug|x86.ActiveCfg = Debug|Any CPU
		{03504A7F-63C9-481E-8FC4-AF0EAF7FB912}.Release|Any CPU.ActiveCfg = Release|Any CPU
		{03504A7F-63C9-481E-8FC4-AF0EAF7FB912}.Release|Any CPU.Build.0 = Release|Any CPU
		{03504A7F-63C9-481E-8FC4-AF0EAF7FB912}.Release|Mixed Platforms.ActiveCfg = Release|Any CPU
		{03504A7F-63C9-481E-8FC4-AF0EAF7FB912}.Release|Mixed Platforms.Build.0 = Release|Any CPU
		{03504A7F-63C9-481E-8FC4-AF0EAF7FB912}.Release|x64.ActiveCfg = Release|Any CPU
		{03504A7F-63C9-481E-8FC4-AF0EAF7FB912}.Release|x86.ActiveCfg = Release|Any CPU
		{FD0101F4-1D22-434C-8025-42CAC8176C75}.Debug|Any CPU.ActiveCfg = Debug|Any CPU
		{FD0101F4-1D22-434C-8025-42CAC8176C75}.Debug|Any CPU.Build.0 = Debug|Any CPU
		{FD0101F4-1D22-434C-8025-42CAC8176C75}.Debug|Mixed Platforms.ActiveCfg = Debug|Any CPU
		{FD0101F4-1D22-434C-8025-42CAC8176C75}.Debug|Mixed Platforms.Build.0 = Debug|Any CPU
		{FD0101F4-1D22-434C-8025-42CAC8176C75}.Debug|x64.ActiveCfg = Debug|Any CPU
		{FD0101F4-1D22-434C-8025-42CAC8176C75}.Debug|x86.ActiveCfg = Debug|Any CPU
		{FD0101F4-1D22-434C-8025-42CAC8176C75}.Release|Any CPU.ActiveCfg = Release|Any CPU
		{FD0101F4-1D22-434C-8025-42CAC8176C75}.Release|Any CPU.Build.0 = Release|Any CPU
		{FD0101F4-1D22-434C-8025-42CAC8176C75}.Release|Mixed Platforms.ActiveCfg = Release|Any CPU
		{FD0101F4-1D22-434C-8025-42CAC8176C75}.Release|Mixed Platforms.Build.0 = Release|Any CPU
		{FD0101F4-1D22-434C-8025-42CAC8176C75}.Release|x64.ActiveCfg = Release|Any CPU
		{FD0101F4-1D22-434C-8025-42CAC8176C75}.Release|x86.ActiveCfg = Release|Any CPU
		{CE4FF4BF-1C21-440A-BD39-25B809803E71}.Debug|Any CPU.ActiveCfg = Debug|Any CPU
		{CE4FF4BF-1C21-440A-BD39-25B809803E71}.Debug|Any CPU.Build.0 = Debug|Any CPU
		{CE4FF4BF-1C21-440A-BD39-25B809803E71}.Debug|Mixed Platforms.ActiveCfg = Debug|Any CPU
		{CE4FF4BF-1C21-440A-BD39-25B809803E71}.Debug|Mixed Platforms.Build.0 = Debug|Any CPU
		{CE4FF4BF-1C21-440A-BD39-25B809803E71}.Debug|x64.ActiveCfg = Debug|Any CPU
		{CE4FF4BF-1C21-440A-BD39-25B809803E71}.Debug|x86.ActiveCfg = Debug|Any CPU
		{CE4FF4BF-1C21-440A-BD39-25B809803E71}.Release|Any CPU.ActiveCfg = Release|Any CPU
		{CE4FF4BF-1C21-440A-BD39-25B809803E71}.Release|Any CPU.Build.0 = Release|Any CPU
		{CE4FF4BF-1C21-440A-BD39-25B809803E71}.Release|Mixed Platforms.ActiveCfg = Release|Any CPU
		{CE4FF4BF-1C21-440A-BD39-25B809803E71}.Release|Mixed Platforms.Build.0 = Release|Any CPU
		{CE4FF4BF-1C21-440A-BD39-25B809803E71}.Release|x64.ActiveCfg = Release|Any CPU
		{CE4FF4BF-1C21-440A-BD39-25B809803E71}.Release|x86.ActiveCfg = Release|Any CPU
		{FA14B24B-144D-43C1-A44E-8B7B5E849C55}.Debug|Any CPU.ActiveCfg = Debug|Any CPU
		{FA14B24B-144D-43C1-A44E-8B7B5E849C55}.Debug|Any CPU.Build.0 = Debug|Any CPU
		{FA14B24B-144D-43C1-A44E-8B7B5E849C55}.Debug|Mixed Platforms.ActiveCfg = Debug|Any CPU
		{FA14B24B-144D-43C1-A44E-8B7B5E849C55}.Debug|Mixed Platforms.Build.0 = Debug|Any CPU
		{FA14B24B-144D-43C1-A44E-8B7B5E849C55}.Debug|x64.ActiveCfg = Debug|Any CPU
		{FA14B24B-144D-43C1-A44E-8B7B5E849C55}.Debug|x86.ActiveCfg = Debug|Any CPU
		{FA14B24B-144D-43C1-A44E-8B7B5E849C55}.Release|Any CPU.ActiveCfg = Release|Any CPU
		{FA14B24B-144D-43C1-A44E-8B7B5E849C55}.Release|Any CPU.Build.0 = Release|Any CPU
		{FA14B24B-144D-43C1-A44E-8B7B5E849C55}.Release|Mixed Platforms.ActiveCfg = Release|Any CPU
		{FA14B24B-144D-43C1-A44E-8B7B5E849C55}.Release|Mixed Platforms.Build.0 = Release|Any CPU
		{FA14B24B-144D-43C1-A44E-8B7B5E849C55}.Release|x64.ActiveCfg = Release|Any CPU
		{FA14B24B-144D-43C1-A44E-8B7B5E849C55}.Release|x86.ActiveCfg = Release|Any CPU
		{E4E9CABF-6C3D-49F3-B081-ABC557311695}.Debug|Any CPU.ActiveCfg = Debug|Any CPU
		{E4E9CABF-6C3D-49F3-B081-ABC557311695}.Debug|Any CPU.Build.0 = Debug|Any CPU
		{E4E9CABF-6C3D-49F3-B081-ABC557311695}.Debug|Mixed Platforms.ActiveCfg = Debug|Any CPU
		{E4E9CABF-6C3D-49F3-B081-ABC557311695}.Debug|Mixed Platforms.Build.0 = Debug|Any CPU
		{E4E9CABF-6C3D-49F3-B081-ABC557311695}.Debug|x64.ActiveCfg = Debug|Any CPU
		{E4E9CABF-6C3D-49F3-B081-ABC557311695}.Debug|x86.ActiveCfg = Debug|Any CPU
		{E4E9CABF-6C3D-49F3-B081-ABC557311695}.Release|Any CPU.ActiveCfg = Release|Any CPU
		{E4E9CABF-6C3D-49F3-B081-ABC557311695}.Release|Any CPU.Build.0 = Release|Any CPU
		{E4E9CABF-6C3D-49F3-B081-ABC557311695}.Release|Mixed Platforms.ActiveCfg = Release|Any CPU
		{E4E9CABF-6C3D-49F3-B081-ABC557311695}.Release|Mixed Platforms.Build.0 = Release|Any CPU
		{E4E9CABF-6C3D-49F3-B081-ABC557311695}.Release|x64.ActiveCfg = Release|Any CPU
		{E4E9CABF-6C3D-49F3-B081-ABC557311695}.Release|x86.ActiveCfg = Release|Any CPU
		{AA92D188-646F-47FE-8FFF-BD0B9CA720A0}.Debug|Any CPU.ActiveCfg = Debug|Any CPU
		{AA92D188-646F-47FE-8FFF-BD0B9CA720A0}.Debug|Any CPU.Build.0 = Debug|Any CPU
		{AA92D188-646F-47FE-8FFF-BD0B9CA720A0}.Debug|Mixed Platforms.ActiveCfg = Debug|Any CPU
		{AA92D188-646F-47FE-8FFF-BD0B9CA720A0}.Debug|Mixed Platforms.Build.0 = Debug|Any CPU
		{AA92D188-646F-47FE-8FFF-BD0B9CA720A0}.Debug|x64.ActiveCfg = Debug|Any CPU
		{AA92D188-646F-47FE-8FFF-BD0B9CA720A0}.Debug|x86.ActiveCfg = Debug|Any CPU
		{AA92D188-646F-47FE-8FFF-BD0B9CA720A0}.Release|Any CPU.ActiveCfg = Release|Any CPU
		{AA92D188-646F-47FE-8FFF-BD0B9CA720A0}.Release|Any CPU.Build.0 = Release|Any CPU
		{AA92D188-646F-47FE-8FFF-BD0B9CA720A0}.Release|Mixed Platforms.ActiveCfg = Release|Any CPU
		{AA92D188-646F-47FE-8FFF-BD0B9CA720A0}.Release|Mixed Platforms.Build.0 = Release|Any CPU
		{AA92D188-646F-47FE-8FFF-BD0B9CA720A0}.Release|x64.ActiveCfg = Release|Any CPU
		{AA92D188-646F-47FE-8FFF-BD0B9CA720A0}.Release|x86.ActiveCfg = Release|Any CPU
		{B389B0F4-C788-436E-A108-D01F38FCB3ED}.Debug|Any CPU.ActiveCfg = Debug|Any CPU
		{B389B0F4-C788-436E-A108-D01F38FCB3ED}.Debug|Any CPU.Build.0 = Debug|Any CPU
		{B389B0F4-C788-436E-A108-D01F38FCB3ED}.Debug|Mixed Platforms.ActiveCfg = Debug|Any CPU
		{B389B0F4-C788-436E-A108-D01F38FCB3ED}.Debug|Mixed Platforms.Build.0 = Debug|Any CPU
		{B389B0F4-C788-436E-A108-D01F38FCB3ED}.Debug|x64.ActiveCfg = Debug|Any CPU
		{B389B0F4-C788-436E-A108-D01F38FCB3ED}.Debug|x86.ActiveCfg = Debug|Any CPU
		{B389B0F4-C788-436E-A108-D01F38FCB3ED}.Release|Any CPU.ActiveCfg = Release|Any CPU
		{B389B0F4-C788-436E-A108-D01F38FCB3ED}.Release|Any CPU.Build.0 = Release|Any CPU
		{B389B0F4-C788-436E-A108-D01F38FCB3ED}.Release|Mixed Platforms.ActiveCfg = Release|Any CPU
		{B389B0F4-C788-436E-A108-D01F38FCB3ED}.Release|Mixed Platforms.Build.0 = Release|Any CPU
		{B389B0F4-C788-436E-A108-D01F38FCB3ED}.Release|x64.ActiveCfg = Release|Any CPU
		{B389B0F4-C788-436E-A108-D01F38FCB3ED}.Release|x86.ActiveCfg = Release|Any CPU
		{E51E5CE2-7EBE-4E60-936E-DF5B63C63699}.Debug|Any CPU.ActiveCfg = Debug|Any CPU
		{E51E5CE2-7EBE-4E60-936E-DF5B63C63699}.Debug|Any CPU.Build.0 = Debug|Any CPU
		{E51E5CE2-7EBE-4E60-936E-DF5B63C63699}.Debug|Mixed Platforms.ActiveCfg = Debug|Any CPU
		{E51E5CE2-7EBE-4E60-936E-DF5B63C63699}.Debug|Mixed Platforms.Build.0 = Debug|Any CPU
		{E51E5CE2-7EBE-4E60-936E-DF5B63C63699}.Debug|x64.ActiveCfg = Debug|Any CPU
		{E51E5CE2-7EBE-4E60-936E-DF5B63C63699}.Debug|x86.ActiveCfg = Debug|Any CPU
		{E51E5CE2-7EBE-4E60-936E-DF5B63C63699}.Release|Any CPU.ActiveCfg = Release|Any CPU
		{E51E5CE2-7EBE-4E60-936E-DF5B63C63699}.Release|Any CPU.Build.0 = Release|Any CPU
		{E51E5CE2-7EBE-4E60-936E-DF5B63C63699}.Release|Mixed Platforms.ActiveCfg = Release|Any CPU
		{E51E5CE2-7EBE-4E60-936E-DF5B63C63699}.Release|Mixed Platforms.Build.0 = Release|Any CPU
		{E51E5CE2-7EBE-4E60-936E-DF5B63C63699}.Release|x64.ActiveCfg = Release|Any CPU
		{E51E5CE2-7EBE-4E60-936E-DF5B63C63699}.Release|x86.ActiveCfg = Release|Any CPU
		{6E068DAE-2A49-497D-BD67-ADF92730156E}.Debug|Any CPU.ActiveCfg = Debug|Any CPU
		{6E068DAE-2A49-497D-BD67-ADF92730156E}.Debug|Any CPU.Build.0 = Debug|Any CPU
		{6E068DAE-2A49-497D-BD67-ADF92730156E}.Debug|Mixed Platforms.ActiveCfg = Debug|Any CPU
		{6E068DAE-2A49-497D-BD67-ADF92730156E}.Debug|Mixed Platforms.Build.0 = Debug|Any CPU
		{6E068DAE-2A49-497D-BD67-ADF92730156E}.Debug|x64.ActiveCfg = Debug|Any CPU
		{6E068DAE-2A49-497D-BD67-ADF92730156E}.Debug|x86.ActiveCfg = Debug|Any CPU
		{6E068DAE-2A49-497D-BD67-ADF92730156E}.Release|Any CPU.ActiveCfg = Release|Any CPU
		{6E068DAE-2A49-497D-BD67-ADF92730156E}.Release|Any CPU.Build.0 = Release|Any CPU
		{6E068DAE-2A49-497D-BD67-ADF92730156E}.Release|Mixed Platforms.ActiveCfg = Release|Any CPU
		{6E068DAE-2A49-497D-BD67-ADF92730156E}.Release|Mixed Platforms.Build.0 = Release|Any CPU
		{6E068DAE-2A49-497D-BD67-ADF92730156E}.Release|x64.ActiveCfg = Release|Any CPU
		{6E068DAE-2A49-497D-BD67-ADF92730156E}.Release|x86.ActiveCfg = Release|Any CPU
		{74A5112F-9638-4AD0-973D-60E558ECB93A}.Debug|Any CPU.ActiveCfg = Debug|Any CPU
		{74A5112F-9638-4AD0-973D-60E558ECB93A}.Debug|Any CPU.Build.0 = Debug|Any CPU
		{74A5112F-9638-4AD0-973D-60E558ECB93A}.Debug|Mixed Platforms.ActiveCfg = Debug|Any CPU
		{74A5112F-9638-4AD0-973D-60E558ECB93A}.Debug|Mixed Platforms.Build.0 = Debug|Any CPU
		{74A5112F-9638-4AD0-973D-60E558ECB93A}.Debug|x64.ActiveCfg = Debug|Any CPU
		{74A5112F-9638-4AD0-973D-60E558ECB93A}.Debug|x86.ActiveCfg = Debug|Any CPU
		{74A5112F-9638-4AD0-973D-60E558ECB93A}.Release|Any CPU.ActiveCfg = Release|Any CPU
		{74A5112F-9638-4AD0-973D-60E558ECB93A}.Release|Any CPU.Build.0 = Release|Any CPU
		{74A5112F-9638-4AD0-973D-60E558ECB93A}.Release|Mixed Platforms.ActiveCfg = Release|Any CPU
		{74A5112F-9638-4AD0-973D-60E558ECB93A}.Release|Mixed Platforms.Build.0 = Release|Any CPU
		{74A5112F-9638-4AD0-973D-60E558ECB93A}.Release|x64.ActiveCfg = Release|Any CPU
		{74A5112F-9638-4AD0-973D-60E558ECB93A}.Release|x86.ActiveCfg = Release|Any CPU
		{20228080-72CF-4BAD-B3CC-7DB267643175}.Debug|Any CPU.ActiveCfg = Debug|Any CPU
		{20228080-72CF-4BAD-B3CC-7DB267643175}.Debug|Any CPU.Build.0 = Debug|Any CPU
		{20228080-72CF-4BAD-B3CC-7DB267643175}.Debug|Mixed Platforms.ActiveCfg = Debug|Any CPU
		{20228080-72CF-4BAD-B3CC-7DB267643175}.Debug|Mixed Platforms.Build.0 = Debug|Any CPU
		{20228080-72CF-4BAD-B3CC-7DB267643175}.Debug|x64.ActiveCfg = Debug|Any CPU
		{20228080-72CF-4BAD-B3CC-7DB267643175}.Debug|x86.ActiveCfg = Debug|Any CPU
		{20228080-72CF-4BAD-B3CC-7DB267643175}.Release|Any CPU.ActiveCfg = Release|Any CPU
		{20228080-72CF-4BAD-B3CC-7DB267643175}.Release|Any CPU.Build.0 = Release|Any CPU
		{20228080-72CF-4BAD-B3CC-7DB267643175}.Release|Mixed Platforms.ActiveCfg = Release|Any CPU
		{20228080-72CF-4BAD-B3CC-7DB267643175}.Release|Mixed Platforms.Build.0 = Release|Any CPU
		{20228080-72CF-4BAD-B3CC-7DB267643175}.Release|x64.ActiveCfg = Release|Any CPU
		{20228080-72CF-4BAD-B3CC-7DB267643175}.Release|x86.ActiveCfg = Release|Any CPU
		{BEAA546E-6C3D-47F4-85D9-6BB598B5D8B8}.Debug|Any CPU.ActiveCfg = Debug|Any CPU
		{BEAA546E-6C3D-47F4-85D9-6BB598B5D8B8}.Debug|Any CPU.Build.0 = Debug|Any CPU
		{BEAA546E-6C3D-47F4-85D9-6BB598B5D8B8}.Debug|Mixed Platforms.ActiveCfg = Debug|Any CPU
		{BEAA546E-6C3D-47F4-85D9-6BB598B5D8B8}.Debug|Mixed Platforms.Build.0 = Debug|Any CPU
		{BEAA546E-6C3D-47F4-85D9-6BB598B5D8B8}.Debug|x64.ActiveCfg = Debug|Any CPU
		{BEAA546E-6C3D-47F4-85D9-6BB598B5D8B8}.Debug|x86.ActiveCfg = Debug|Any CPU
		{BEAA546E-6C3D-47F4-85D9-6BB598B5D8B8}.Release|Any CPU.ActiveCfg = Release|Any CPU
		{BEAA546E-6C3D-47F4-85D9-6BB598B5D8B8}.Release|Any CPU.Build.0 = Release|Any CPU
		{BEAA546E-6C3D-47F4-85D9-6BB598B5D8B8}.Release|Mixed Platforms.ActiveCfg = Release|Any CPU
		{BEAA546E-6C3D-47F4-85D9-6BB598B5D8B8}.Release|Mixed Platforms.Build.0 = Release|Any CPU
		{BEAA546E-6C3D-47F4-85D9-6BB598B5D8B8}.Release|x64.ActiveCfg = Release|Any CPU
		{BEAA546E-6C3D-47F4-85D9-6BB598B5D8B8}.Release|x86.ActiveCfg = Release|Any CPU
		{A799B0E7-6D05-46B4-B276-9B12F73596B7}.Debug|Any CPU.ActiveCfg = Debug|Any CPU
		{A799B0E7-6D05-46B4-B276-9B12F73596B7}.Debug|Any CPU.Build.0 = Debug|Any CPU
		{A799B0E7-6D05-46B4-B276-9B12F73596B7}.Debug|Mixed Platforms.ActiveCfg = Debug|Any CPU
		{A799B0E7-6D05-46B4-B276-9B12F73596B7}.Debug|Mixed Platforms.Build.0 = Debug|Any CPU
		{A799B0E7-6D05-46B4-B276-9B12F73596B7}.Debug|x64.ActiveCfg = Debug|Any CPU
		{A799B0E7-6D05-46B4-B276-9B12F73596B7}.Debug|x86.ActiveCfg = Debug|Any CPU
		{A799B0E7-6D05-46B4-B276-9B12F73596B7}.Release|Any CPU.ActiveCfg = Release|Any CPU
		{A799B0E7-6D05-46B4-B276-9B12F73596B7}.Release|Any CPU.Build.0 = Release|Any CPU
		{A799B0E7-6D05-46B4-B276-9B12F73596B7}.Release|Mixed Platforms.ActiveCfg = Release|Any CPU
		{A799B0E7-6D05-46B4-B276-9B12F73596B7}.Release|Mixed Platforms.Build.0 = Release|Any CPU
		{A799B0E7-6D05-46B4-B276-9B12F73596B7}.Release|x64.ActiveCfg = Release|Any CPU
		{A799B0E7-6D05-46B4-B276-9B12F73596B7}.Release|x86.ActiveCfg = Release|Any CPU
		{50484884-D642-4C02-90FE-CB6B41342DEB}.Debug|Any CPU.ActiveCfg = Debug|Any CPU
		{50484884-D642-4C02-90FE-CB6B41342DEB}.Debug|Any CPU.Build.0 = Debug|Any CPU
		{50484884-D642-4C02-90FE-CB6B41342DEB}.Debug|Mixed Platforms.ActiveCfg = Debug|Any CPU
		{50484884-D642-4C02-90FE-CB6B41342DEB}.Debug|Mixed Platforms.Build.0 = Debug|Any CPU
		{50484884-D642-4C02-90FE-CB6B41342DEB}.Debug|x64.ActiveCfg = Debug|Any CPU
		{50484884-D642-4C02-90FE-CB6B41342DEB}.Debug|x86.ActiveCfg = Debug|Any CPU
		{50484884-D642-4C02-90FE-CB6B41342DEB}.Release|Any CPU.ActiveCfg = Release|Any CPU
		{50484884-D642-4C02-90FE-CB6B41342DEB}.Release|Any CPU.Build.0 = Release|Any CPU
		{50484884-D642-4C02-90FE-CB6B41342DEB}.Release|Mixed Platforms.ActiveCfg = Release|Any CPU
		{50484884-D642-4C02-90FE-CB6B41342DEB}.Release|Mixed Platforms.Build.0 = Release|Any CPU
		{50484884-D642-4C02-90FE-CB6B41342DEB}.Release|x64.ActiveCfg = Release|Any CPU
		{50484884-D642-4C02-90FE-CB6B41342DEB}.Release|x86.ActiveCfg = Release|Any CPU
		{B45A4B28-CD7E-4B09-9B33-D447A63626E7}.Debug|Any CPU.ActiveCfg = Debug|Any CPU
		{B45A4B28-CD7E-4B09-9B33-D447A63626E7}.Debug|Any CPU.Build.0 = Debug|Any CPU
		{B45A4B28-CD7E-4B09-9B33-D447A63626E7}.Debug|Mixed Platforms.ActiveCfg = Debug|Any CPU
		{B45A4B28-CD7E-4B09-9B33-D447A63626E7}.Debug|Mixed Platforms.Build.0 = Debug|Any CPU
		{B45A4B28-CD7E-4B09-9B33-D447A63626E7}.Debug|x64.ActiveCfg = Debug|Any CPU
		{B45A4B28-CD7E-4B09-9B33-D447A63626E7}.Debug|x86.ActiveCfg = Debug|Any CPU
		{B45A4B28-CD7E-4B09-9B33-D447A63626E7}.Release|Any CPU.ActiveCfg = Release|Any CPU
		{B45A4B28-CD7E-4B09-9B33-D447A63626E7}.Release|Any CPU.Build.0 = Release|Any CPU
		{B45A4B28-CD7E-4B09-9B33-D447A63626E7}.Release|Mixed Platforms.ActiveCfg = Release|Any CPU
		{B45A4B28-CD7E-4B09-9B33-D447A63626E7}.Release|Mixed Platforms.Build.0 = Release|Any CPU
		{B45A4B28-CD7E-4B09-9B33-D447A63626E7}.Release|x64.ActiveCfg = Release|Any CPU
		{B45A4B28-CD7E-4B09-9B33-D447A63626E7}.Release|x86.ActiveCfg = Release|Any CPU
		{1561DE7A-8ED5-4BB0-9951-E7D807581C72}.Debug|Any CPU.ActiveCfg = Debug|Any CPU
		{1561DE7A-8ED5-4BB0-9951-E7D807581C72}.Debug|Any CPU.Build.0 = Debug|Any CPU
		{1561DE7A-8ED5-4BB0-9951-E7D807581C72}.Debug|Mixed Platforms.ActiveCfg = Debug|Any CPU
		{1561DE7A-8ED5-4BB0-9951-E7D807581C72}.Debug|Mixed Platforms.Build.0 = Debug|Any CPU
		{1561DE7A-8ED5-4BB0-9951-E7D807581C72}.Debug|x64.ActiveCfg = Debug|Any CPU
		{1561DE7A-8ED5-4BB0-9951-E7D807581C72}.Debug|x86.ActiveCfg = Debug|Any CPU
		{1561DE7A-8ED5-4BB0-9951-E7D807581C72}.Release|Any CPU.ActiveCfg = Release|Any CPU
		{1561DE7A-8ED5-4BB0-9951-E7D807581C72}.Release|Any CPU.Build.0 = Release|Any CPU
		{1561DE7A-8ED5-4BB0-9951-E7D807581C72}.Release|Mixed Platforms.ActiveCfg = Release|Any CPU
		{1561DE7A-8ED5-4BB0-9951-E7D807581C72}.Release|Mixed Platforms.Build.0 = Release|Any CPU
		{1561DE7A-8ED5-4BB0-9951-E7D807581C72}.Release|x64.ActiveCfg = Release|Any CPU
		{1561DE7A-8ED5-4BB0-9951-E7D807581C72}.Release|x86.ActiveCfg = Release|Any CPU
		{FF0EE03E-0A02-40F1-8064-D055EF41F949}.Debug|Any CPU.ActiveCfg = Debug|Any CPU
		{FF0EE03E-0A02-40F1-8064-D055EF41F949}.Debug|Any CPU.Build.0 = Debug|Any CPU
		{FF0EE03E-0A02-40F1-8064-D055EF41F949}.Debug|Mixed Platforms.ActiveCfg = Debug|Any CPU
		{FF0EE03E-0A02-40F1-8064-D055EF41F949}.Debug|Mixed Platforms.Build.0 = Debug|Any CPU
		{FF0EE03E-0A02-40F1-8064-D055EF41F949}.Debug|x64.ActiveCfg = Debug|Any CPU
		{FF0EE03E-0A02-40F1-8064-D055EF41F949}.Debug|x86.ActiveCfg = Debug|Any CPU
		{FF0EE03E-0A02-40F1-8064-D055EF41F949}.Release|Any CPU.ActiveCfg = Release|Any CPU
		{FF0EE03E-0A02-40F1-8064-D055EF41F949}.Release|Any CPU.Build.0 = Release|Any CPU
		{FF0EE03E-0A02-40F1-8064-D055EF41F949}.Release|Mixed Platforms.ActiveCfg = Release|Any CPU
		{FF0EE03E-0A02-40F1-8064-D055EF41F949}.Release|Mixed Platforms.Build.0 = Release|Any CPU
		{FF0EE03E-0A02-40F1-8064-D055EF41F949}.Release|x64.ActiveCfg = Release|Any CPU
		{FF0EE03E-0A02-40F1-8064-D055EF41F949}.Release|x86.ActiveCfg = Release|Any CPU
		{A12D2EDA-C1BA-4D4E-8E7D-38F8048BC161}.Debug|Any CPU.ActiveCfg = Debug|Any CPU
		{A12D2EDA-C1BA-4D4E-8E7D-38F8048BC161}.Debug|Any CPU.Build.0 = Debug|Any CPU
		{A12D2EDA-C1BA-4D4E-8E7D-38F8048BC161}.Debug|Mixed Platforms.ActiveCfg = Debug|Any CPU
		{A12D2EDA-C1BA-4D4E-8E7D-38F8048BC161}.Debug|Mixed Platforms.Build.0 = Debug|Any CPU
		{A12D2EDA-C1BA-4D4E-8E7D-38F8048BC161}.Debug|x64.ActiveCfg = Debug|Any CPU
		{A12D2EDA-C1BA-4D4E-8E7D-38F8048BC161}.Debug|x86.ActiveCfg = Debug|Any CPU
		{A12D2EDA-C1BA-4D4E-8E7D-38F8048BC161}.Release|Any CPU.ActiveCfg = Release|Any CPU
		{A12D2EDA-C1BA-4D4E-8E7D-38F8048BC161}.Release|Any CPU.Build.0 = Release|Any CPU
		{A12D2EDA-C1BA-4D4E-8E7D-38F8048BC161}.Release|Mixed Platforms.ActiveCfg = Release|Any CPU
		{A12D2EDA-C1BA-4D4E-8E7D-38F8048BC161}.Release|Mixed Platforms.Build.0 = Release|Any CPU
		{A12D2EDA-C1BA-4D4E-8E7D-38F8048BC161}.Release|x64.ActiveCfg = Release|Any CPU
		{A12D2EDA-C1BA-4D4E-8E7D-38F8048BC161}.Release|x86.ActiveCfg = Release|Any CPU
		{6E191592-ACC7-4444-A7E3-88258C8709FE}.Debug|Any CPU.ActiveCfg = Debug|Any CPU
		{6E191592-ACC7-4444-A7E3-88258C8709FE}.Debug|Any CPU.Build.0 = Debug|Any CPU
		{6E191592-ACC7-4444-A7E3-88258C8709FE}.Debug|Mixed Platforms.ActiveCfg = Debug|Any CPU
		{6E191592-ACC7-4444-A7E3-88258C8709FE}.Debug|Mixed Platforms.Build.0 = Debug|Any CPU
		{6E191592-ACC7-4444-A7E3-88258C8709FE}.Debug|x64.ActiveCfg = Debug|Any CPU
		{6E191592-ACC7-4444-A7E3-88258C8709FE}.Debug|x86.ActiveCfg = Debug|Any CPU
		{6E191592-ACC7-4444-A7E3-88258C8709FE}.Release|Any CPU.ActiveCfg = Release|Any CPU
		{6E191592-ACC7-4444-A7E3-88258C8709FE}.Release|Any CPU.Build.0 = Release|Any CPU
		{6E191592-ACC7-4444-A7E3-88258C8709FE}.Release|Mixed Platforms.ActiveCfg = Release|Any CPU
		{6E191592-ACC7-4444-A7E3-88258C8709FE}.Release|Mixed Platforms.Build.0 = Release|Any CPU
		{6E191592-ACC7-4444-A7E3-88258C8709FE}.Release|x64.ActiveCfg = Release|Any CPU
		{6E191592-ACC7-4444-A7E3-88258C8709FE}.Release|x86.ActiveCfg = Release|Any CPU
		{4305DDF6-3C8B-4FE6-8DE9-3E81C5D9126A}.Debug|Any CPU.ActiveCfg = Debug|Any CPU
		{4305DDF6-3C8B-4FE6-8DE9-3E81C5D9126A}.Debug|Any CPU.Build.0 = Debug|Any CPU
		{4305DDF6-3C8B-4FE6-8DE9-3E81C5D9126A}.Debug|Mixed Platforms.ActiveCfg = Debug|Any CPU
		{4305DDF6-3C8B-4FE6-8DE9-3E81C5D9126A}.Debug|Mixed Platforms.Build.0 = Debug|Any CPU
		{4305DDF6-3C8B-4FE6-8DE9-3E81C5D9126A}.Debug|x64.ActiveCfg = Debug|Any CPU
		{4305DDF6-3C8B-4FE6-8DE9-3E81C5D9126A}.Debug|x86.ActiveCfg = Debug|Any CPU
		{4305DDF6-3C8B-4FE6-8DE9-3E81C5D9126A}.Release|Any CPU.ActiveCfg = Release|Any CPU
		{4305DDF6-3C8B-4FE6-8DE9-3E81C5D9126A}.Release|Any CPU.Build.0 = Release|Any CPU
		{4305DDF6-3C8B-4FE6-8DE9-3E81C5D9126A}.Release|Mixed Platforms.ActiveCfg = Release|Any CPU
		{4305DDF6-3C8B-4FE6-8DE9-3E81C5D9126A}.Release|Mixed Platforms.Build.0 = Release|Any CPU
		{4305DDF6-3C8B-4FE6-8DE9-3E81C5D9126A}.Release|x64.ActiveCfg = Release|Any CPU
		{4305DDF6-3C8B-4FE6-8DE9-3E81C5D9126A}.Release|x86.ActiveCfg = Release|Any CPU
		{667CDE0B-0AE3-4DF5-9D81-D91EF0BDCEDA}.Debug|Any CPU.ActiveCfg = Debug|Any CPU
		{667CDE0B-0AE3-4DF5-9D81-D91EF0BDCEDA}.Debug|Any CPU.Build.0 = Debug|Any CPU
		{667CDE0B-0AE3-4DF5-9D81-D91EF0BDCEDA}.Debug|Mixed Platforms.ActiveCfg = Debug|Any CPU
		{667CDE0B-0AE3-4DF5-9D81-D91EF0BDCEDA}.Debug|Mixed Platforms.Build.0 = Debug|Any CPU
		{667CDE0B-0AE3-4DF5-9D81-D91EF0BDCEDA}.Debug|x64.ActiveCfg = Debug|Any CPU
		{667CDE0B-0AE3-4DF5-9D81-D91EF0BDCEDA}.Debug|x86.ActiveCfg = Debug|Any CPU
		{667CDE0B-0AE3-4DF5-9D81-D91EF0BDCEDA}.Release|Any CPU.ActiveCfg = Release|Any CPU
		{667CDE0B-0AE3-4DF5-9D81-D91EF0BDCEDA}.Release|Any CPU.Build.0 = Release|Any CPU
		{667CDE0B-0AE3-4DF5-9D81-D91EF0BDCEDA}.Release|Mixed Platforms.ActiveCfg = Release|Any CPU
		{667CDE0B-0AE3-4DF5-9D81-D91EF0BDCEDA}.Release|Mixed Platforms.Build.0 = Release|Any CPU
		{667CDE0B-0AE3-4DF5-9D81-D91EF0BDCEDA}.Release|x64.ActiveCfg = Release|Any CPU
		{667CDE0B-0AE3-4DF5-9D81-D91EF0BDCEDA}.Release|x86.ActiveCfg = Release|Any CPU
		{76D6E405-4048-4588-8FC5-0895701E6D96}.Debug|Any CPU.ActiveCfg = Debug|Any CPU
		{76D6E405-4048-4588-8FC5-0895701E6D96}.Debug|Any CPU.Build.0 = Debug|Any CPU
		{76D6E405-4048-4588-8FC5-0895701E6D96}.Debug|Mixed Platforms.ActiveCfg = Debug|Any CPU
		{76D6E405-4048-4588-8FC5-0895701E6D96}.Debug|Mixed Platforms.Build.0 = Debug|Any CPU
		{76D6E405-4048-4588-8FC5-0895701E6D96}.Debug|x64.ActiveCfg = Debug|Any CPU
		{76D6E405-4048-4588-8FC5-0895701E6D96}.Debug|x86.ActiveCfg = Debug|Any CPU
		{76D6E405-4048-4588-8FC5-0895701E6D96}.Release|Any CPU.ActiveCfg = Release|Any CPU
		{76D6E405-4048-4588-8FC5-0895701E6D96}.Release|Any CPU.Build.0 = Release|Any CPU
		{76D6E405-4048-4588-8FC5-0895701E6D96}.Release|Mixed Platforms.ActiveCfg = Release|Any CPU
		{76D6E405-4048-4588-8FC5-0895701E6D96}.Release|Mixed Platforms.Build.0 = Release|Any CPU
		{76D6E405-4048-4588-8FC5-0895701E6D96}.Release|x64.ActiveCfg = Release|Any CPU
		{76D6E405-4048-4588-8FC5-0895701E6D96}.Release|x86.ActiveCfg = Release|Any CPU
		{FA1CBAF1-50D9-4AF8-A4F4-B2101DB9C878}.Debug|Any CPU.ActiveCfg = Debug|Any CPU
		{FA1CBAF1-50D9-4AF8-A4F4-B2101DB9C878}.Debug|Any CPU.Build.0 = Debug|Any CPU
		{FA1CBAF1-50D9-4AF8-A4F4-B2101DB9C878}.Debug|Mixed Platforms.ActiveCfg = Debug|Any CPU
		{FA1CBAF1-50D9-4AF8-A4F4-B2101DB9C878}.Debug|Mixed Platforms.Build.0 = Debug|Any CPU
		{FA1CBAF1-50D9-4AF8-A4F4-B2101DB9C878}.Debug|x64.ActiveCfg = Debug|Any CPU
		{FA1CBAF1-50D9-4AF8-A4F4-B2101DB9C878}.Debug|x86.ActiveCfg = Debug|Any CPU
		{FA1CBAF1-50D9-4AF8-A4F4-B2101DB9C878}.Release|Any CPU.ActiveCfg = Release|Any CPU
		{FA1CBAF1-50D9-4AF8-A4F4-B2101DB9C878}.Release|Any CPU.Build.0 = Release|Any CPU
		{FA1CBAF1-50D9-4AF8-A4F4-B2101DB9C878}.Release|Mixed Platforms.ActiveCfg = Release|Any CPU
		{FA1CBAF1-50D9-4AF8-A4F4-B2101DB9C878}.Release|Mixed Platforms.Build.0 = Release|Any CPU
		{FA1CBAF1-50D9-4AF8-A4F4-B2101DB9C878}.Release|x64.ActiveCfg = Release|Any CPU
		{FA1CBAF1-50D9-4AF8-A4F4-B2101DB9C878}.Release|x86.ActiveCfg = Release|Any CPU
		{D087A5BA-0E1B-44C2-A739-AD8153EDC8C4}.Debug|Any CPU.ActiveCfg = Debug|Any CPU
		{D087A5BA-0E1B-44C2-A739-AD8153EDC8C4}.Debug|Any CPU.Build.0 = Debug|Any CPU
		{D087A5BA-0E1B-44C2-A739-AD8153EDC8C4}.Debug|Mixed Platforms.ActiveCfg = Debug|Any CPU
		{D087A5BA-0E1B-44C2-A739-AD8153EDC8C4}.Debug|Mixed Platforms.Build.0 = Debug|Any CPU
		{D087A5BA-0E1B-44C2-A739-AD8153EDC8C4}.Debug|x64.ActiveCfg = Debug|Any CPU
		{D087A5BA-0E1B-44C2-A739-AD8153EDC8C4}.Debug|x86.ActiveCfg = Debug|Any CPU
		{D087A5BA-0E1B-44C2-A739-AD8153EDC8C4}.Release|Any CPU.ActiveCfg = Release|Any CPU
		{D087A5BA-0E1B-44C2-A739-AD8153EDC8C4}.Release|Any CPU.Build.0 = Release|Any CPU
		{D087A5BA-0E1B-44C2-A739-AD8153EDC8C4}.Release|Mixed Platforms.ActiveCfg = Release|Any CPU
		{D087A5BA-0E1B-44C2-A739-AD8153EDC8C4}.Release|Mixed Platforms.Build.0 = Release|Any CPU
		{D087A5BA-0E1B-44C2-A739-AD8153EDC8C4}.Release|x64.ActiveCfg = Release|Any CPU
		{D087A5BA-0E1B-44C2-A739-AD8153EDC8C4}.Release|x86.ActiveCfg = Release|Any CPU
		{F700EBEE-B744-4A60-807D-22DCE582C8A4}.Debug|Any CPU.ActiveCfg = Debug|Any CPU
		{F700EBEE-B744-4A60-807D-22DCE582C8A4}.Debug|Any CPU.Build.0 = Debug|Any CPU
		{F700EBEE-B744-4A60-807D-22DCE582C8A4}.Debug|Mixed Platforms.ActiveCfg = Debug|Any CPU
		{F700EBEE-B744-4A60-807D-22DCE582C8A4}.Debug|Mixed Platforms.Build.0 = Debug|Any CPU
		{F700EBEE-B744-4A60-807D-22DCE582C8A4}.Debug|x64.ActiveCfg = Debug|Any CPU
		{F700EBEE-B744-4A60-807D-22DCE582C8A4}.Debug|x86.ActiveCfg = Debug|Any CPU
		{F700EBEE-B744-4A60-807D-22DCE582C8A4}.Release|Any CPU.ActiveCfg = Release|Any CPU
		{F700EBEE-B744-4A60-807D-22DCE582C8A4}.Release|Any CPU.Build.0 = Release|Any CPU
		{F700EBEE-B744-4A60-807D-22DCE582C8A4}.Release|Mixed Platforms.ActiveCfg = Release|Any CPU
		{F700EBEE-B744-4A60-807D-22DCE582C8A4}.Release|Mixed Platforms.Build.0 = Release|Any CPU
		{F700EBEE-B744-4A60-807D-22DCE582C8A4}.Release|x64.ActiveCfg = Release|Any CPU
		{F700EBEE-B744-4A60-807D-22DCE582C8A4}.Release|x86.ActiveCfg = Release|Any CPU
		{C2628DB8-9D97-4655-B861-605A9E9FA6D7}.Debug|Any CPU.ActiveCfg = Debug|Any CPU
		{C2628DB8-9D97-4655-B861-605A9E9FA6D7}.Debug|Any CPU.Build.0 = Debug|Any CPU
		{C2628DB8-9D97-4655-B861-605A9E9FA6D7}.Debug|Mixed Platforms.ActiveCfg = Debug|Any CPU
		{C2628DB8-9D97-4655-B861-605A9E9FA6D7}.Debug|Mixed Platforms.Build.0 = Debug|Any CPU
		{C2628DB8-9D97-4655-B861-605A9E9FA6D7}.Debug|x64.ActiveCfg = Debug|Any CPU
		{C2628DB8-9D97-4655-B861-605A9E9FA6D7}.Debug|x86.ActiveCfg = Debug|Any CPU
		{C2628DB8-9D97-4655-B861-605A9E9FA6D7}.Release|Any CPU.ActiveCfg = Release|Any CPU
		{C2628DB8-9D97-4655-B861-605A9E9FA6D7}.Release|Any CPU.Build.0 = Release|Any CPU
		{C2628DB8-9D97-4655-B861-605A9E9FA6D7}.Release|Mixed Platforms.ActiveCfg = Release|Any CPU
		{C2628DB8-9D97-4655-B861-605A9E9FA6D7}.Release|Mixed Platforms.Build.0 = Release|Any CPU
		{C2628DB8-9D97-4655-B861-605A9E9FA6D7}.Release|x64.ActiveCfg = Release|Any CPU
		{C2628DB8-9D97-4655-B861-605A9E9FA6D7}.Release|x86.ActiveCfg = Release|Any CPU
		{818BD18E-F1FE-45E3-96D4-984E76FEC84D}.Debug|Any CPU.ActiveCfg = Debug|Any CPU
		{818BD18E-F1FE-45E3-96D4-984E76FEC84D}.Debug|Any CPU.Build.0 = Debug|Any CPU
		{818BD18E-F1FE-45E3-96D4-984E76FEC84D}.Debug|Mixed Platforms.ActiveCfg = Debug|Any CPU
		{818BD18E-F1FE-45E3-96D4-984E76FEC84D}.Debug|Mixed Platforms.Build.0 = Debug|Any CPU
		{818BD18E-F1FE-45E3-96D4-984E76FEC84D}.Debug|x64.ActiveCfg = Debug|Any CPU
		{818BD18E-F1FE-45E3-96D4-984E76FEC84D}.Debug|x86.ActiveCfg = Debug|Any CPU
		{818BD18E-F1FE-45E3-96D4-984E76FEC84D}.Release|Any CPU.ActiveCfg = Release|Any CPU
		{818BD18E-F1FE-45E3-96D4-984E76FEC84D}.Release|Any CPU.Build.0 = Release|Any CPU
		{818BD18E-F1FE-45E3-96D4-984E76FEC84D}.Release|Mixed Platforms.ActiveCfg = Release|Any CPU
		{818BD18E-F1FE-45E3-96D4-984E76FEC84D}.Release|Mixed Platforms.Build.0 = Release|Any CPU
		{818BD18E-F1FE-45E3-96D4-984E76FEC84D}.Release|x64.ActiveCfg = Release|Any CPU
		{818BD18E-F1FE-45E3-96D4-984E76FEC84D}.Release|x86.ActiveCfg = Release|Any CPU
		{C7E4C492-D4D7-43F1-ADD8-B82BE00890B3}.Debug|Any CPU.ActiveCfg = Debug|Any CPU
		{C7E4C492-D4D7-43F1-ADD8-B82BE00890B3}.Debug|Any CPU.Build.0 = Debug|Any CPU
		{C7E4C492-D4D7-43F1-ADD8-B82BE00890B3}.Debug|Mixed Platforms.ActiveCfg = Debug|Any CPU
		{C7E4C492-D4D7-43F1-ADD8-B82BE00890B3}.Debug|Mixed Platforms.Build.0 = Debug|Any CPU
		{C7E4C492-D4D7-43F1-ADD8-B82BE00890B3}.Debug|x64.ActiveCfg = Debug|Any CPU
		{C7E4C492-D4D7-43F1-ADD8-B82BE00890B3}.Debug|x86.ActiveCfg = Debug|Any CPU
		{C7E4C492-D4D7-43F1-ADD8-B82BE00890B3}.Release|Any CPU.ActiveCfg = Release|Any CPU
		{C7E4C492-D4D7-43F1-ADD8-B82BE00890B3}.Release|Any CPU.Build.0 = Release|Any CPU
		{C7E4C492-D4D7-43F1-ADD8-B82BE00890B3}.Release|Mixed Platforms.ActiveCfg = Release|Any CPU
		{C7E4C492-D4D7-43F1-ADD8-B82BE00890B3}.Release|Mixed Platforms.Build.0 = Release|Any CPU
		{C7E4C492-D4D7-43F1-ADD8-B82BE00890B3}.Release|x64.ActiveCfg = Release|Any CPU
		{C7E4C492-D4D7-43F1-ADD8-B82BE00890B3}.Release|x86.ActiveCfg = Release|Any CPU
	EndGlobalSection
	GlobalSection(SolutionProperties) = preSolution
		HideSolutionNode = FALSE
	EndGlobalSection
	GlobalSection(Performance) = preSolution
		HasPerformanceSessions = true
	EndGlobalSection
EndGlobal
