
Microsoft Visual Studio Solution File, Format Version 12.00
# Visual Studio 2013
VisualStudioVersion = 12.0.21005.1
MinimumVisualStudioVersion = 10.0.40219.1
Project("{2150E333-8FDC-42A3-9474-1A3956D46DE8}") = "Solution Items", "Solution Items", "{D46080E7-BF2A-4074-B02C-8277C1A0A8EC}"
EndProject
Project("{FAE04EC0-301F-11D3-BF4B-00C04F79EFBC}") = "Media.Codec", "Codecs\Media.Codec.csproj", "{A3D7936C-ACD5-458D-B1A4-96CEE18DC175}"
EndProject
Project("{FAE04EC0-301F-11D3-BF4B-00C04F79EFBC}") = "Media.Container", "Containers\Media.Container.csproj", "{FE980F3F-30CB-44D6-BCE4-462C12038440}"
EndProject
Project("{FAE04EC0-301F-11D3-BF4B-00C04F79EFBC}") = "Media.RtpTools", "RtpTools\Media.RtpTools.csproj", "{05019B1D-58B3-44A4-8EF4-50A3FE740746}"
EndProject
Project("{FAE04EC0-301F-11D3-BF4B-00C04F79EFBC}") = "Media.Sdp", "Sdp\Media.Sdp.csproj", "{CBE0C273-FB54-46E5-9A28-21C325A85D15}"
EndProject
Project("{FAE04EC0-301F-11D3-BF4B-00C04F79EFBC}") = "Media.Common", "Common\Media.Common.csproj", "{C64CDAED-C863-454D-BFA6-95685868D054}"
EndProject
Project("{FAE04EC0-301F-11D3-BF4B-00C04F79EFBC}") = "Media.Rtsp", "Rtsp\Media.Rtsp.csproj", "{2DC7FD7B-2497-480B-A927-17F4846E5C74}"
EndProject
Project("{FAE04EC0-301F-11D3-BF4B-00C04F79EFBC}") = "Media.RtspServer", "RtspServer\Media.RtspServer.csproj", "{905DEFFB-6DBC-4CF0-BED9-BB96AEA0193F}"
EndProject
Project("{FAE04EC0-301F-11D3-BF4B-00C04F79EFBC}") = "Media.Compression", "Compression\Media.Compression.csproj", "{03504A7F-63C9-481E-8FC4-AF0EAF7FB912}"
EndProject
Project("{FAE04EC0-301F-11D3-BF4B-00C04F79EFBC}") = "Media.Rtp", "Rtp\Media.Rtp.csproj", "{FD0101F4-1D22-434C-8025-42CAC8176C75}"
EndProject
Project("{FAE04EC0-301F-11D3-BF4B-00C04F79EFBC}") = "Media.Rtmp", "Rtmp\Media.Rtmp.csproj", "{CE4FF4BF-1C21-440A-BD39-25B809803E71}"
EndProject
Project("{FAE04EC0-301F-11D3-BF4B-00C04F79EFBC}") = "Media.Codecs.Video", "Codecs\Video\Media.Codecs.Video.csproj", "{FA14B24B-144D-43C1-A44E-8B7B5E849C55}"
EndProject
Project("{FAE04EC0-301F-11D3-BF4B-00C04F79EFBC}") = "Media.Codecs.Audio", "Codecs\Audio\Media.Codecs.Audio.csproj", "{E4E9CABF-6C3D-49F3-B081-ABC557311695}"
EndProject
Project("{FAE04EC0-301F-11D3-BF4B-00C04F79EFBC}") = "Media.Containers.Asf", "Containers\Asf\Media.Containers.Asf.csproj", "{AA92D188-646F-47FE-8FFF-BD0B9CA720A0}"
EndProject
Project("{FAE04EC0-301F-11D3-BF4B-00C04F79EFBC}") = "Media.Containers.BaseMedia", "Containers\BaseMedia\Media.Containers.BaseMedia.csproj", "{B389B0F4-C788-436E-A108-D01F38FCB3ED}"
EndProject
Project("{FAE04EC0-301F-11D3-BF4B-00C04F79EFBC}") = "Media.Containers.Gxf", "Containers\Gxf\Media.Containers.Gxf.csproj", "{E51E5CE2-7EBE-4E60-936E-DF5B63C63699}"
EndProject
Project("{FAE04EC0-301F-11D3-BF4B-00C04F79EFBC}") = "Media.Containers.Mxf", "Containers\Mxf\Media.Containers.Mxf.csproj", "{6E068DAE-2A49-497D-BD67-ADF92730156E}"
EndProject
Project("{FAE04EC0-301F-11D3-BF4B-00C04F79EFBC}") = "Media.Containers.Matroska", "Containers\Matroska\Media.Containers.Matroska.csproj", "{74A5112F-9638-4AD0-973D-60E558ECB93A}"
EndProject
Project("{FAE04EC0-301F-11D3-BF4B-00C04F79EFBC}") = "Media.Containers.Ogg", "Containers\Ogg\Media.Containers.Ogg.csproj", "{20228080-72CF-4BAD-B3CC-7DB267643175}"
EndProject
Project("{FAE04EC0-301F-11D3-BF4B-00C04F79EFBC}") = "Media.Containers.Riff", "Containers\Riff\Media.Containers.Riff.csproj", "{BEAA546E-6C3D-47F4-85D9-6BB598B5D8B8}"
EndProject
Project("{FAE04EC0-301F-11D3-BF4B-00C04F79EFBC}") = "Media.Containers.Nut", "Containers\Nut\Media.Containers.Nut.csproj", "{A799B0E7-6D05-46B4-B276-9B12F73596B7}"
EndProject
Project("{FAE04EC0-301F-11D3-BF4B-00C04F79EFBC}") = "Media.Containers.Mpeg", "Containers\Mpeg\Media.Containers.Mpeg.csproj", "{50484884-D642-4C02-90FE-CB6B41342DEB}"
EndProject
Project("{FAE04EC0-301F-11D3-BF4B-00C04F79EFBC}") = "Media.Containers.Real", "Containers\Real\Media.Containers.Real.csproj", "{B45A4B28-CD7E-4B09-9B33-D447A63626E7}"
EndProject
Project("{FAE04EC0-301F-11D3-BF4B-00C04F79EFBC}") = "Media.Containers.Mcf", "Containers\Mcf\Media.Containers.Mcf.csproj", "{1561DE7A-8ED5-4BB0-9951-E7D807581C72}"
EndProject
Project("{FAE04EC0-301F-11D3-BF4B-00C04F79EFBC}") = "Media.Codecs.Video.H264", "Codecs\Video\H264\Media.Codecs.Video.H264.csproj", "{FF0EE03E-0A02-40F1-8064-D055EF41F949}"
EndProject
Project("{FAE04EC0-301F-11D3-BF4B-00C04F79EFBC}") = "Media.Codecs.Video.Mpeg4", "Codecs\Video\Mpeg4\Media.Codecs.Video.Mpeg4.csproj", "{6E191592-ACC7-4444-A7E3-88258C8709FE}"
EndProject
Project("{FAE04EC0-301F-11D3-BF4B-00C04F79EFBC}") = "Media.Codecs.Video.Mpeg", "Codecs\Video\Mpeg\Media.Codecs.Video.Mpeg.csproj", "{667CDE0B-0AE3-4DF5-9D81-D91EF0BDCEDA}"
EndProject
Project("{2150E333-8FDC-42A3-9474-1A3956D46DE8}") = "Reference", "Reference", "{009D13EE-A003-408B-95AE-505150A1A801}"
	ProjectSection(SolutionItems) = preProject
		Reference\AC3.pdf = Reference\AC3.pdf
		Reference\Information.html = Reference\Information.html
		Reference\ISO_IEC_14496-12_2005(E).pdf = Reference\ISO_IEC_14496-12_2005(E).pdf
		Reference\MpegTS-PES.pdf = Reference\MpegTS-PES.pdf
		Reference\S377-1-2009.pdf = Reference\S377-1-2009.pdf
		Reference\T-REC-H.264-200305-S.pdf = Reference\T-REC-H.264-200305-S.pdf
	EndProjectSection
EndProject
Project("{FAE04EC0-301F-11D3-BF4B-00C04F79EFBC}") = "Concepts", "Concepts\Concepts.csproj", "{76D6E405-4048-4588-8FC5-0895701E6D96}"
EndProject
Project("{FAE04EC0-301F-11D3-BF4B-00C04F79EFBC}") = "Media.Ntp", "Ntp\Media.Ntp.csproj", "{FA1CBAF1-50D9-4AF8-A4F4-B2101DB9C878}"
EndProject
Project("{FAE04EC0-301F-11D3-BF4B-00C04F79EFBC}") = "Media.Codecs.Audio.Aac", "Codecs\Audio\Aac\Media.Codecs.Audio.Aac.csproj", "{D087A5BA-0E1B-44C2-A739-AD8153EDC8C4}"
EndProject
Project("{FAE04EC0-301F-11D3-BF4B-00C04F79EFBC}") = "Media.Codecs.Image", "Codecs\Image\Media.Codecs.Image.csproj", "{F700EBEE-B744-4A60-807D-22DCE582C8A4}"
EndProject
Project("{FAE04EC0-301F-11D3-BF4B-00C04F79EFBC}") = "Media.Codecs.Audio.Ac3", "Codecs\Audio\AC3\Media.Codecs.Audio.Ac3.csproj", "{C2628DB8-9D97-4655-B861-605A9E9FA6D7}"
EndProject
Project("{FAE04EC0-301F-11D3-BF4B-00C04F79EFBC}") = "Media.Cryptography", "Cryptography\Media.Cryptography.csproj", "{818BD18E-F1FE-45E3-96D4-984E76FEC84D}"
EndProject
Project("{FAE04EC0-301F-11D3-BF4B-00C04F79EFBC}") = "Media.Sockets", "Sockets\Media.Sockets.csproj", "{CC6D2FE3-42FB-41F0-83C3-EDDC02FF1224}"
EndProject
Project("{FAE04EC0-301F-11D3-BF4B-00C04F79EFBC}") = "UnitTests", "UnitTests\UnitTests.csproj", "{D3BB71A6-A555-410E-A728-38D80ED52BE1}"
EndProject
Project("{FAE04EC0-301F-11D3-BF4B-00C04F79EFBC}") = "Media.Http", "Http\Media.Http.csproj", "{DBDBFEF3-A51C-4423-B2D6-AA9D014BDB9E}"
EndProject
Project("{FAE04EC0-301F-11D3-BF4B-00C04F79EFBC}") = "Media.Sip", "Sip\Media.Sip.csproj", "{945C2E90-19B2-4629-828D-A5BB6D3215E2}"
EndProject
Project("{FAE04EC0-301F-11D3-BF4B-00C04F79EFBC}") = "Media.Rtcp.Feedback", "RtcpFeedback\Media.Rtcp.Feedback.csproj", "{955CC3DC-0212-44A0-BDBF-72E3ED0EE286}"
EndProject
Project("{FAE04EC0-301F-11D3-BF4B-00C04F79EFBC}") = "Media.Codecs.Audio.Flac", "Codecs\Audio\Flac\Media.Codecs.Audio.Flac.csproj", "{C0DC5DE4-57E1-4417-A149-D5FFCA08EFD8}"
EndProject
Project("{FAE04EC0-301F-11D3-BF4B-00C04F79EFBC}") = "Media.Codecs.Audio.Vorbis", "Codecs\Audio\Vorbis\Media.Codecs.Audio.Vorbis.csproj", "{80982B6F-EBBC-4DD5-BCEE-C3BFB6F6D498}"
EndProject
Project("{FAE04EC0-301F-11D3-BF4B-00C04F79EFBC}") = "Media.Codecs.Audio.Alaw", "Codecs\Audio\Alaw\Media.Codecs.Audio.Alaw.csproj", "{69B3B221-7989-4E14-B6B1-5B5FB7286A85}"
EndProject
Project("{FAE04EC0-301F-11D3-BF4B-00C04F79EFBC}") = "Media.Codecs.Audio.MuLaw", "Codecs\Audio\Mulaw\Media.Codecs.Audio.MuLaw.csproj", "{1F7A8313-912F-4C5B-B284-D46D8E2F50D2}"
EndProject
Project("{FAE04EC0-301F-11D3-BF4B-00C04F79EFBC}") = "Media.Codecs.Audio.G722", "Codecs\Audio\G722\Media.Codecs.Audio.G722.csproj", "{19BD7555-AA72-4D43-AB7A-88B2165F0508}"
EndProject
Project("{FAE04EC0-301F-11D3-BF4B-00C04F79EFBC}") = "Media.Codecs.Video.Mpeg2", "Codecs\Video\Mpeg2\Media.Codecs.Video.Mpeg2.csproj", "{E923E5F2-0F50-432B-A463-EA36EFEA3B8A}"
EndProject
Project("{FAE04EC0-301F-11D3-BF4B-00C04F79EFBC}") = "Media.Codecs.Video.H263", "Codecs\Video\H263\Media.Codecs.Video.H263.csproj", "{B2968620-3159-4978-952F-6F138F97A89A}"
EndProject
Project("{FAE04EC0-301F-11D3-BF4B-00C04F79EFBC}") = "Media.Codecs.Video.H261", "Codecs\Video\H261\Media.Codecs.Video.H261.csproj", "{2122A2D0-6CB5-42C0-91DD-B5F627FC5E82}"
EndProject
Project("{FAE04EC0-301F-11D3-BF4B-00C04F79EFBC}") = "Media.Codecs.Video.H265", "Codecs\Video\H265\Media.Codecs.Video.H265.csproj", "{35D3D13E-6AC5-4632-80B3-985FA37E5AAE}"
EndProject
Project("{FAE04EC0-301F-11D3-BF4B-00C04F79EFBC}") = "Media.Codecs.Video.Vp8", "Codecs\Video\Vp8\Media.Codecs.Video.Vp8.csproj", "{B1B5FEAE-53F4-47C5-80D6-7D9BEBF32F84}"
EndProject
Project("{FAE04EC0-301F-11D3-BF4B-00C04F79EFBC}") = "Media.Codecs.Video.Vp9", "Codecs\Video\VP9\Media.Codecs.Video.Vp9.csproj", "{D07D22EA-BDB9-42C6-9996-D64CC9C1CC0B}"
EndProject
Project("{FAE04EC0-301F-11D3-BF4B-00C04F79EFBC}") = "Media.Codecs.Video.Thor", "Codecs\Video\Thor\Media.Codecs.Video.Thor.csproj", "{664025B0-6DD0-4F1A-979A-B87746698F84}"
EndProject
Project("{FAE04EC0-301F-11D3-BF4B-00C04F79EFBC}") = "Media.Codecs.Image.Png", "Codecs\Image\Png\Media.Codecs.Image.Png.csproj", "{E706F847-F7ED-41FA-9E18-042A738D5DFA}"
EndProject
Project("{FAE04EC0-301F-11D3-BF4B-00C04F79EFBC}") = "Media.Codecs.Image.Jpeg", "Codecs\Image\Jpeg\Media.Codecs.Image.Jpeg.csproj", "{A12D2EDA-C1BA-4D4E-8E7D-38F8048BC161}"
EndProject
Project("{FAE04EC0-301F-11D3-BF4B-00C04F79EFBC}") = "Media.Codecs.Image.Bmp", "Codecs\Image\Bmp\Media.Codecs.Image.Bmp.csproj", "{7C182E2C-BDA8-46EC-9DC8-8B25E1DA6861}"
EndProject
Project("{FAE04EC0-301F-11D3-BF4B-00C04F79EFBC}") = "Media.Codecs.Image.Gif", "Codecs\Image\Gif\Media.Codecs.Image.Gif.csproj", "{49562BD8-E15A-4893-842D-E3865D87F94D}"
EndProject
Project("{FAE04EC0-301F-11D3-BF4B-00C04F79EFBC}") = "Media.Codecs.Audio.Mp3", "Codecs\Audio\Mp3\Media.Codecs.Audio.Mp3.csproj", "{4305DDF6-3C8B-4FE6-8DE9-3E81C5D9126A}"
EndProject
Global
	GlobalSection(TeamFoundationVersionControl) = preSolution
		SccNumberOfProjects = 55
		SccEnterpriseProvider = {4CA58AB2-18FA-4F8D-95D4-32DDF27D184C}
		SccTeamFoundationServer = https://tfs.codeplex.com/tfs/tfs04
		SccLocalPath0 = .
		SccProjectUniqueName1 = Common\\Media.Common.csproj
		SccProjectName1 = Common
		SccLocalPath1 = Common
		SccProjectUniqueName2 = Compression\\Media.Compression.csproj
		SccProjectName2 = Compression
		SccLocalPath2 = Compression
		SccProjectUniqueName3 = Codecs\\Audio\\Media.Codecs.Audio.csproj
		SccProjectName3 = Codecs/Audio
		SccLocalPath3 = Codecs\\Audio
		SccProjectUniqueName4 = Codecs\\Video\\H264\\Media.Codecs.Video.H264.csproj
		SccProjectName4 = Codecs/Video/H264
		SccLocalPath4 = Codecs\\Video\\H264
		SccProjectUniqueName5 = Codecs\\Video\\Media.Codecs.Video.csproj
		SccProjectName5 = Codecs/Video
		SccLocalPath5 = Codecs\\Video
		SccProjectUniqueName6 = Codecs\\Video\\Mpeg4\\Media.Codecs.Video.Mpeg4.csproj
		SccProjectName6 = Codecs/Video/Mpeg4
		SccLocalPath6 = Codecs\\Video\\Mpeg4
		SccProjectUniqueName7 = Sdp\\Media.Sdp.csproj
		SccProjectName7 = Sdp
		SccLocalPath7 = Sdp
		SccProjectUniqueName8 = Containers\\Media.Container.csproj
		SccProjectName8 = Containers
		SccLocalPath8 = Containers
		SccProjectUniqueName9 = Containers\\Asf\\Media.Containers.Asf.csproj
		SccProjectName9 = Containers/Asf
		SccLocalPath9 = Containers\\Asf
		SccProjectUniqueName10 = Containers\\BaseMedia\\Media.Containers.BaseMedia.csproj
		SccProjectName10 = Containers/BaseMedia
		SccLocalPath10 = Containers\\BaseMedia
		SccProjectUniqueName11 = Containers\\Gxf\\Media.Containers.Gxf.csproj
		SccProjectName11 = Containers/Gxf
		SccLocalPath11 = Containers\\Gxf
		SccProjectUniqueName12 = Containers\\Matroska\\Media.Containers.Matroska.csproj
		SccProjectName12 = Containers/Matroska
		SccLocalPath12 = Containers\\Matroska
		SccProjectUniqueName13 = Containers\\Mcf\\Media.Containers.Mcf.csproj
		SccProjectName13 = Containers/Mcf
		SccLocalPath13 = Containers\\Mcf
		SccProjectUniqueName14 = Containers\\Mpeg\\Media.Containers.Mpeg.csproj
		SccProjectName14 = Containers/Mpeg
		SccLocalPath14 = Containers\\Mpeg
		SccProjectUniqueName15 = Containers\\Mxf\\Media.Containers.Mxf.csproj
		SccProjectName15 = Containers/Mxf
		SccLocalPath15 = Containers\\Mxf
		SccProjectUniqueName16 = Containers\\Nut\\Media.Containers.Nut.csproj
		SccProjectName16 = Containers/Nut
		SccLocalPath16 = Containers\\Nut
		SccProjectUniqueName17 = Containers\\Ogg\\Media.Containers.Ogg.csproj
		SccProjectName17 = Containers/Ogg
		SccLocalPath17 = Containers\\Ogg
		SccProjectUniqueName18 = Containers\\Real\\Media.Containers.Real.csproj
		SccProjectName18 = Containers/Real
		SccLocalPath18 = Containers\\Real
		SccProjectUniqueName19 = Containers\\Riff\\Media.Containers.Riff.csproj
		SccProjectName19 = Containers/Riff
		SccLocalPath19 = Containers\\Riff
		SccProjectUniqueName20 = Rtmp\\Media.Rtmp.csproj
		SccProjectName20 = Rtmp
		SccLocalPath20 = Rtmp
		SccProjectUniqueName21 = Rtp\\Media.Rtp.csproj
		SccProjectName21 = Rtp
		SccLocalPath21 = Rtp
		SccProjectUniqueName22 = RtpTools\\Media.RtpTools.csproj
		SccProjectName22 = RtpTools
		SccLocalPath22 = RtpTools
		SccProjectUniqueName23 = Rtsp\\Media.Rtsp.csproj
		SccProjectName23 = Rtsp
		SccLocalPath23 = Rtsp
		SccProjectUniqueName24 = RtspServer\\Media.RtspServer.csproj
		SccProjectName24 = RtspServer
		SccLocalPath24 = RtspServer
		SccProjectUniqueName25 = Codecs\\Video\\Mpeg\\Media.Codecs.Video.Mpeg.csproj
		SccProjectName25 = Codecs/Video/Mpeg
		SccLocalPath25 = Codecs\\Video\\Mpeg
		SccProjectUniqueName26 = Concepts\\Concepts.csproj
		SccProjectName26 = Concepts
		SccLocalPath26 = Concepts
		SccProjectUniqueName27 = Ntp\\Media.Ntp.csproj
		SccProjectName27 = Ntp
		SccLocalPath27 = Ntp
		SccProjectUniqueName28 = Codecs\\Audio\\Aac\\Media.Codecs.Audio.Aac.csproj
		SccProjectName28 = Codecs/Audio/Aac
		SccLocalPath28 = Codecs\\Audio\\Aac
		SccProjectUniqueName29 = Codecs\\Image\\Media.Codecs.Image.csproj
		SccProjectName29 = Codecs/Image
		SccLocalPath29 = Codecs\\Image
		SccProjectUniqueName30 = Codecs\\Audio\\AC3\\Media.Codecs.Audio.Ac3.csproj
		SccProjectName30 = Codecs/Audio/AC3
		SccLocalPath30 = Codecs\\Audio\\AC3
		SccProjectUniqueName31 = Cryptography\\Media.Cryptography.csproj
		SccProjectName31 = Cryptography
		SccLocalPath31 = Cryptography
		SccProjectUniqueName32 = Sockets\\Media.Sockets.csproj
		SccProjectName32 = Sockets
		SccLocalPath32 = Sockets
		SccProjectUniqueName33 = Codecs\\Media.Codec.csproj
		SccProjectName33 = Codecs
		SccLocalPath33 = Codecs
		SccProjectUniqueName34 = UnitTests\\UnitTests.csproj
		SccProjectName34 = UnitTests
		SccLocalPath34 = UnitTests
		SccProjectUniqueName35 = Http\\Media.Http.csproj
		SccProjectName35 = Http
		SccLocalPath35 = Http
		SccProjectUniqueName36 = Sip\\Media.Sip.csproj
		SccProjectName36 = Sip
		SccLocalPath36 = Sip
		SccProjectUniqueName37 = RtcpFeedback\\Media.Rtcp.Feedback.csproj
		SccProjectName37 = RtcpFeedback
		SccLocalPath37 = RtcpFeedback
		SccProjectUniqueName38 = Codecs\\Audio\\Flac\\Media.Codecs.Audio.Flac.csproj
		SccProjectName38 = Codecs/Audio/Flac
		SccLocalPath38 = Codecs\\Audio\\Flac
		SccProjectUniqueName39 = Codecs\\Audio\\Vorbis\\Media.Codecs.Audio.Vorbis.csproj
		SccProjectName39 = Codecs/Audio/Vorbis
		SccLocalPath39 = Codecs\\Audio\\Vorbis
		SccProjectUniqueName40 = Codecs\\Audio\\Alaw\\Media.Codecs.Audio.Alaw.csproj
		SccProjectName40 = Codecs/Audio/Alaw
		SccLocalPath40 = Codecs\\Audio\\Alaw
		SccProjectUniqueName41 = Codecs\\Audio\\Mulaw\\Media.Codecs.Audio.MuLaw.csproj
		SccProjectName41 = Codecs/Audio/Mulaw
		SccLocalPath41 = Codecs\\Audio\\Mulaw
		SccProjectUniqueName42 = Codecs\\Audio\\G722\\Media.Codecs.Audio.G722.csproj
		SccProjectName42 = Codecs/Audio/G722
		SccLocalPath42 = Codecs\\Audio\\G722
		SccProjectUniqueName43 = Codecs\\Video\\Mpeg2\\Media.Codecs.Video.Mpeg2.csproj
		SccProjectName43 = Codecs/Video/Mpeg2
		SccLocalPath43 = Codecs\\Video\\Mpeg2
		SccProjectUniqueName44 = Codecs\\Video\\H263\\Media.Codecs.Video.H263.csproj
		SccProjectName44 = Codecs/Video/H263
		SccLocalPath44 = Codecs\\Video\\H263
		SccProjectUniqueName45 = Codecs\\Video\\H261\\Media.Codecs.Video.H261.csproj
		SccProjectName45 = Codecs/Video/H261
		SccLocalPath45 = Codecs\\Video\\H261
		SccProjectUniqueName46 = Codecs\\Video\\H265\\Media.Codecs.Video.H265.csproj
		SccProjectName46 = Codecs/Video/H265
		SccLocalPath46 = Codecs\\Video\\H265
		SccProjectUniqueName47 = Codecs\\Video\\Vp8\\Media.Codecs.Video.Vp8.csproj
		SccProjectName47 = Codecs/Video/Vp8
		SccLocalPath47 = Codecs\\Video\\Vp8
		SccProjectUniqueName48 = Codecs\\Video\\VP9\\Media.Codecs.Video.Vp9.csproj
		SccProjectName48 = Codecs/Video/VP9
		SccLocalPath48 = Codecs\\Video\\VP9
		SccProjectUniqueName49 = Codecs\\Video\\Thor\\Media.Codecs.Video.Thor.csproj
		SccProjectName49 = Codecs/Video/Thor
		SccLocalPath49 = Codecs\\Video\\Thor
		SccProjectUniqueName50 = Codecs\\Image\\Png\\Media.Codecs.Image.Png.csproj
		SccProjectName50 = Codecs/Image/Png
		SccLocalPath50 = Codecs\\Image\\Png
		SccProjectUniqueName51 = Codecs\\Image\\Jpeg\\Media.Codecs.Image.Jpeg.csproj
		SccProjectName51 = Codecs/Image/Jpeg
		SccLocalPath51 = Codecs\\Image\\Jpeg
		SccProjectUniqueName52 = Codecs\\Image\\Bmp\\Media.Codecs.Image.Bmp.csproj
		SccProjectName52 = Codecs/Image/Bmp
		SccLocalPath52 = Codecs\\Image\\Bmp
		SccProjectUniqueName53 = Codecs\\Image\\Gif\\Media.Codecs.Image.Gif.csproj
		SccProjectName53 = Codecs/Image/Gif
		SccLocalPath53 = Codecs\\Image\\Gif
		SccProjectUniqueName54 = Codecs\\Audio\\Mp3\\Media.Codecs.Audio.Mp3.csproj
		SccProjectName54 = Codecs/Audio/Mp3
		SccLocalPath54 = Codecs\\Audio\\Mp3
	EndGlobalSection
	GlobalSection(SolutionConfigurationPlatforms) = preSolution
		Debug|Any CPU = Debug|Any CPU
		Debug|Mixed Platforms = Debug|Mixed Platforms
		Debug|x64 = Debug|x64
		Debug|x86 = Debug|x86
		Release|Any CPU = Release|Any CPU
		Release|Mixed Platforms = Release|Mixed Platforms
		Release|x64 = Release|x64
		Release|x86 = Release|x86
	EndGlobalSection
	GlobalSection(ProjectConfigurationPlatforms) = postSolution
		{A3D7936C-ACD5-458D-B1A4-96CEE18DC175}.Debug|Any CPU.ActiveCfg = Debug|Any CPU
		{A3D7936C-ACD5-458D-B1A4-96CEE18DC175}.Debug|Any CPU.Build.0 = Debug|Any CPU
		{A3D7936C-ACD5-458D-B1A4-96CEE18DC175}.Debug|Mixed Platforms.ActiveCfg = Debug|Any CPU
		{A3D7936C-ACD5-458D-B1A4-96CEE18DC175}.Debug|Mixed Platforms.Build.0 = Debug|Any CPU
		{A3D7936C-ACD5-458D-B1A4-96CEE18DC175}.Debug|x64.ActiveCfg = Debug|Any CPU
		{A3D7936C-ACD5-458D-B1A4-96CEE18DC175}.Debug|x86.ActiveCfg = Debug|Any CPU
		{A3D7936C-ACD5-458D-B1A4-96CEE18DC175}.Release|Any CPU.ActiveCfg = Release|Any CPU
		{A3D7936C-ACD5-458D-B1A4-96CEE18DC175}.Release|Any CPU.Build.0 = Release|Any CPU
		{A3D7936C-ACD5-458D-B1A4-96CEE18DC175}.Release|Mixed Platforms.ActiveCfg = Release|Any CPU
		{A3D7936C-ACD5-458D-B1A4-96CEE18DC175}.Release|Mixed Platforms.Build.0 = Release|Any CPU
		{A3D7936C-ACD5-458D-B1A4-96CEE18DC175}.Release|x64.ActiveCfg = Release|Any CPU
		{A3D7936C-ACD5-458D-B1A4-96CEE18DC175}.Release|x64.Build.0 = Release|Any CPU
		{A3D7936C-ACD5-458D-B1A4-96CEE18DC175}.Release|x86.ActiveCfg = Release|Any CPU
		{A3D7936C-ACD5-458D-B1A4-96CEE18DC175}.Release|x86.Build.0 = Release|Any CPU
		{FE980F3F-30CB-44D6-BCE4-462C12038440}.Debug|Any CPU.ActiveCfg = Debug|Any CPU
		{FE980F3F-30CB-44D6-BCE4-462C12038440}.Debug|Any CPU.Build.0 = Debug|Any CPU
		{FE980F3F-30CB-44D6-BCE4-462C12038440}.Debug|Mixed Platforms.ActiveCfg = Debug|Any CPU
		{FE980F3F-30CB-44D6-BCE4-462C12038440}.Debug|Mixed Platforms.Build.0 = Debug|Any CPU
		{FE980F3F-30CB-44D6-BCE4-462C12038440}.Debug|x64.ActiveCfg = Debug|Any CPU
		{FE980F3F-30CB-44D6-BCE4-462C12038440}.Debug|x86.ActiveCfg = Debug|Any CPU
		{FE980F3F-30CB-44D6-BCE4-462C12038440}.Release|Any CPU.ActiveCfg = Release|Any CPU
		{FE980F3F-30CB-44D6-BCE4-462C12038440}.Release|Any CPU.Build.0 = Release|Any CPU
		{FE980F3F-30CB-44D6-BCE4-462C12038440}.Release|Mixed Platforms.ActiveCfg = Release|Any CPU
		{FE980F3F-30CB-44D6-BCE4-462C12038440}.Release|Mixed Platforms.Build.0 = Release|Any CPU
		{FE980F3F-30CB-44D6-BCE4-462C12038440}.Release|x64.ActiveCfg = Release|Any CPU
		{FE980F3F-30CB-44D6-BCE4-462C12038440}.Release|x64.Build.0 = Release|Any CPU
		{FE980F3F-30CB-44D6-BCE4-462C12038440}.Release|x86.ActiveCfg = Release|Any CPU
		{FE980F3F-30CB-44D6-BCE4-462C12038440}.Release|x86.Build.0 = Release|Any CPU
		{05019B1D-58B3-44A4-8EF4-50A3FE740746}.Debug|Any CPU.ActiveCfg = Debug|Any CPU
		{05019B1D-58B3-44A4-8EF4-50A3FE740746}.Debug|Any CPU.Build.0 = Debug|Any CPU
		{05019B1D-58B3-44A4-8EF4-50A3FE740746}.Debug|Mixed Platforms.ActiveCfg = Debug|Any CPU
		{05019B1D-58B3-44A4-8EF4-50A3FE740746}.Debug|Mixed Platforms.Build.0 = Debug|Any CPU
		{05019B1D-58B3-44A4-8EF4-50A3FE740746}.Debug|x64.ActiveCfg = Debug|Any CPU
		{05019B1D-58B3-44A4-8EF4-50A3FE740746}.Debug|x64.Build.0 = Debug|Any CPU
		{05019B1D-58B3-44A4-8EF4-50A3FE740746}.Debug|x86.ActiveCfg = Debug|Any CPU
		{05019B1D-58B3-44A4-8EF4-50A3FE740746}.Release|Any CPU.ActiveCfg = Release|Any CPU
		{05019B1D-58B3-44A4-8EF4-50A3FE740746}.Release|Any CPU.Build.0 = Release|Any CPU
		{05019B1D-58B3-44A4-8EF4-50A3FE740746}.Release|Mixed Platforms.ActiveCfg = Release|Any CPU
		{05019B1D-58B3-44A4-8EF4-50A3FE740746}.Release|Mixed Platforms.Build.0 = Release|Any CPU
		{05019B1D-58B3-44A4-8EF4-50A3FE740746}.Release|x64.ActiveCfg = Release|Any CPU
		{05019B1D-58B3-44A4-8EF4-50A3FE740746}.Release|x64.Build.0 = Release|Any CPU
		{05019B1D-58B3-44A4-8EF4-50A3FE740746}.Release|x86.ActiveCfg = Release|Any CPU
		{05019B1D-58B3-44A4-8EF4-50A3FE740746}.Release|x86.Build.0 = Release|Any CPU
		{CBE0C273-FB54-46E5-9A28-21C325A85D15}.Debug|Any CPU.ActiveCfg = Debug|Any CPU
		{CBE0C273-FB54-46E5-9A28-21C325A85D15}.Debug|Any CPU.Build.0 = Debug|Any CPU
		{CBE0C273-FB54-46E5-9A28-21C325A85D15}.Debug|Mixed Platforms.ActiveCfg = Debug|Any CPU
		{CBE0C273-FB54-46E5-9A28-21C325A85D15}.Debug|Mixed Platforms.Build.0 = Debug|Any CPU
		{CBE0C273-FB54-46E5-9A28-21C325A85D15}.Debug|x64.ActiveCfg = Debug|Any CPU
		{CBE0C273-FB54-46E5-9A28-21C325A85D15}.Debug|x64.Build.0 = Debug|Any CPU
		{CBE0C273-FB54-46E5-9A28-21C325A85D15}.Debug|x86.ActiveCfg = Debug|Any CPU
		{CBE0C273-FB54-46E5-9A28-21C325A85D15}.Release|Any CPU.ActiveCfg = Release|Any CPU
		{CBE0C273-FB54-46E5-9A28-21C325A85D15}.Release|Any CPU.Build.0 = Release|Any CPU
		{CBE0C273-FB54-46E5-9A28-21C325A85D15}.Release|Mixed Platforms.ActiveCfg = Release|Any CPU
		{CBE0C273-FB54-46E5-9A28-21C325A85D15}.Release|Mixed Platforms.Build.0 = Release|Any CPU
		{CBE0C273-FB54-46E5-9A28-21C325A85D15}.Release|x64.ActiveCfg = Release|Any CPU
		{CBE0C273-FB54-46E5-9A28-21C325A85D15}.Release|x64.Build.0 = Release|Any CPU
		{CBE0C273-FB54-46E5-9A28-21C325A85D15}.Release|x86.ActiveCfg = Release|Any CPU
		{CBE0C273-FB54-46E5-9A28-21C325A85D15}.Release|x86.Build.0 = Release|Any CPU
		{C64CDAED-C863-454D-BFA6-95685868D054}.Debug|Any CPU.ActiveCfg = Debug|Any CPU
		{C64CDAED-C863-454D-BFA6-95685868D054}.Debug|Any CPU.Build.0 = Debug|Any CPU
		{C64CDAED-C863-454D-BFA6-95685868D054}.Debug|Mixed Platforms.ActiveCfg = Debug|Any CPU
		{C64CDAED-C863-454D-BFA6-95685868D054}.Debug|Mixed Platforms.Build.0 = Debug|Any CPU
		{C64CDAED-C863-454D-BFA6-95685868D054}.Debug|x64.ActiveCfg = Debug|Any CPU
		{C64CDAED-C863-454D-BFA6-95685868D054}.Debug|x86.ActiveCfg = Debug|Any CPU
		{C64CDAED-C863-454D-BFA6-95685868D054}.Release|Any CPU.ActiveCfg = Release|Any CPU
		{C64CDAED-C863-454D-BFA6-95685868D054}.Release|Any CPU.Build.0 = Release|Any CPU
		{C64CDAED-C863-454D-BFA6-95685868D054}.Release|Mixed Platforms.ActiveCfg = Release|Any CPU
		{C64CDAED-C863-454D-BFA6-95685868D054}.Release|Mixed Platforms.Build.0 = Release|Any CPU
		{C64CDAED-C863-454D-BFA6-95685868D054}.Release|x64.ActiveCfg = Release|Any CPU
		{C64CDAED-C863-454D-BFA6-95685868D054}.Release|x64.Build.0 = Release|Any CPU
		{C64CDAED-C863-454D-BFA6-95685868D054}.Release|x86.ActiveCfg = Release|Any CPU
		{C64CDAED-C863-454D-BFA6-95685868D054}.Release|x86.Build.0 = Release|Any CPU
		{2DC7FD7B-2497-480B-A927-17F4846E5C74}.Debug|Any CPU.ActiveCfg = Debug|Any CPU
		{2DC7FD7B-2497-480B-A927-17F4846E5C74}.Debug|Any CPU.Build.0 = Debug|Any CPU
		{2DC7FD7B-2497-480B-A927-17F4846E5C74}.Debug|Mixed Platforms.ActiveCfg = Debug|Any CPU
		{2DC7FD7B-2497-480B-A927-17F4846E5C74}.Debug|Mixed Platforms.Build.0 = Debug|Any CPU
		{2DC7FD7B-2497-480B-A927-17F4846E5C74}.Debug|x64.ActiveCfg = Debug|Any CPU
		{2DC7FD7B-2497-480B-A927-17F4846E5C74}.Debug|x64.Build.0 = Debug|Any CPU
		{2DC7FD7B-2497-480B-A927-17F4846E5C74}.Debug|x86.ActiveCfg = Debug|Any CPU
		{2DC7FD7B-2497-480B-A927-17F4846E5C74}.Release|Any CPU.ActiveCfg = Release|Any CPU
		{2DC7FD7B-2497-480B-A927-17F4846E5C74}.Release|Any CPU.Build.0 = Release|Any CPU
		{2DC7FD7B-2497-480B-A927-17F4846E5C74}.Release|Mixed Platforms.ActiveCfg = Release|Any CPU
		{2DC7FD7B-2497-480B-A927-17F4846E5C74}.Release|Mixed Platforms.Build.0 = Release|Any CPU
		{2DC7FD7B-2497-480B-A927-17F4846E5C74}.Release|x64.ActiveCfg = Release|Any CPU
		{2DC7FD7B-2497-480B-A927-17F4846E5C74}.Release|x64.Build.0 = Release|Any CPU
		{2DC7FD7B-2497-480B-A927-17F4846E5C74}.Release|x86.ActiveCfg = Release|Any CPU
		{2DC7FD7B-2497-480B-A927-17F4846E5C74}.Release|x86.Build.0 = Release|Any CPU
		{905DEFFB-6DBC-4CF0-BED9-BB96AEA0193F}.Debug|Any CPU.ActiveCfg = Debug|Any CPU
		{905DEFFB-6DBC-4CF0-BED9-BB96AEA0193F}.Debug|Any CPU.Build.0 = Debug|Any CPU
		{905DEFFB-6DBC-4CF0-BED9-BB96AEA0193F}.Debug|Mixed Platforms.ActiveCfg = Debug|Any CPU
		{905DEFFB-6DBC-4CF0-BED9-BB96AEA0193F}.Debug|Mixed Platforms.Build.0 = Debug|Any CPU
		{905DEFFB-6DBC-4CF0-BED9-BB96AEA0193F}.Debug|x64.ActiveCfg = Debug|Any CPU
		{905DEFFB-6DBC-4CF0-BED9-BB96AEA0193F}.Debug|x64.Build.0 = Debug|Any CPU
		{905DEFFB-6DBC-4CF0-BED9-BB96AEA0193F}.Debug|x86.ActiveCfg = Debug|Any CPU
		{905DEFFB-6DBC-4CF0-BED9-BB96AEA0193F}.Release|Any CPU.ActiveCfg = Release|Any CPU
		{905DEFFB-6DBC-4CF0-BED9-BB96AEA0193F}.Release|Any CPU.Build.0 = Release|Any CPU
		{905DEFFB-6DBC-4CF0-BED9-BB96AEA0193F}.Release|Mixed Platforms.ActiveCfg = Release|Any CPU
		{905DEFFB-6DBC-4CF0-BED9-BB96AEA0193F}.Release|Mixed Platforms.Build.0 = Release|Any CPU
		{905DEFFB-6DBC-4CF0-BED9-BB96AEA0193F}.Release|x64.ActiveCfg = Release|Any CPU
		{905DEFFB-6DBC-4CF0-BED9-BB96AEA0193F}.Release|x64.Build.0 = Release|Any CPU
		{905DEFFB-6DBC-4CF0-BED9-BB96AEA0193F}.Release|x86.ActiveCfg = Release|Any CPU
		{905DEFFB-6DBC-4CF0-BED9-BB96AEA0193F}.Release|x86.Build.0 = Release|Any CPU
		{03504A7F-63C9-481E-8FC4-AF0EAF7FB912}.Debug|Any CPU.ActiveCfg = Debug|Any CPU
		{03504A7F-63C9-481E-8FC4-AF0EAF7FB912}.Debug|Any CPU.Build.0 = Debug|Any CPU
		{03504A7F-63C9-481E-8FC4-AF0EAF7FB912}.Debug|Mixed Platforms.ActiveCfg = Debug|Any CPU
		{03504A7F-63C9-481E-8FC4-AF0EAF7FB912}.Debug|Mixed Platforms.Build.0 = Debug|Any CPU
		{03504A7F-63C9-481E-8FC4-AF0EAF7FB912}.Debug|x64.ActiveCfg = Debug|Any CPU
		{03504A7F-63C9-481E-8FC4-AF0EAF7FB912}.Debug|x86.ActiveCfg = Debug|Any CPU
		{03504A7F-63C9-481E-8FC4-AF0EAF7FB912}.Release|Any CPU.ActiveCfg = Release|Any CPU
		{03504A7F-63C9-481E-8FC4-AF0EAF7FB912}.Release|Any CPU.Build.0 = Release|Any CPU
		{03504A7F-63C9-481E-8FC4-AF0EAF7FB912}.Release|Mixed Platforms.ActiveCfg = Release|Any CPU
		{03504A7F-63C9-481E-8FC4-AF0EAF7FB912}.Release|Mixed Platforms.Build.0 = Release|Any CPU
		{03504A7F-63C9-481E-8FC4-AF0EAF7FB912}.Release|x64.ActiveCfg = Release|Any CPU
		{03504A7F-63C9-481E-8FC4-AF0EAF7FB912}.Release|x64.Build.0 = Release|Any CPU
		{03504A7F-63C9-481E-8FC4-AF0EAF7FB912}.Release|x86.ActiveCfg = Release|Any CPU
		{03504A7F-63C9-481E-8FC4-AF0EAF7FB912}.Release|x86.Build.0 = Release|Any CPU
		{FD0101F4-1D22-434C-8025-42CAC8176C75}.Debug|Any CPU.ActiveCfg = Debug|Any CPU
		{FD0101F4-1D22-434C-8025-42CAC8176C75}.Debug|Any CPU.Build.0 = Debug|Any CPU
		{FD0101F4-1D22-434C-8025-42CAC8176C75}.Debug|Mixed Platforms.ActiveCfg = Debug|Any CPU
		{FD0101F4-1D22-434C-8025-42CAC8176C75}.Debug|Mixed Platforms.Build.0 = Debug|Any CPU
		{FD0101F4-1D22-434C-8025-42CAC8176C75}.Debug|x64.ActiveCfg = Debug|Any CPU
		{FD0101F4-1D22-434C-8025-42CAC8176C75}.Debug|x64.Build.0 = Debug|Any CPU
		{FD0101F4-1D22-434C-8025-42CAC8176C75}.Debug|x86.ActiveCfg = Debug|Any CPU
		{FD0101F4-1D22-434C-8025-42CAC8176C75}.Release|Any CPU.ActiveCfg = Release|Any CPU
		{FD0101F4-1D22-434C-8025-42CAC8176C75}.Release|Any CPU.Build.0 = Release|Any CPU
		{FD0101F4-1D22-434C-8025-42CAC8176C75}.Release|Mixed Platforms.ActiveCfg = Release|Any CPU
		{FD0101F4-1D22-434C-8025-42CAC8176C75}.Release|Mixed Platforms.Build.0 = Release|Any CPU
		{FD0101F4-1D22-434C-8025-42CAC8176C75}.Release|x64.ActiveCfg = Release|Any CPU
		{FD0101F4-1D22-434C-8025-42CAC8176C75}.Release|x64.Build.0 = Release|Any CPU
		{FD0101F4-1D22-434C-8025-42CAC8176C75}.Release|x86.ActiveCfg = Release|Any CPU
		{FD0101F4-1D22-434C-8025-42CAC8176C75}.Release|x86.Build.0 = Release|Any CPU
		{CE4FF4BF-1C21-440A-BD39-25B809803E71}.Debug|Any CPU.ActiveCfg = Debug|Any CPU
		{CE4FF4BF-1C21-440A-BD39-25B809803E71}.Debug|Any CPU.Build.0 = Debug|Any CPU
		{CE4FF4BF-1C21-440A-BD39-25B809803E71}.Debug|Mixed Platforms.ActiveCfg = Debug|Any CPU
		{CE4FF4BF-1C21-440A-BD39-25B809803E71}.Debug|Mixed Platforms.Build.0 = Debug|Any CPU
		{CE4FF4BF-1C21-440A-BD39-25B809803E71}.Debug|x64.ActiveCfg = Debug|Any CPU
		{CE4FF4BF-1C21-440A-BD39-25B809803E71}.Debug|x64.Build.0 = Debug|Any CPU
		{CE4FF4BF-1C21-440A-BD39-25B809803E71}.Debug|x86.ActiveCfg = Debug|Any CPU
		{CE4FF4BF-1C21-440A-BD39-25B809803E71}.Release|Any CPU.ActiveCfg = Release|Any CPU
		{CE4FF4BF-1C21-440A-BD39-25B809803E71}.Release|Any CPU.Build.0 = Release|Any CPU
		{CE4FF4BF-1C21-440A-BD39-25B809803E71}.Release|Mixed Platforms.ActiveCfg = Release|Any CPU
		{CE4FF4BF-1C21-440A-BD39-25B809803E71}.Release|Mixed Platforms.Build.0 = Release|Any CPU
		{CE4FF4BF-1C21-440A-BD39-25B809803E71}.Release|x64.ActiveCfg = Release|Any CPU
		{CE4FF4BF-1C21-440A-BD39-25B809803E71}.Release|x64.Build.0 = Release|Any CPU
		{CE4FF4BF-1C21-440A-BD39-25B809803E71}.Release|x86.ActiveCfg = Release|Any CPU
		{CE4FF4BF-1C21-440A-BD39-25B809803E71}.Release|x86.Build.0 = Release|Any CPU
		{FA14B24B-144D-43C1-A44E-8B7B5E849C55}.Debug|Any CPU.ActiveCfg = Debug|Any CPU
		{FA14B24B-144D-43C1-A44E-8B7B5E849C55}.Debug|Any CPU.Build.0 = Debug|Any CPU
		{FA14B24B-144D-43C1-A44E-8B7B5E849C55}.Debug|Mixed Platforms.ActiveCfg = Debug|Any CPU
		{FA14B24B-144D-43C1-A44E-8B7B5E849C55}.Debug|Mixed Platforms.Build.0 = Debug|Any CPU
		{FA14B24B-144D-43C1-A44E-8B7B5E849C55}.Debug|x64.ActiveCfg = Debug|Any CPU
		{FA14B24B-144D-43C1-A44E-8B7B5E849C55}.Debug|x86.ActiveCfg = Debug|Any CPU
		{FA14B24B-144D-43C1-A44E-8B7B5E849C55}.Release|Any CPU.ActiveCfg = Release|Any CPU
		{FA14B24B-144D-43C1-A44E-8B7B5E849C55}.Release|Any CPU.Build.0 = Release|Any CPU
		{FA14B24B-144D-43C1-A44E-8B7B5E849C55}.Release|Mixed Platforms.ActiveCfg = Release|Any CPU
		{FA14B24B-144D-43C1-A44E-8B7B5E849C55}.Release|Mixed Platforms.Build.0 = Release|Any CPU
		{FA14B24B-144D-43C1-A44E-8B7B5E849C55}.Release|x64.ActiveCfg = Release|Any CPU
		{FA14B24B-144D-43C1-A44E-8B7B5E849C55}.Release|x64.Build.0 = Release|Any CPU
		{FA14B24B-144D-43C1-A44E-8B7B5E849C55}.Release|x86.ActiveCfg = Release|Any CPU
		{FA14B24B-144D-43C1-A44E-8B7B5E849C55}.Release|x86.Build.0 = Release|Any CPU
		{E4E9CABF-6C3D-49F3-B081-ABC557311695}.Debug|Any CPU.ActiveCfg = Debug|Any CPU
		{E4E9CABF-6C3D-49F3-B081-ABC557311695}.Debug|Any CPU.Build.0 = Debug|Any CPU
		{E4E9CABF-6C3D-49F3-B081-ABC557311695}.Debug|Mixed Platforms.ActiveCfg = Debug|Any CPU
		{E4E9CABF-6C3D-49F3-B081-ABC557311695}.Debug|Mixed Platforms.Build.0 = Debug|Any CPU
		{E4E9CABF-6C3D-49F3-B081-ABC557311695}.Debug|x64.ActiveCfg = Debug|Any CPU
		{E4E9CABF-6C3D-49F3-B081-ABC557311695}.Debug|x86.ActiveCfg = Debug|Any CPU
		{E4E9CABF-6C3D-49F3-B081-ABC557311695}.Release|Any CPU.ActiveCfg = Release|Any CPU
		{E4E9CABF-6C3D-49F3-B081-ABC557311695}.Release|Any CPU.Build.0 = Release|Any CPU
		{E4E9CABF-6C3D-49F3-B081-ABC557311695}.Release|Mixed Platforms.ActiveCfg = Release|Any CPU
		{E4E9CABF-6C3D-49F3-B081-ABC557311695}.Release|Mixed Platforms.Build.0 = Release|Any CPU
		{E4E9CABF-6C3D-49F3-B081-ABC557311695}.Release|x64.ActiveCfg = Release|Any CPU
		{E4E9CABF-6C3D-49F3-B081-ABC557311695}.Release|x64.Build.0 = Release|Any CPU
		{E4E9CABF-6C3D-49F3-B081-ABC557311695}.Release|x86.ActiveCfg = Release|Any CPU
		{E4E9CABF-6C3D-49F3-B081-ABC557311695}.Release|x86.Build.0 = Release|Any CPU
		{AA92D188-646F-47FE-8FFF-BD0B9CA720A0}.Debug|Any CPU.ActiveCfg = Debug|Any CPU
		{AA92D188-646F-47FE-8FFF-BD0B9CA720A0}.Debug|Any CPU.Build.0 = Debug|Any CPU
		{AA92D188-646F-47FE-8FFF-BD0B9CA720A0}.Debug|Mixed Platforms.ActiveCfg = Debug|Any CPU
		{AA92D188-646F-47FE-8FFF-BD0B9CA720A0}.Debug|Mixed Platforms.Build.0 = Debug|Any CPU
		{AA92D188-646F-47FE-8FFF-BD0B9CA720A0}.Debug|x64.ActiveCfg = Debug|Any CPU
		{AA92D188-646F-47FE-8FFF-BD0B9CA720A0}.Debug|x86.ActiveCfg = Debug|Any CPU
		{AA92D188-646F-47FE-8FFF-BD0B9CA720A0}.Release|Any CPU.ActiveCfg = Release|Any CPU
		{AA92D188-646F-47FE-8FFF-BD0B9CA720A0}.Release|Any CPU.Build.0 = Release|Any CPU
		{AA92D188-646F-47FE-8FFF-BD0B9CA720A0}.Release|Mixed Platforms.ActiveCfg = Release|Any CPU
		{AA92D188-646F-47FE-8FFF-BD0B9CA720A0}.Release|Mixed Platforms.Build.0 = Release|Any CPU
		{AA92D188-646F-47FE-8FFF-BD0B9CA720A0}.Release|x64.ActiveCfg = Release|Any CPU
		{AA92D188-646F-47FE-8FFF-BD0B9CA720A0}.Release|x64.Build.0 = Release|Any CPU
		{AA92D188-646F-47FE-8FFF-BD0B9CA720A0}.Release|x86.ActiveCfg = Release|Any CPU
		{AA92D188-646F-47FE-8FFF-BD0B9CA720A0}.Release|x86.Build.0 = Release|Any CPU
		{B389B0F4-C788-436E-A108-D01F38FCB3ED}.Debug|Any CPU.ActiveCfg = Debug|Any CPU
		{B389B0F4-C788-436E-A108-D01F38FCB3ED}.Debug|Any CPU.Build.0 = Debug|Any CPU
		{B389B0F4-C788-436E-A108-D01F38FCB3ED}.Debug|Mixed Platforms.ActiveCfg = Debug|Any CPU
		{B389B0F4-C788-436E-A108-D01F38FCB3ED}.Debug|Mixed Platforms.Build.0 = Debug|Any CPU
		{B389B0F4-C788-436E-A108-D01F38FCB3ED}.Debug|x64.ActiveCfg = Debug|Any CPU
		{B389B0F4-C788-436E-A108-D01F38FCB3ED}.Debug|x86.ActiveCfg = Debug|Any CPU
		{B389B0F4-C788-436E-A108-D01F38FCB3ED}.Release|Any CPU.ActiveCfg = Release|Any CPU
		{B389B0F4-C788-436E-A108-D01F38FCB3ED}.Release|Any CPU.Build.0 = Release|Any CPU
		{B389B0F4-C788-436E-A108-D01F38FCB3ED}.Release|Mixed Platforms.ActiveCfg = Release|Any CPU
		{B389B0F4-C788-436E-A108-D01F38FCB3ED}.Release|Mixed Platforms.Build.0 = Release|Any CPU
		{B389B0F4-C788-436E-A108-D01F38FCB3ED}.Release|x64.ActiveCfg = Release|Any CPU
		{B389B0F4-C788-436E-A108-D01F38FCB3ED}.Release|x64.Build.0 = Release|Any CPU
		{B389B0F4-C788-436E-A108-D01F38FCB3ED}.Release|x86.ActiveCfg = Release|Any CPU
		{B389B0F4-C788-436E-A108-D01F38FCB3ED}.Release|x86.Build.0 = Release|Any CPU
		{E51E5CE2-7EBE-4E60-936E-DF5B63C63699}.Debug|Any CPU.ActiveCfg = Debug|Any CPU
		{E51E5CE2-7EBE-4E60-936E-DF5B63C63699}.Debug|Any CPU.Build.0 = Debug|Any CPU
		{E51E5CE2-7EBE-4E60-936E-DF5B63C63699}.Debug|Mixed Platforms.ActiveCfg = Debug|Any CPU
		{E51E5CE2-7EBE-4E60-936E-DF5B63C63699}.Debug|Mixed Platforms.Build.0 = Debug|Any CPU
		{E51E5CE2-7EBE-4E60-936E-DF5B63C63699}.Debug|x64.ActiveCfg = Debug|Any CPU
		{E51E5CE2-7EBE-4E60-936E-DF5B63C63699}.Debug|x86.ActiveCfg = Debug|Any CPU
		{E51E5CE2-7EBE-4E60-936E-DF5B63C63699}.Release|Any CPU.ActiveCfg = Release|Any CPU
		{E51E5CE2-7EBE-4E60-936E-DF5B63C63699}.Release|Any CPU.Build.0 = Release|Any CPU
		{E51E5CE2-7EBE-4E60-936E-DF5B63C63699}.Release|Mixed Platforms.ActiveCfg = Release|Any CPU
		{E51E5CE2-7EBE-4E60-936E-DF5B63C63699}.Release|Mixed Platforms.Build.0 = Release|Any CPU
		{E51E5CE2-7EBE-4E60-936E-DF5B63C63699}.Release|x64.ActiveCfg = Release|Any CPU
		{E51E5CE2-7EBE-4E60-936E-DF5B63C63699}.Release|x64.Build.0 = Release|Any CPU
		{E51E5CE2-7EBE-4E60-936E-DF5B63C63699}.Release|x86.ActiveCfg = Release|Any CPU
		{E51E5CE2-7EBE-4E60-936E-DF5B63C63699}.Release|x86.Build.0 = Release|Any CPU
		{6E068DAE-2A49-497D-BD67-ADF92730156E}.Debug|Any CPU.ActiveCfg = Debug|Any CPU
		{6E068DAE-2A49-497D-BD67-ADF92730156E}.Debug|Any CPU.Build.0 = Debug|Any CPU
		{6E068DAE-2A49-497D-BD67-ADF92730156E}.Debug|Mixed Platforms.ActiveCfg = Debug|Any CPU
		{6E068DAE-2A49-497D-BD67-ADF92730156E}.Debug|Mixed Platforms.Build.0 = Debug|Any CPU
		{6E068DAE-2A49-497D-BD67-ADF92730156E}.Debug|x64.ActiveCfg = Debug|Any CPU
		{6E068DAE-2A49-497D-BD67-ADF92730156E}.Debug|x86.ActiveCfg = Debug|Any CPU
		{6E068DAE-2A49-497D-BD67-ADF92730156E}.Release|Any CPU.ActiveCfg = Release|Any CPU
		{6E068DAE-2A49-497D-BD67-ADF92730156E}.Release|Any CPU.Build.0 = Release|Any CPU
		{6E068DAE-2A49-497D-BD67-ADF92730156E}.Release|Mixed Platforms.ActiveCfg = Release|Any CPU
		{6E068DAE-2A49-497D-BD67-ADF92730156E}.Release|Mixed Platforms.Build.0 = Release|Any CPU
		{6E068DAE-2A49-497D-BD67-ADF92730156E}.Release|x64.ActiveCfg = Release|Any CPU
		{6E068DAE-2A49-497D-BD67-ADF92730156E}.Release|x64.Build.0 = Release|Any CPU
		{6E068DAE-2A49-497D-BD67-ADF92730156E}.Release|x86.ActiveCfg = Release|Any CPU
		{6E068DAE-2A49-497D-BD67-ADF92730156E}.Release|x86.Build.0 = Release|Any CPU
		{74A5112F-9638-4AD0-973D-60E558ECB93A}.Debug|Any CPU.ActiveCfg = Debug|Any CPU
		{74A5112F-9638-4AD0-973D-60E558ECB93A}.Debug|Any CPU.Build.0 = Debug|Any CPU
		{74A5112F-9638-4AD0-973D-60E558ECB93A}.Debug|Mixed Platforms.ActiveCfg = Debug|Any CPU
		{74A5112F-9638-4AD0-973D-60E558ECB93A}.Debug|Mixed Platforms.Build.0 = Debug|Any CPU
		{74A5112F-9638-4AD0-973D-60E558ECB93A}.Debug|x64.ActiveCfg = Debug|Any CPU
		{74A5112F-9638-4AD0-973D-60E558ECB93A}.Debug|x86.ActiveCfg = Debug|Any CPU
		{74A5112F-9638-4AD0-973D-60E558ECB93A}.Release|Any CPU.ActiveCfg = Release|Any CPU
		{74A5112F-9638-4AD0-973D-60E558ECB93A}.Release|Any CPU.Build.0 = Release|Any CPU
		{74A5112F-9638-4AD0-973D-60E558ECB93A}.Release|Mixed Platforms.ActiveCfg = Release|Any CPU
		{74A5112F-9638-4AD0-973D-60E558ECB93A}.Release|Mixed Platforms.Build.0 = Release|Any CPU
		{74A5112F-9638-4AD0-973D-60E558ECB93A}.Release|x64.ActiveCfg = Release|Any CPU
		{74A5112F-9638-4AD0-973D-60E558ECB93A}.Release|x64.Build.0 = Release|Any CPU
		{74A5112F-9638-4AD0-973D-60E558ECB93A}.Release|x86.ActiveCfg = Release|Any CPU
		{74A5112F-9638-4AD0-973D-60E558ECB93A}.Release|x86.Build.0 = Release|Any CPU
		{20228080-72CF-4BAD-B3CC-7DB267643175}.Debug|Any CPU.ActiveCfg = Debug|Any CPU
		{20228080-72CF-4BAD-B3CC-7DB267643175}.Debug|Any CPU.Build.0 = Debug|Any CPU
		{20228080-72CF-4BAD-B3CC-7DB267643175}.Debug|Mixed Platforms.ActiveCfg = Debug|Any CPU
		{20228080-72CF-4BAD-B3CC-7DB267643175}.Debug|Mixed Platforms.Build.0 = Debug|Any CPU
		{20228080-72CF-4BAD-B3CC-7DB267643175}.Debug|x64.ActiveCfg = Debug|Any CPU
		{20228080-72CF-4BAD-B3CC-7DB267643175}.Debug|x64.Build.0 = Debug|Any CPU
		{20228080-72CF-4BAD-B3CC-7DB267643175}.Debug|x86.ActiveCfg = Debug|Any CPU
		{20228080-72CF-4BAD-B3CC-7DB267643175}.Release|Any CPU.ActiveCfg = Release|Any CPU
		{20228080-72CF-4BAD-B3CC-7DB267643175}.Release|Any CPU.Build.0 = Release|Any CPU
		{20228080-72CF-4BAD-B3CC-7DB267643175}.Release|Mixed Platforms.ActiveCfg = Release|Any CPU
		{20228080-72CF-4BAD-B3CC-7DB267643175}.Release|Mixed Platforms.Build.0 = Release|Any CPU
		{20228080-72CF-4BAD-B3CC-7DB267643175}.Release|x64.ActiveCfg = Release|Any CPU
		{20228080-72CF-4BAD-B3CC-7DB267643175}.Release|x64.Build.0 = Release|Any CPU
		{20228080-72CF-4BAD-B3CC-7DB267643175}.Release|x86.ActiveCfg = Release|Any CPU
		{20228080-72CF-4BAD-B3CC-7DB267643175}.Release|x86.Build.0 = Release|Any CPU
		{BEAA546E-6C3D-47F4-85D9-6BB598B5D8B8}.Debug|Any CPU.ActiveCfg = Debug|Any CPU
		{BEAA546E-6C3D-47F4-85D9-6BB598B5D8B8}.Debug|Any CPU.Build.0 = Debug|Any CPU
		{BEAA546E-6C3D-47F4-85D9-6BB598B5D8B8}.Debug|Mixed Platforms.ActiveCfg = Debug|Any CPU
		{BEAA546E-6C3D-47F4-85D9-6BB598B5D8B8}.Debug|Mixed Platforms.Build.0 = Debug|Any CPU
		{BEAA546E-6C3D-47F4-85D9-6BB598B5D8B8}.Debug|x64.ActiveCfg = Debug|Any CPU
		{BEAA546E-6C3D-47F4-85D9-6BB598B5D8B8}.Debug|x64.Build.0 = Debug|Any CPU
		{BEAA546E-6C3D-47F4-85D9-6BB598B5D8B8}.Debug|x86.ActiveCfg = Debug|Any CPU
		{BEAA546E-6C3D-47F4-85D9-6BB598B5D8B8}.Release|Any CPU.ActiveCfg = Release|Any CPU
		{BEAA546E-6C3D-47F4-85D9-6BB598B5D8B8}.Release|Any CPU.Build.0 = Release|Any CPU
		{BEAA546E-6C3D-47F4-85D9-6BB598B5D8B8}.Release|Mixed Platforms.ActiveCfg = Release|Any CPU
		{BEAA546E-6C3D-47F4-85D9-6BB598B5D8B8}.Release|Mixed Platforms.Build.0 = Release|Any CPU
		{BEAA546E-6C3D-47F4-85D9-6BB598B5D8B8}.Release|x64.ActiveCfg = Release|Any CPU
		{BEAA546E-6C3D-47F4-85D9-6BB598B5D8B8}.Release|x64.Build.0 = Release|Any CPU
		{BEAA546E-6C3D-47F4-85D9-6BB598B5D8B8}.Release|x86.ActiveCfg = Release|Any CPU
		{BEAA546E-6C3D-47F4-85D9-6BB598B5D8B8}.Release|x86.Build.0 = Release|Any CPU
		{A799B0E7-6D05-46B4-B276-9B12F73596B7}.Debug|Any CPU.ActiveCfg = Debug|Any CPU
		{A799B0E7-6D05-46B4-B276-9B12F73596B7}.Debug|Any CPU.Build.0 = Debug|Any CPU
		{A799B0E7-6D05-46B4-B276-9B12F73596B7}.Debug|Mixed Platforms.ActiveCfg = Debug|Any CPU
		{A799B0E7-6D05-46B4-B276-9B12F73596B7}.Debug|Mixed Platforms.Build.0 = Debug|Any CPU
		{A799B0E7-6D05-46B4-B276-9B12F73596B7}.Debug|x64.ActiveCfg = Debug|Any CPU
		{A799B0E7-6D05-46B4-B276-9B12F73596B7}.Debug|x86.ActiveCfg = Debug|Any CPU
		{A799B0E7-6D05-46B4-B276-9B12F73596B7}.Release|Any CPU.ActiveCfg = Release|Any CPU
		{A799B0E7-6D05-46B4-B276-9B12F73596B7}.Release|Any CPU.Build.0 = Release|Any CPU
		{A799B0E7-6D05-46B4-B276-9B12F73596B7}.Release|Mixed Platforms.ActiveCfg = Release|Any CPU
		{A799B0E7-6D05-46B4-B276-9B12F73596B7}.Release|Mixed Platforms.Build.0 = Release|Any CPU
		{A799B0E7-6D05-46B4-B276-9B12F73596B7}.Release|x64.ActiveCfg = Release|Any CPU
		{A799B0E7-6D05-46B4-B276-9B12F73596B7}.Release|x64.Build.0 = Release|Any CPU
		{A799B0E7-6D05-46B4-B276-9B12F73596B7}.Release|x86.ActiveCfg = Release|Any CPU
		{A799B0E7-6D05-46B4-B276-9B12F73596B7}.Release|x86.Build.0 = Release|Any CPU
		{50484884-D642-4C02-90FE-CB6B41342DEB}.Debug|Any CPU.ActiveCfg = Debug|Any CPU
		{50484884-D642-4C02-90FE-CB6B41342DEB}.Debug|Any CPU.Build.0 = Debug|Any CPU
		{50484884-D642-4C02-90FE-CB6B41342DEB}.Debug|Mixed Platforms.ActiveCfg = Debug|Any CPU
		{50484884-D642-4C02-90FE-CB6B41342DEB}.Debug|Mixed Platforms.Build.0 = Debug|Any CPU
		{50484884-D642-4C02-90FE-CB6B41342DEB}.Debug|x64.ActiveCfg = Debug|Any CPU
		{50484884-D642-4C02-90FE-CB6B41342DEB}.Debug|x86.ActiveCfg = Debug|Any CPU
		{50484884-D642-4C02-90FE-CB6B41342DEB}.Release|Any CPU.ActiveCfg = Release|Any CPU
		{50484884-D642-4C02-90FE-CB6B41342DEB}.Release|Any CPU.Build.0 = Release|Any CPU
		{50484884-D642-4C02-90FE-CB6B41342DEB}.Release|Mixed Platforms.ActiveCfg = Release|Any CPU
		{50484884-D642-4C02-90FE-CB6B41342DEB}.Release|Mixed Platforms.Build.0 = Release|Any CPU
		{50484884-D642-4C02-90FE-CB6B41342DEB}.Release|x64.ActiveCfg = Release|Any CPU
		{50484884-D642-4C02-90FE-CB6B41342DEB}.Release|x64.Build.0 = Release|Any CPU
		{50484884-D642-4C02-90FE-CB6B41342DEB}.Release|x86.ActiveCfg = Release|Any CPU
		{50484884-D642-4C02-90FE-CB6B41342DEB}.Release|x86.Build.0 = Release|Any CPU
		{B45A4B28-CD7E-4B09-9B33-D447A63626E7}.Debug|Any CPU.ActiveCfg = Debug|Any CPU
		{B45A4B28-CD7E-4B09-9B33-D447A63626E7}.Debug|Any CPU.Build.0 = Debug|Any CPU
		{B45A4B28-CD7E-4B09-9B33-D447A63626E7}.Debug|Mixed Platforms.ActiveCfg = Debug|Any CPU
		{B45A4B28-CD7E-4B09-9B33-D447A63626E7}.Debug|Mixed Platforms.Build.0 = Debug|Any CPU
		{B45A4B28-CD7E-4B09-9B33-D447A63626E7}.Debug|x64.ActiveCfg = Debug|Any CPU
		{B45A4B28-CD7E-4B09-9B33-D447A63626E7}.Debug|x64.Build.0 = Debug|Any CPU
		{B45A4B28-CD7E-4B09-9B33-D447A63626E7}.Debug|x86.ActiveCfg = Debug|Any CPU
		{B45A4B28-CD7E-4B09-9B33-D447A63626E7}.Release|Any CPU.ActiveCfg = Release|Any CPU
		{B45A4B28-CD7E-4B09-9B33-D447A63626E7}.Release|Any CPU.Build.0 = Release|Any CPU
		{B45A4B28-CD7E-4B09-9B33-D447A63626E7}.Release|Mixed Platforms.ActiveCfg = Release|Any CPU
		{B45A4B28-CD7E-4B09-9B33-D447A63626E7}.Release|Mixed Platforms.Build.0 = Release|Any CPU
		{B45A4B28-CD7E-4B09-9B33-D447A63626E7}.Release|x64.ActiveCfg = Release|Any CPU
		{B45A4B28-CD7E-4B09-9B33-D447A63626E7}.Release|x64.Build.0 = Release|Any CPU
		{B45A4B28-CD7E-4B09-9B33-D447A63626E7}.Release|x86.ActiveCfg = Release|Any CPU
		{B45A4B28-CD7E-4B09-9B33-D447A63626E7}.Release|x86.Build.0 = Release|Any CPU
		{1561DE7A-8ED5-4BB0-9951-E7D807581C72}.Debug|Any CPU.ActiveCfg = Debug|Any CPU
		{1561DE7A-8ED5-4BB0-9951-E7D807581C72}.Debug|Any CPU.Build.0 = Debug|Any CPU
		{1561DE7A-8ED5-4BB0-9951-E7D807581C72}.Debug|Mixed Platforms.ActiveCfg = Debug|Any CPU
		{1561DE7A-8ED5-4BB0-9951-E7D807581C72}.Debug|Mixed Platforms.Build.0 = Debug|Any CPU
		{1561DE7A-8ED5-4BB0-9951-E7D807581C72}.Debug|x64.ActiveCfg = Debug|Any CPU
		{1561DE7A-8ED5-4BB0-9951-E7D807581C72}.Debug|x86.ActiveCfg = Debug|Any CPU
		{1561DE7A-8ED5-4BB0-9951-E7D807581C72}.Release|Any CPU.ActiveCfg = Release|Any CPU
		{1561DE7A-8ED5-4BB0-9951-E7D807581C72}.Release|Any CPU.Build.0 = Release|Any CPU
		{1561DE7A-8ED5-4BB0-9951-E7D807581C72}.Release|Mixed Platforms.ActiveCfg = Release|Any CPU
		{1561DE7A-8ED5-4BB0-9951-E7D807581C72}.Release|Mixed Platforms.Build.0 = Release|Any CPU
		{1561DE7A-8ED5-4BB0-9951-E7D807581C72}.Release|x64.ActiveCfg = Release|Any CPU
		{1561DE7A-8ED5-4BB0-9951-E7D807581C72}.Release|x64.Build.0 = Release|Any CPU
		{1561DE7A-8ED5-4BB0-9951-E7D807581C72}.Release|x86.ActiveCfg = Release|Any CPU
		{1561DE7A-8ED5-4BB0-9951-E7D807581C72}.Release|x86.Build.0 = Release|Any CPU
		{FF0EE03E-0A02-40F1-8064-D055EF41F949}.Debug|Any CPU.ActiveCfg = Debug|Any CPU
		{FF0EE03E-0A02-40F1-8064-D055EF41F949}.Debug|Any CPU.Build.0 = Debug|Any CPU
		{FF0EE03E-0A02-40F1-8064-D055EF41F949}.Debug|Mixed Platforms.ActiveCfg = Debug|Any CPU
		{FF0EE03E-0A02-40F1-8064-D055EF41F949}.Debug|Mixed Platforms.Build.0 = Debug|Any CPU
		{FF0EE03E-0A02-40F1-8064-D055EF41F949}.Debug|x64.ActiveCfg = Debug|Any CPU
		{FF0EE03E-0A02-40F1-8064-D055EF41F949}.Debug|x86.ActiveCfg = Debug|Any CPU
		{FF0EE03E-0A02-40F1-8064-D055EF41F949}.Release|Any CPU.ActiveCfg = Release|Any CPU
		{FF0EE03E-0A02-40F1-8064-D055EF41F949}.Release|Any CPU.Build.0 = Release|Any CPU
		{FF0EE03E-0A02-40F1-8064-D055EF41F949}.Release|Mixed Platforms.ActiveCfg = Release|Any CPU
		{FF0EE03E-0A02-40F1-8064-D055EF41F949}.Release|Mixed Platforms.Build.0 = Release|Any CPU
		{FF0EE03E-0A02-40F1-8064-D055EF41F949}.Release|x64.ActiveCfg = Release|Any CPU
		{FF0EE03E-0A02-40F1-8064-D055EF41F949}.Release|x64.Build.0 = Release|Any CPU
		{FF0EE03E-0A02-40F1-8064-D055EF41F949}.Release|x64.Deploy.0 = Release|Any CPU
		{FF0EE03E-0A02-40F1-8064-D055EF41F949}.Release|x86.ActiveCfg = Release|Any CPU
		{FF0EE03E-0A02-40F1-8064-D055EF41F949}.Release|x86.Build.0 = Release|Any CPU
		{6E191592-ACC7-4444-A7E3-88258C8709FE}.Debug|Any CPU.ActiveCfg = Debug|Any CPU
		{6E191592-ACC7-4444-A7E3-88258C8709FE}.Debug|Any CPU.Build.0 = Debug|Any CPU
		{6E191592-ACC7-4444-A7E3-88258C8709FE}.Debug|Mixed Platforms.ActiveCfg = Debug|Any CPU
		{6E191592-ACC7-4444-A7E3-88258C8709FE}.Debug|Mixed Platforms.Build.0 = Debug|Any CPU
		{6E191592-ACC7-4444-A7E3-88258C8709FE}.Debug|x64.ActiveCfg = Debug|Any CPU
		{6E191592-ACC7-4444-A7E3-88258C8709FE}.Debug|x86.ActiveCfg = Debug|Any CPU
		{6E191592-ACC7-4444-A7E3-88258C8709FE}.Release|Any CPU.ActiveCfg = Release|Any CPU
		{6E191592-ACC7-4444-A7E3-88258C8709FE}.Release|Any CPU.Build.0 = Release|Any CPU
		{6E191592-ACC7-4444-A7E3-88258C8709FE}.Release|Mixed Platforms.ActiveCfg = Release|Any CPU
		{6E191592-ACC7-4444-A7E3-88258C8709FE}.Release|Mixed Platforms.Build.0 = Release|Any CPU
		{6E191592-ACC7-4444-A7E3-88258C8709FE}.Release|x64.ActiveCfg = Release|Any CPU
		{6E191592-ACC7-4444-A7E3-88258C8709FE}.Release|x64.Build.0 = Release|Any CPU
		{6E191592-ACC7-4444-A7E3-88258C8709FE}.Release|x86.ActiveCfg = Release|Any CPU
		{6E191592-ACC7-4444-A7E3-88258C8709FE}.Release|x86.Build.0 = Release|Any CPU
		{667CDE0B-0AE3-4DF5-9D81-D91EF0BDCEDA}.Debug|Any CPU.ActiveCfg = Debug|Any CPU
		{667CDE0B-0AE3-4DF5-9D81-D91EF0BDCEDA}.Debug|Any CPU.Build.0 = Debug|Any CPU
		{667CDE0B-0AE3-4DF5-9D81-D91EF0BDCEDA}.Debug|Mixed Platforms.ActiveCfg = Debug|Any CPU
		{667CDE0B-0AE3-4DF5-9D81-D91EF0BDCEDA}.Debug|Mixed Platforms.Build.0 = Debug|Any CPU
		{667CDE0B-0AE3-4DF5-9D81-D91EF0BDCEDA}.Debug|x64.ActiveCfg = Debug|Any CPU
		{667CDE0B-0AE3-4DF5-9D81-D91EF0BDCEDA}.Debug|x86.ActiveCfg = Debug|Any CPU
		{667CDE0B-0AE3-4DF5-9D81-D91EF0BDCEDA}.Release|Any CPU.ActiveCfg = Release|Any CPU
		{667CDE0B-0AE3-4DF5-9D81-D91EF0BDCEDA}.Release|Any CPU.Build.0 = Release|Any CPU
		{667CDE0B-0AE3-4DF5-9D81-D91EF0BDCEDA}.Release|Mixed Platforms.ActiveCfg = Release|Any CPU
		{667CDE0B-0AE3-4DF5-9D81-D91EF0BDCEDA}.Release|Mixed Platforms.Build.0 = Release|Any CPU
		{667CDE0B-0AE3-4DF5-9D81-D91EF0BDCEDA}.Release|x64.ActiveCfg = Release|Any CPU
		{667CDE0B-0AE3-4DF5-9D81-D91EF0BDCEDA}.Release|x64.Build.0 = Release|Any CPU
		{667CDE0B-0AE3-4DF5-9D81-D91EF0BDCEDA}.Release|x86.ActiveCfg = Release|Any CPU
		{667CDE0B-0AE3-4DF5-9D81-D91EF0BDCEDA}.Release|x86.Build.0 = Release|Any CPU
		{76D6E405-4048-4588-8FC5-0895701E6D96}.Debug|Any CPU.ActiveCfg = Debug|Any CPU
		{76D6E405-4048-4588-8FC5-0895701E6D96}.Debug|Any CPU.Build.0 = Debug|Any CPU
		{76D6E405-4048-4588-8FC5-0895701E6D96}.Debug|Any CPU.Deploy.0 = Debug|Any CPU
		{76D6E405-4048-4588-8FC5-0895701E6D96}.Debug|Mixed Platforms.ActiveCfg = Debug|Any CPU
		{76D6E405-4048-4588-8FC5-0895701E6D96}.Debug|Mixed Platforms.Build.0 = Debug|Any CPU
		{76D6E405-4048-4588-8FC5-0895701E6D96}.Debug|x64.ActiveCfg = Debug|Any CPU
		{76D6E405-4048-4588-8FC5-0895701E6D96}.Debug|x86.ActiveCfg = Debug|Any CPU
		{76D6E405-4048-4588-8FC5-0895701E6D96}.Release|Any CPU.ActiveCfg = Release|Any CPU
		{76D6E405-4048-4588-8FC5-0895701E6D96}.Release|Any CPU.Build.0 = Release|Any CPU
		{76D6E405-4048-4588-8FC5-0895701E6D96}.Release|Mixed Platforms.ActiveCfg = Release|Any CPU
		{76D6E405-4048-4588-8FC5-0895701E6D96}.Release|Mixed Platforms.Build.0 = Release|Any CPU
		{76D6E405-4048-4588-8FC5-0895701E6D96}.Release|x64.ActiveCfg = Release|Any CPU
		{76D6E405-4048-4588-8FC5-0895701E6D96}.Release|x64.Build.0 = Release|Any CPU
		{76D6E405-4048-4588-8FC5-0895701E6D96}.Release|x86.ActiveCfg = Release|Any CPU
		{76D6E405-4048-4588-8FC5-0895701E6D96}.Release|x86.Build.0 = Release|Any CPU
		{FA1CBAF1-50D9-4AF8-A4F4-B2101DB9C878}.Debug|Any CPU.ActiveCfg = Debug|Any CPU
		{FA1CBAF1-50D9-4AF8-A4F4-B2101DB9C878}.Debug|Any CPU.Build.0 = Debug|Any CPU
		{FA1CBAF1-50D9-4AF8-A4F4-B2101DB9C878}.Debug|Mixed Platforms.ActiveCfg = Debug|Any CPU
		{FA1CBAF1-50D9-4AF8-A4F4-B2101DB9C878}.Debug|Mixed Platforms.Build.0 = Debug|Any CPU
		{FA1CBAF1-50D9-4AF8-A4F4-B2101DB9C878}.Debug|x64.ActiveCfg = Debug|Any CPU
		{FA1CBAF1-50D9-4AF8-A4F4-B2101DB9C878}.Debug|x64.Build.0 = Debug|Any CPU
		{FA1CBAF1-50D9-4AF8-A4F4-B2101DB9C878}.Debug|x86.ActiveCfg = Debug|Any CPU
		{FA1CBAF1-50D9-4AF8-A4F4-B2101DB9C878}.Release|Any CPU.ActiveCfg = Release|Any CPU
		{FA1CBAF1-50D9-4AF8-A4F4-B2101DB9C878}.Release|Any CPU.Build.0 = Release|Any CPU
		{FA1CBAF1-50D9-4AF8-A4F4-B2101DB9C878}.Release|Mixed Platforms.ActiveCfg = Release|Any CPU
		{FA1CBAF1-50D9-4AF8-A4F4-B2101DB9C878}.Release|Mixed Platforms.Build.0 = Release|Any CPU
		{FA1CBAF1-50D9-4AF8-A4F4-B2101DB9C878}.Release|x64.ActiveCfg = Release|Any CPU
		{FA1CBAF1-50D9-4AF8-A4F4-B2101DB9C878}.Release|x64.Build.0 = Release|Any CPU
		{FA1CBAF1-50D9-4AF8-A4F4-B2101DB9C878}.Release|x86.ActiveCfg = Release|Any CPU
		{FA1CBAF1-50D9-4AF8-A4F4-B2101DB9C878}.Release|x86.Build.0 = Release|Any CPU
		{D087A5BA-0E1B-44C2-A739-AD8153EDC8C4}.Debug|Any CPU.ActiveCfg = Debug|Any CPU
		{D087A5BA-0E1B-44C2-A739-AD8153EDC8C4}.Debug|Any CPU.Build.0 = Debug|Any CPU
		{D087A5BA-0E1B-44C2-A739-AD8153EDC8C4}.Debug|Mixed Platforms.ActiveCfg = Debug|Any CPU
		{D087A5BA-0E1B-44C2-A739-AD8153EDC8C4}.Debug|Mixed Platforms.Build.0 = Debug|Any CPU
		{D087A5BA-0E1B-44C2-A739-AD8153EDC8C4}.Debug|x64.ActiveCfg = Debug|Any CPU
		{D087A5BA-0E1B-44C2-A739-AD8153EDC8C4}.Debug|x86.ActiveCfg = Debug|Any CPU
		{D087A5BA-0E1B-44C2-A739-AD8153EDC8C4}.Release|Any CPU.ActiveCfg = Release|Any CPU
		{D087A5BA-0E1B-44C2-A739-AD8153EDC8C4}.Release|Any CPU.Build.0 = Release|Any CPU
		{D087A5BA-0E1B-44C2-A739-AD8153EDC8C4}.Release|Mixed Platforms.ActiveCfg = Release|Any CPU
		{D087A5BA-0E1B-44C2-A739-AD8153EDC8C4}.Release|Mixed Platforms.Build.0 = Release|Any CPU
		{D087A5BA-0E1B-44C2-A739-AD8153EDC8C4}.Release|x64.ActiveCfg = Release|Any CPU
		{D087A5BA-0E1B-44C2-A739-AD8153EDC8C4}.Release|x64.Build.0 = Release|Any CPU
		{D087A5BA-0E1B-44C2-A739-AD8153EDC8C4}.Release|x86.ActiveCfg = Release|Any CPU
		{D087A5BA-0E1B-44C2-A739-AD8153EDC8C4}.Release|x86.Build.0 = Release|Any CPU
		{F700EBEE-B744-4A60-807D-22DCE582C8A4}.Debug|Any CPU.ActiveCfg = Debug|Any CPU
		{F700EBEE-B744-4A60-807D-22DCE582C8A4}.Debug|Any CPU.Build.0 = Debug|Any CPU
		{F700EBEE-B744-4A60-807D-22DCE582C8A4}.Debug|Mixed Platforms.ActiveCfg = Debug|Any CPU
		{F700EBEE-B744-4A60-807D-22DCE582C8A4}.Debug|Mixed Platforms.Build.0 = Debug|Any CPU
		{F700EBEE-B744-4A60-807D-22DCE582C8A4}.Debug|x64.ActiveCfg = Debug|Any CPU
		{F700EBEE-B744-4A60-807D-22DCE582C8A4}.Debug|x86.ActiveCfg = Debug|Any CPU
		{F700EBEE-B744-4A60-807D-22DCE582C8A4}.Release|Any CPU.ActiveCfg = Release|Any CPU
		{F700EBEE-B744-4A60-807D-22DCE582C8A4}.Release|Any CPU.Build.0 = Release|Any CPU
		{F700EBEE-B744-4A60-807D-22DCE582C8A4}.Release|Mixed Platforms.ActiveCfg = Release|Any CPU
		{F700EBEE-B744-4A60-807D-22DCE582C8A4}.Release|Mixed Platforms.Build.0 = Release|Any CPU
		{F700EBEE-B744-4A60-807D-22DCE582C8A4}.Release|x64.ActiveCfg = Release|Any CPU
		{F700EBEE-B744-4A60-807D-22DCE582C8A4}.Release|x64.Build.0 = Release|Any CPU
		{F700EBEE-B744-4A60-807D-22DCE582C8A4}.Release|x86.ActiveCfg = Release|Any CPU
		{F700EBEE-B744-4A60-807D-22DCE582C8A4}.Release|x86.Build.0 = Release|Any CPU
		{C2628DB8-9D97-4655-B861-605A9E9FA6D7}.Debug|Any CPU.ActiveCfg = Debug|Any CPU
		{C2628DB8-9D97-4655-B861-605A9E9FA6D7}.Debug|Any CPU.Build.0 = Debug|Any CPU
		{C2628DB8-9D97-4655-B861-605A9E9FA6D7}.Debug|Mixed Platforms.ActiveCfg = Debug|Any CPU
		{C2628DB8-9D97-4655-B861-605A9E9FA6D7}.Debug|Mixed Platforms.Build.0 = Debug|Any CPU
		{C2628DB8-9D97-4655-B861-605A9E9FA6D7}.Debug|x64.ActiveCfg = Debug|Any CPU
		{C2628DB8-9D97-4655-B861-605A9E9FA6D7}.Debug|x86.ActiveCfg = Debug|Any CPU
		{C2628DB8-9D97-4655-B861-605A9E9FA6D7}.Release|Any CPU.ActiveCfg = Release|Any CPU
		{C2628DB8-9D97-4655-B861-605A9E9FA6D7}.Release|Any CPU.Build.0 = Release|Any CPU
		{C2628DB8-9D97-4655-B861-605A9E9FA6D7}.Release|Mixed Platforms.ActiveCfg = Release|Any CPU
		{C2628DB8-9D97-4655-B861-605A9E9FA6D7}.Release|Mixed Platforms.Build.0 = Release|Any CPU
		{C2628DB8-9D97-4655-B861-605A9E9FA6D7}.Release|x64.ActiveCfg = Release|Any CPU
		{C2628DB8-9D97-4655-B861-605A9E9FA6D7}.Release|x64.Build.0 = Release|Any CPU
		{C2628DB8-9D97-4655-B861-605A9E9FA6D7}.Release|x86.ActiveCfg = Release|Any CPU
		{C2628DB8-9D97-4655-B861-605A9E9FA6D7}.Release|x86.Build.0 = Release|Any CPU
		{818BD18E-F1FE-45E3-96D4-984E76FEC84D}.Debug|Any CPU.ActiveCfg = Debug|Any CPU
		{818BD18E-F1FE-45E3-96D4-984E76FEC84D}.Debug|Any CPU.Build.0 = Debug|Any CPU
		{818BD18E-F1FE-45E3-96D4-984E76FEC84D}.Debug|Mixed Platforms.ActiveCfg = Debug|Any CPU
		{818BD18E-F1FE-45E3-96D4-984E76FEC84D}.Debug|Mixed Platforms.Build.0 = Debug|Any CPU
		{818BD18E-F1FE-45E3-96D4-984E76FEC84D}.Debug|x64.ActiveCfg = Debug|Any CPU
		{818BD18E-F1FE-45E3-96D4-984E76FEC84D}.Debug|x64.Build.0 = Debug|Any CPU
		{818BD18E-F1FE-45E3-96D4-984E76FEC84D}.Debug|x86.ActiveCfg = Debug|Any CPU
		{818BD18E-F1FE-45E3-96D4-984E76FEC84D}.Release|Any CPU.ActiveCfg = Release|Any CPU
		{818BD18E-F1FE-45E3-96D4-984E76FEC84D}.Release|Any CPU.Build.0 = Release|Any CPU
		{818BD18E-F1FE-45E3-96D4-984E76FEC84D}.Release|Mixed Platforms.ActiveCfg = Release|Any CPU
		{818BD18E-F1FE-45E3-96D4-984E76FEC84D}.Release|Mixed Platforms.Build.0 = Release|Any CPU
		{818BD18E-F1FE-45E3-96D4-984E76FEC84D}.Release|x64.ActiveCfg = Release|Any CPU
		{818BD18E-F1FE-45E3-96D4-984E76FEC84D}.Release|x64.Build.0 = Release|Any CPU
		{818BD18E-F1FE-45E3-96D4-984E76FEC84D}.Release|x86.ActiveCfg = Release|Any CPU
		{818BD18E-F1FE-45E3-96D4-984E76FEC84D}.Release|x86.Build.0 = Release|Any CPU
		{CC6D2FE3-42FB-41F0-83C3-EDDC02FF1224}.Debug|Any CPU.ActiveCfg = Debug|Any CPU
		{CC6D2FE3-42FB-41F0-83C3-EDDC02FF1224}.Debug|Any CPU.Build.0 = Debug|Any CPU
		{CC6D2FE3-42FB-41F0-83C3-EDDC02FF1224}.Debug|Mixed Platforms.ActiveCfg = Debug|Any CPU
		{CC6D2FE3-42FB-41F0-83C3-EDDC02FF1224}.Debug|Mixed Platforms.Build.0 = Debug|Any CPU
		{CC6D2FE3-42FB-41F0-83C3-EDDC02FF1224}.Debug|x64.ActiveCfg = Debug|Any CPU
		{CC6D2FE3-42FB-41F0-83C3-EDDC02FF1224}.Debug|x64.Build.0 = Debug|Any CPU
		{CC6D2FE3-42FB-41F0-83C3-EDDC02FF1224}.Debug|x86.ActiveCfg = Debug|Any CPU
		{CC6D2FE3-42FB-41F0-83C3-EDDC02FF1224}.Release|Any CPU.ActiveCfg = Release|Any CPU
		{CC6D2FE3-42FB-41F0-83C3-EDDC02FF1224}.Release|Any CPU.Build.0 = Release|Any CPU
		{CC6D2FE3-42FB-41F0-83C3-EDDC02FF1224}.Release|Mixed Platforms.ActiveCfg = Release|Any CPU
		{CC6D2FE3-42FB-41F0-83C3-EDDC02FF1224}.Release|Mixed Platforms.Build.0 = Release|Any CPU
		{CC6D2FE3-42FB-41F0-83C3-EDDC02FF1224}.Release|x64.ActiveCfg = Release|Any CPU
		{CC6D2FE3-42FB-41F0-83C3-EDDC02FF1224}.Release|x64.Build.0 = Release|Any CPU
		{CC6D2FE3-42FB-41F0-83C3-EDDC02FF1224}.Release|x86.ActiveCfg = Release|Any CPU
		{CC6D2FE3-42FB-41F0-83C3-EDDC02FF1224}.Release|x86.Build.0 = Release|Any CPU
		{D3BB71A6-A555-410E-A728-38D80ED52BE1}.Debug|Any CPU.ActiveCfg = Debug|Any CPU
		{D3BB71A6-A555-410E-A728-38D80ED52BE1}.Debug|Any CPU.Build.0 = Debug|Any CPU
		{D3BB71A6-A555-410E-A728-38D80ED52BE1}.Debug|Mixed Platforms.ActiveCfg = Debug|Any CPU
		{D3BB71A6-A555-410E-A728-38D80ED52BE1}.Debug|Mixed Platforms.Build.0 = Debug|Any CPU
		{D3BB71A6-A555-410E-A728-38D80ED52BE1}.Debug|x64.ActiveCfg = Debug|Any CPU
		{D3BB71A6-A555-410E-A728-38D80ED52BE1}.Debug|x86.ActiveCfg = Debug|Any CPU
		{D3BB71A6-A555-410E-A728-38D80ED52BE1}.Release|Any CPU.ActiveCfg = Release|Any CPU
		{D3BB71A6-A555-410E-A728-38D80ED52BE1}.Release|Any CPU.Build.0 = Release|Any CPU
		{D3BB71A6-A555-410E-A728-38D80ED52BE1}.Release|Mixed Platforms.ActiveCfg = Release|Any CPU
		{D3BB71A6-A555-410E-A728-38D80ED52BE1}.Release|Mixed Platforms.Build.0 = Release|Any CPU
		{D3BB71A6-A555-410E-A728-38D80ED52BE1}.Release|x64.ActiveCfg = Release|Any CPU
		{D3BB71A6-A555-410E-A728-38D80ED52BE1}.Release|x64.Build.0 = Release|Any CPU
		{D3BB71A6-A555-410E-A728-38D80ED52BE1}.Release|x86.ActiveCfg = Release|Any CPU
		{DBDBFEF3-A51C-4423-B2D6-AA9D014BDB9E}.Debug|Any CPU.ActiveCfg = Debug|Any CPU
		{DBDBFEF3-A51C-4423-B2D6-AA9D014BDB9E}.Debug|Any CPU.Build.0 = Debug|Any CPU
		{DBDBFEF3-A51C-4423-B2D6-AA9D014BDB9E}.Debug|Mixed Platforms.ActiveCfg = Debug|Any CPU
		{DBDBFEF3-A51C-4423-B2D6-AA9D014BDB9E}.Debug|Mixed Platforms.Build.0 = Debug|Any CPU
		{DBDBFEF3-A51C-4423-B2D6-AA9D014BDB9E}.Debug|x64.ActiveCfg = Debug|Any CPU
		{DBDBFEF3-A51C-4423-B2D6-AA9D014BDB9E}.Debug|x86.ActiveCfg = Debug|Any CPU
		{DBDBFEF3-A51C-4423-B2D6-AA9D014BDB9E}.Release|Any CPU.ActiveCfg = Release|Any CPU
		{DBDBFEF3-A51C-4423-B2D6-AA9D014BDB9E}.Release|Any CPU.Build.0 = Release|Any CPU
		{DBDBFEF3-A51C-4423-B2D6-AA9D014BDB9E}.Release|Mixed Platforms.ActiveCfg = Release|Any CPU
		{DBDBFEF3-A51C-4423-B2D6-AA9D014BDB9E}.Release|Mixed Platforms.Build.0 = Release|Any CPU
		{DBDBFEF3-A51C-4423-B2D6-AA9D014BDB9E}.Release|x64.ActiveCfg = Release|Any CPU
		{DBDBFEF3-A51C-4423-B2D6-AA9D014BDB9E}.Release|x64.Build.0 = Release|Any CPU
		{DBDBFEF3-A51C-4423-B2D6-AA9D014BDB9E}.Release|x86.ActiveCfg = Release|Any CPU
		{945C2E90-19B2-4629-828D-A5BB6D3215E2}.Debug|Any CPU.ActiveCfg = Debug|Any CPU
		{945C2E90-19B2-4629-828D-A5BB6D3215E2}.Debug|Any CPU.Build.0 = Debug|Any CPU
		{945C2E90-19B2-4629-828D-A5BB6D3215E2}.Debug|Mixed Platforms.ActiveCfg = Debug|Any CPU
		{945C2E90-19B2-4629-828D-A5BB6D3215E2}.Debug|Mixed Platforms.Build.0 = Debug|Any CPU
		{945C2E90-19B2-4629-828D-A5BB6D3215E2}.Debug|x64.ActiveCfg = Debug|Any CPU
		{945C2E90-19B2-4629-828D-A5BB6D3215E2}.Debug|x86.ActiveCfg = Debug|Any CPU
		{945C2E90-19B2-4629-828D-A5BB6D3215E2}.Release|Any CPU.ActiveCfg = Release|Any CPU
		{945C2E90-19B2-4629-828D-A5BB6D3215E2}.Release|Any CPU.Build.0 = Release|Any CPU
		{945C2E90-19B2-4629-828D-A5BB6D3215E2}.Release|Mixed Platforms.ActiveCfg = Release|Any CPU
		{945C2E90-19B2-4629-828D-A5BB6D3215E2}.Release|Mixed Platforms.Build.0 = Release|Any CPU
		{945C2E90-19B2-4629-828D-A5BB6D3215E2}.Release|x64.ActiveCfg = Release|Any CPU
		{945C2E90-19B2-4629-828D-A5BB6D3215E2}.Release|x64.Build.0 = Release|Any CPU
		{945C2E90-19B2-4629-828D-A5BB6D3215E2}.Release|x86.ActiveCfg = Release|Any CPU
		{955CC3DC-0212-44A0-BDBF-72E3ED0EE286}.Debug|Any CPU.ActiveCfg = Debug|Any CPU
		{955CC3DC-0212-44A0-BDBF-72E3ED0EE286}.Debug|Any CPU.Build.0 = Debug|Any CPU
		{955CC3DC-0212-44A0-BDBF-72E3ED0EE286}.Debug|Mixed Platforms.ActiveCfg = Debug|Any CPU
		{955CC3DC-0212-44A0-BDBF-72E3ED0EE286}.Debug|Mixed Platforms.Build.0 = Debug|Any CPU
		{955CC3DC-0212-44A0-BDBF-72E3ED0EE286}.Debug|x64.ActiveCfg = Debug|Any CPU
		{955CC3DC-0212-44A0-BDBF-72E3ED0EE286}.Debug|x86.ActiveCfg = Debug|Any CPU
		{955CC3DC-0212-44A0-BDBF-72E3ED0EE286}.Release|Any CPU.ActiveCfg = Release|Any CPU
		{955CC3DC-0212-44A0-BDBF-72E3ED0EE286}.Release|Any CPU.Build.0 = Release|Any CPU
		{955CC3DC-0212-44A0-BDBF-72E3ED0EE286}.Release|Mixed Platforms.ActiveCfg = Release|Any CPU
		{955CC3DC-0212-44A0-BDBF-72E3ED0EE286}.Release|Mixed Platforms.Build.0 = Release|Any CPU
		{955CC3DC-0212-44A0-BDBF-72E3ED0EE286}.Release|x64.ActiveCfg = Release|Any CPU
		{955CC3DC-0212-44A0-BDBF-72E3ED0EE286}.Release|x64.Build.0 = Release|Any CPU
		{955CC3DC-0212-44A0-BDBF-72E3ED0EE286}.Release|x86.ActiveCfg = Release|Any CPU
		{C0DC5DE4-57E1-4417-A149-D5FFCA08EFD8}.Debug|Any CPU.ActiveCfg = Debug|Any CPU
		{C0DC5DE4-57E1-4417-A149-D5FFCA08EFD8}.Debug|Any CPU.Build.0 = Debug|Any CPU
		{C0DC5DE4-57E1-4417-A149-D5FFCA08EFD8}.Debug|Mixed Platforms.ActiveCfg = Debug|Any CPU
		{C0DC5DE4-57E1-4417-A149-D5FFCA08EFD8}.Debug|Mixed Platforms.Build.0 = Debug|Any CPU
		{C0DC5DE4-57E1-4417-A149-D5FFCA08EFD8}.Debug|x64.ActiveCfg = Debug|Any CPU
		{C0DC5DE4-57E1-4417-A149-D5FFCA08EFD8}.Debug|x86.ActiveCfg = Debug|Any CPU
		{C0DC5DE4-57E1-4417-A149-D5FFCA08EFD8}.Release|Any CPU.ActiveCfg = Release|Any CPU
		{C0DC5DE4-57E1-4417-A149-D5FFCA08EFD8}.Release|Any CPU.Build.0 = Release|Any CPU
		{C0DC5DE4-57E1-4417-A149-D5FFCA08EFD8}.Release|Mixed Platforms.ActiveCfg = Release|Any CPU
		{C0DC5DE4-57E1-4417-A149-D5FFCA08EFD8}.Release|Mixed Platforms.Build.0 = Release|Any CPU
		{C0DC5DE4-57E1-4417-A149-D5FFCA08EFD8}.Release|x64.ActiveCfg = Release|Any CPU
		{C0DC5DE4-57E1-4417-A149-D5FFCA08EFD8}.Release|x64.Build.0 = Release|Any CPU
		{C0DC5DE4-57E1-4417-A149-D5FFCA08EFD8}.Release|x86.ActiveCfg = Release|Any CPU
		{80982B6F-EBBC-4DD5-BCEE-C3BFB6F6D498}.Debug|Any CPU.ActiveCfg = Debug|Any CPU
		{80982B6F-EBBC-4DD5-BCEE-C3BFB6F6D498}.Debug|Any CPU.Build.0 = Debug|Any CPU
		{80982B6F-EBBC-4DD5-BCEE-C3BFB6F6D498}.Debug|Mixed Platforms.ActiveCfg = Debug|Any CPU
		{80982B6F-EBBC-4DD5-BCEE-C3BFB6F6D498}.Debug|Mixed Platforms.Build.0 = Debug|Any CPU
		{80982B6F-EBBC-4DD5-BCEE-C3BFB6F6D498}.Debug|x64.ActiveCfg = Debug|Any CPU
		{80982B6F-EBBC-4DD5-BCEE-C3BFB6F6D498}.Debug|x86.ActiveCfg = Debug|Any CPU
		{80982B6F-EBBC-4DD5-BCEE-C3BFB6F6D498}.Release|Any CPU.ActiveCfg = Release|Any CPU
		{80982B6F-EBBC-4DD5-BCEE-C3BFB6F6D498}.Release|Any CPU.Build.0 = Release|Any CPU
		{80982B6F-EBBC-4DD5-BCEE-C3BFB6F6D498}.Release|Mixed Platforms.ActiveCfg = Release|Any CPU
		{80982B6F-EBBC-4DD5-BCEE-C3BFB6F6D498}.Release|Mixed Platforms.Build.0 = Release|Any CPU
		{80982B6F-EBBC-4DD5-BCEE-C3BFB6F6D498}.Release|x64.ActiveCfg = Release|Any CPU
		{80982B6F-EBBC-4DD5-BCEE-C3BFB6F6D498}.Release|x64.Build.0 = Release|Any CPU
		{80982B6F-EBBC-4DD5-BCEE-C3BFB6F6D498}.Release|x86.ActiveCfg = Release|Any CPU
		{69B3B221-7989-4E14-B6B1-5B5FB7286A85}.Debug|Any CPU.ActiveCfg = Debug|Any CPU
		{69B3B221-7989-4E14-B6B1-5B5FB7286A85}.Debug|Any CPU.Build.0 = Debug|Any CPU
		{69B3B221-7989-4E14-B6B1-5B5FB7286A85}.Debug|Mixed Platforms.ActiveCfg = Debug|Any CPU
		{69B3B221-7989-4E14-B6B1-5B5FB7286A85}.Debug|Mixed Platforms.Build.0 = Debug|Any CPU
		{69B3B221-7989-4E14-B6B1-5B5FB7286A85}.Debug|x64.ActiveCfg = Debug|Any CPU
		{69B3B221-7989-4E14-B6B1-5B5FB7286A85}.Debug|x86.ActiveCfg = Debug|Any CPU
		{69B3B221-7989-4E14-B6B1-5B5FB7286A85}.Release|Any CPU.ActiveCfg = Release|Any CPU
		{69B3B221-7989-4E14-B6B1-5B5FB7286A85}.Release|Any CPU.Build.0 = Release|Any CPU
		{69B3B221-7989-4E14-B6B1-5B5FB7286A85}.Release|Mixed Platforms.ActiveCfg = Release|Any CPU
		{69B3B221-7989-4E14-B6B1-5B5FB7286A85}.Release|Mixed Platforms.Build.0 = Release|Any CPU
		{69B3B221-7989-4E14-B6B1-5B5FB7286A85}.Release|x64.ActiveCfg = Release|Any CPU
		{69B3B221-7989-4E14-B6B1-5B5FB7286A85}.Release|x64.Build.0 = Release|Any CPU
		{69B3B221-7989-4E14-B6B1-5B5FB7286A85}.Release|x86.ActiveCfg = Release|Any CPU
		{1F7A8313-912F-4C5B-B284-D46D8E2F50D2}.Debug|Any CPU.ActiveCfg = Debug|Any CPU
		{1F7A8313-912F-4C5B-B284-D46D8E2F50D2}.Debug|Any CPU.Build.0 = Debug|Any CPU
		{1F7A8313-912F-4C5B-B284-D46D8E2F50D2}.Debug|Mixed Platforms.ActiveCfg = Debug|Any CPU
		{1F7A8313-912F-4C5B-B284-D46D8E2F50D2}.Debug|Mixed Platforms.Build.0 = Debug|Any CPU
		{1F7A8313-912F-4C5B-B284-D46D8E2F50D2}.Debug|x64.ActiveCfg = Debug|Any CPU
		{1F7A8313-912F-4C5B-B284-D46D8E2F50D2}.Debug|x86.ActiveCfg = Debug|Any CPU
		{1F7A8313-912F-4C5B-B284-D46D8E2F50D2}.Release|Any CPU.ActiveCfg = Release|Any CPU
		{1F7A8313-912F-4C5B-B284-D46D8E2F50D2}.Release|Any CPU.Build.0 = Release|Any CPU
		{1F7A8313-912F-4C5B-B284-D46D8E2F50D2}.Release|Mixed Platforms.ActiveCfg = Release|Any CPU
		{1F7A8313-912F-4C5B-B284-D46D8E2F50D2}.Release|Mixed Platforms.Build.0 = Release|Any CPU
		{1F7A8313-912F-4C5B-B284-D46D8E2F50D2}.Release|x64.ActiveCfg = Release|Any CPU
		{1F7A8313-912F-4C5B-B284-D46D8E2F50D2}.Release|x64.Build.0 = Release|Any CPU
		{1F7A8313-912F-4C5B-B284-D46D8E2F50D2}.Release|x86.ActiveCfg = Release|Any CPU
		{19BD7555-AA72-4D43-AB7A-88B2165F0508}.Debug|Any CPU.ActiveCfg = Debug|Any CPU
		{19BD7555-AA72-4D43-AB7A-88B2165F0508}.Debug|Any CPU.Build.0 = Debug|Any CPU
		{19BD7555-AA72-4D43-AB7A-88B2165F0508}.Debug|Mixed Platforms.ActiveCfg = Debug|Any CPU
		{19BD7555-AA72-4D43-AB7A-88B2165F0508}.Debug|Mixed Platforms.Build.0 = Debug|Any CPU
		{19BD7555-AA72-4D43-AB7A-88B2165F0508}.Debug|x64.ActiveCfg = Debug|Any CPU
		{19BD7555-AA72-4D43-AB7A-88B2165F0508}.Debug|x86.ActiveCfg = Debug|Any CPU
		{19BD7555-AA72-4D43-AB7A-88B2165F0508}.Release|Any CPU.ActiveCfg = Release|Any CPU
		{19BD7555-AA72-4D43-AB7A-88B2165F0508}.Release|Any CPU.Build.0 = Release|Any CPU
		{19BD7555-AA72-4D43-AB7A-88B2165F0508}.Release|Mixed Platforms.ActiveCfg = Release|Any CPU
		{19BD7555-AA72-4D43-AB7A-88B2165F0508}.Release|Mixed Platforms.Build.0 = Release|Any CPU
		{19BD7555-AA72-4D43-AB7A-88B2165F0508}.Release|x64.ActiveCfg = Release|Any CPU
		{19BD7555-AA72-4D43-AB7A-88B2165F0508}.Release|x64.Build.0 = Release|Any CPU
		{19BD7555-AA72-4D43-AB7A-88B2165F0508}.Release|x86.ActiveCfg = Release|Any CPU
		{E923E5F2-0F50-432B-A463-EA36EFEA3B8A}.Debug|Any CPU.ActiveCfg = Debug|Any CPU
		{E923E5F2-0F50-432B-A463-EA36EFEA3B8A}.Debug|Any CPU.Build.0 = Debug|Any CPU
		{E923E5F2-0F50-432B-A463-EA36EFEA3B8A}.Debug|Mixed Platforms.ActiveCfg = Debug|Any CPU
		{E923E5F2-0F50-432B-A463-EA36EFEA3B8A}.Debug|Mixed Platforms.Build.0 = Debug|Any CPU
		{E923E5F2-0F50-432B-A463-EA36EFEA3B8A}.Debug|x64.ActiveCfg = Debug|Any CPU
		{E923E5F2-0F50-432B-A463-EA36EFEA3B8A}.Debug|x86.ActiveCfg = Debug|Any CPU
		{E923E5F2-0F50-432B-A463-EA36EFEA3B8A}.Release|Any CPU.ActiveCfg = Release|Any CPU
		{E923E5F2-0F50-432B-A463-EA36EFEA3B8A}.Release|Any CPU.Build.0 = Release|Any CPU
		{E923E5F2-0F50-432B-A463-EA36EFEA3B8A}.Release|Mixed Platforms.ActiveCfg = Release|Any CPU
		{E923E5F2-0F50-432B-A463-EA36EFEA3B8A}.Release|Mixed Platforms.Build.0 = Release|Any CPU
		{E923E5F2-0F50-432B-A463-EA36EFEA3B8A}.Release|x64.ActiveCfg = Release|Any CPU
		{E923E5F2-0F50-432B-A463-EA36EFEA3B8A}.Release|x64.Build.0 = Release|Any CPU
		{E923E5F2-0F50-432B-A463-EA36EFEA3B8A}.Release|x86.ActiveCfg = Release|Any CPU
		{B2968620-3159-4978-952F-6F138F97A89A}.Debug|Any CPU.ActiveCfg = Debug|Any CPU
		{B2968620-3159-4978-952F-6F138F97A89A}.Debug|Any CPU.Build.0 = Debug|Any CPU
		{B2968620-3159-4978-952F-6F138F97A89A}.Debug|Mixed Platforms.ActiveCfg = Debug|Any CPU
		{B2968620-3159-4978-952F-6F138F97A89A}.Debug|Mixed Platforms.Build.0 = Debug|Any CPU
		{B2968620-3159-4978-952F-6F138F97A89A}.Debug|x64.ActiveCfg = Debug|Any CPU
		{B2968620-3159-4978-952F-6F138F97A89A}.Debug|x86.ActiveCfg = Debug|Any CPU
		{B2968620-3159-4978-952F-6F138F97A89A}.Release|Any CPU.ActiveCfg = Release|Any CPU
		{B2968620-3159-4978-952F-6F138F97A89A}.Release|Any CPU.Build.0 = Release|Any CPU
		{B2968620-3159-4978-952F-6F138F97A89A}.Release|Mixed Platforms.ActiveCfg = Release|Any CPU
		{B2968620-3159-4978-952F-6F138F97A89A}.Release|Mixed Platforms.Build.0 = Release|Any CPU
		{B2968620-3159-4978-952F-6F138F97A89A}.Release|x64.ActiveCfg = Release|Any CPU
		{B2968620-3159-4978-952F-6F138F97A89A}.Release|x64.Build.0 = Release|Any CPU
		{B2968620-3159-4978-952F-6F138F97A89A}.Release|x64.Deploy.0 = Release|Any CPU
		{B2968620-3159-4978-952F-6F138F97A89A}.Release|x86.ActiveCfg = Release|Any CPU
		{2122A2D0-6CB5-42C0-91DD-B5F627FC5E82}.Debug|Any CPU.ActiveCfg = Debug|Any CPU
		{2122A2D0-6CB5-42C0-91DD-B5F627FC5E82}.Debug|Any CPU.Build.0 = Debug|Any CPU
		{2122A2D0-6CB5-42C0-91DD-B5F627FC5E82}.Debug|Mixed Platforms.ActiveCfg = Debug|Any CPU
		{2122A2D0-6CB5-42C0-91DD-B5F627FC5E82}.Debug|Mixed Platforms.Build.0 = Debug|Any CPU
		{2122A2D0-6CB5-42C0-91DD-B5F627FC5E82}.Debug|x64.ActiveCfg = Debug|Any CPU
		{2122A2D0-6CB5-42C0-91DD-B5F627FC5E82}.Debug|x86.ActiveCfg = Debug|Any CPU
		{2122A2D0-6CB5-42C0-91DD-B5F627FC5E82}.Release|Any CPU.ActiveCfg = Release|Any CPU
		{2122A2D0-6CB5-42C0-91DD-B5F627FC5E82}.Release|Any CPU.Build.0 = Release|Any CPU
		{2122A2D0-6CB5-42C0-91DD-B5F627FC5E82}.Release|Mixed Platforms.ActiveCfg = Release|Any CPU
		{2122A2D0-6CB5-42C0-91DD-B5F627FC5E82}.Release|Mixed Platforms.Build.0 = Release|Any CPU
		{2122A2D0-6CB5-42C0-91DD-B5F627FC5E82}.Release|x64.ActiveCfg = Release|Any CPU
		{2122A2D0-6CB5-42C0-91DD-B5F627FC5E82}.Release|x64.Build.0 = Release|Any CPU
		{2122A2D0-6CB5-42C0-91DD-B5F627FC5E82}.Release|x86.ActiveCfg = Release|Any CPU
		{35D3D13E-6AC5-4632-80B3-985FA37E5AAE}.Debug|Any CPU.ActiveCfg = Debug|Any CPU
		{35D3D13E-6AC5-4632-80B3-985FA37E5AAE}.Debug|Any CPU.Build.0 = Debug|Any CPU
		{35D3D13E-6AC5-4632-80B3-985FA37E5AAE}.Debug|Mixed Platforms.ActiveCfg = Debug|Any CPU
		{35D3D13E-6AC5-4632-80B3-985FA37E5AAE}.Debug|Mixed Platforms.Build.0 = Debug|Any CPU
		{35D3D13E-6AC5-4632-80B3-985FA37E5AAE}.Debug|x64.ActiveCfg = Debug|Any CPU
		{35D3D13E-6AC5-4632-80B3-985FA37E5AAE}.Debug|x86.ActiveCfg = Debug|Any CPU
		{35D3D13E-6AC5-4632-80B3-985FA37E5AAE}.Release|Any CPU.ActiveCfg = Release|Any CPU
		{35D3D13E-6AC5-4632-80B3-985FA37E5AAE}.Release|Any CPU.Build.0 = Release|Any CPU
		{35D3D13E-6AC5-4632-80B3-985FA37E5AAE}.Release|Mixed Platforms.ActiveCfg = Release|Any CPU
		{35D3D13E-6AC5-4632-80B3-985FA37E5AAE}.Release|Mixed Platforms.Build.0 = Release|Any CPU
		{35D3D13E-6AC5-4632-80B3-985FA37E5AAE}.Release|x64.ActiveCfg = Release|Any CPU
		{35D3D13E-6AC5-4632-80B3-985FA37E5AAE}.Release|x64.Build.0 = Release|Any CPU
		{35D3D13E-6AC5-4632-80B3-985FA37E5AAE}.Release|x64.Deploy.0 = Release|Any CPU
		{35D3D13E-6AC5-4632-80B3-985FA37E5AAE}.Release|x86.ActiveCfg = Release|Any CPU
		{B1B5FEAE-53F4-47C5-80D6-7D9BEBF32F84}.Debug|Any CPU.ActiveCfg = Debug|Any CPU
		{B1B5FEAE-53F4-47C5-80D6-7D9BEBF32F84}.Debug|Any CPU.Build.0 = Debug|Any CPU
		{B1B5FEAE-53F4-47C5-80D6-7D9BEBF32F84}.Debug|Mixed Platforms.ActiveCfg = Debug|Any CPU
		{B1B5FEAE-53F4-47C5-80D6-7D9BEBF32F84}.Debug|Mixed Platforms.Build.0 = Debug|Any CPU
		{B1B5FEAE-53F4-47C5-80D6-7D9BEBF32F84}.Debug|x64.ActiveCfg = Debug|Any CPU
		{B1B5FEAE-53F4-47C5-80D6-7D9BEBF32F84}.Debug|x86.ActiveCfg = Debug|Any CPU
		{B1B5FEAE-53F4-47C5-80D6-7D9BEBF32F84}.Release|Any CPU.ActiveCfg = Release|Any CPU
		{B1B5FEAE-53F4-47C5-80D6-7D9BEBF32F84}.Release|Any CPU.Build.0 = Release|Any CPU
		{B1B5FEAE-53F4-47C5-80D6-7D9BEBF32F84}.Release|Mixed Platforms.ActiveCfg = Release|Any CPU
		{B1B5FEAE-53F4-47C5-80D6-7D9BEBF32F84}.Release|Mixed Platforms.Build.0 = Release|Any CPU
		{B1B5FEAE-53F4-47C5-80D6-7D9BEBF32F84}.Release|x64.ActiveCfg = Release|Any CPU
		{B1B5FEAE-53F4-47C5-80D6-7D9BEBF32F84}.Release|x64.Build.0 = Release|Any CPU
		{B1B5FEAE-53F4-47C5-80D6-7D9BEBF32F84}.Release|x86.ActiveCfg = Release|Any CPU
		{D07D22EA-BDB9-42C6-9996-D64CC9C1CC0B}.Debug|Any CPU.ActiveCfg = Debug|Any CPU
		{D07D22EA-BDB9-42C6-9996-D64CC9C1CC0B}.Debug|Any CPU.Build.0 = Debug|Any CPU
		{D07D22EA-BDB9-42C6-9996-D64CC9C1CC0B}.Debug|Mixed Platforms.ActiveCfg = Debug|Any CPU
		{D07D22EA-BDB9-42C6-9996-D64CC9C1CC0B}.Debug|Mixed Platforms.Build.0 = Debug|Any CPU
		{D07D22EA-BDB9-42C6-9996-D64CC9C1CC0B}.Debug|x64.ActiveCfg = Debug|Any CPU
		{D07D22EA-BDB9-42C6-9996-D64CC9C1CC0B}.Debug|x86.ActiveCfg = Debug|Any CPU
		{D07D22EA-BDB9-42C6-9996-D64CC9C1CC0B}.Release|Any CPU.ActiveCfg = Release|Any CPU
		{D07D22EA-BDB9-42C6-9996-D64CC9C1CC0B}.Release|Any CPU.Build.0 = Release|Any CPU
		{D07D22EA-BDB9-42C6-9996-D64CC9C1CC0B}.Release|Mixed Platforms.ActiveCfg = Release|Any CPU
		{D07D22EA-BDB9-42C6-9996-D64CC9C1CC0B}.Release|Mixed Platforms.Build.0 = Release|Any CPU
		{D07D22EA-BDB9-42C6-9996-D64CC9C1CC0B}.Release|x64.ActiveCfg = Release|Any CPU
		{D07D22EA-BDB9-42C6-9996-D64CC9C1CC0B}.Release|x64.Build.0 = Release|Any CPU
		{D07D22EA-BDB9-42C6-9996-D64CC9C1CC0B}.Release|x86.ActiveCfg = Release|Any CPU
		{664025B0-6DD0-4F1A-979A-B87746698F84}.Debug|Any CPU.ActiveCfg = Debug|Any CPU
		{664025B0-6DD0-4F1A-979A-B87746698F84}.Debug|Any CPU.Build.0 = Debug|Any CPU
		{664025B0-6DD0-4F1A-979A-B87746698F84}.Debug|Mixed Platforms.ActiveCfg = Debug|Any CPU
		{664025B0-6DD0-4F1A-979A-B87746698F84}.Debug|Mixed Platforms.Build.0 = Debug|Any CPU
		{664025B0-6DD0-4F1A-979A-B87746698F84}.Debug|x64.ActiveCfg = Debug|Any CPU
		{664025B0-6DD0-4F1A-979A-B87746698F84}.Debug|x86.ActiveCfg = Debug|Any CPU
		{664025B0-6DD0-4F1A-979A-B87746698F84}.Release|Any CPU.ActiveCfg = Release|Any CPU
		{664025B0-6DD0-4F1A-979A-B87746698F84}.Release|Any CPU.Build.0 = Release|Any CPU
		{664025B0-6DD0-4F1A-979A-B87746698F84}.Release|Mixed Platforms.ActiveCfg = Release|Any CPU
		{664025B0-6DD0-4F1A-979A-B87746698F84}.Release|Mixed Platforms.Build.0 = Release|Any CPU
		{664025B0-6DD0-4F1A-979A-B87746698F84}.Release|x64.ActiveCfg = Release|Any CPU
		{664025B0-6DD0-4F1A-979A-B87746698F84}.Release|x64.Build.0 = Release|Any CPU
		{664025B0-6DD0-4F1A-979A-B87746698F84}.Release|x86.ActiveCfg = Release|Any CPU
		{E706F847-F7ED-41FA-9E18-042A738D5DFA}.Debug|Any CPU.ActiveCfg = Debug|Any CPU
		{E706F847-F7ED-41FA-9E18-042A738D5DFA}.Debug|Any CPU.Build.0 = Debug|Any CPU
		{E706F847-F7ED-41FA-9E18-042A738D5DFA}.Debug|Mixed Platforms.ActiveCfg = Debug|Any CPU
		{E706F847-F7ED-41FA-9E18-042A738D5DFA}.Debug|Mixed Platforms.Build.0 = Debug|Any CPU
		{E706F847-F7ED-41FA-9E18-042A738D5DFA}.Debug|x64.ActiveCfg = Debug|Any CPU
		{E706F847-F7ED-41FA-9E18-042A738D5DFA}.Debug|x86.ActiveCfg = Debug|Any CPU
		{E706F847-F7ED-41FA-9E18-042A738D5DFA}.Release|Any CPU.ActiveCfg = Release|Any CPU
		{E706F847-F7ED-41FA-9E18-042A738D5DFA}.Release|Any CPU.Build.0 = Release|Any CPU
		{E706F847-F7ED-41FA-9E18-042A738D5DFA}.Release|Mixed Platforms.ActiveCfg = Release|Any CPU
		{E706F847-F7ED-41FA-9E18-042A738D5DFA}.Release|Mixed Platforms.Build.0 = Release|Any CPU
		{E706F847-F7ED-41FA-9E18-042A738D5DFA}.Release|x64.ActiveCfg = Release|Any CPU
		{E706F847-F7ED-41FA-9E18-042A738D5DFA}.Release|x64.Build.0 = Release|Any CPU
		{E706F847-F7ED-41FA-9E18-042A738D5DFA}.Release|x86.ActiveCfg = Release|Any CPU
		{A12D2EDA-C1BA-4D4E-8E7D-38F8048BC161}.Debug|Any CPU.ActiveCfg = Debug|Any CPU
		{A12D2EDA-C1BA-4D4E-8E7D-38F8048BC161}.Debug|Any CPU.Build.0 = Debug|Any CPU
		{A12D2EDA-C1BA-4D4E-8E7D-38F8048BC161}.Debug|Mixed Platforms.ActiveCfg = Debug|Any CPU
		{A12D2EDA-C1BA-4D4E-8E7D-38F8048BC161}.Debug|Mixed Platforms.Build.0 = Debug|Any CPU
		{A12D2EDA-C1BA-4D4E-8E7D-38F8048BC161}.Debug|x64.ActiveCfg = Debug|Any CPU
		{A12D2EDA-C1BA-4D4E-8E7D-38F8048BC161}.Debug|x86.ActiveCfg = Debug|Any CPU
		{A12D2EDA-C1BA-4D4E-8E7D-38F8048BC161}.Release|Any CPU.ActiveCfg = Release|Any CPU
		{A12D2EDA-C1BA-4D4E-8E7D-38F8048BC161}.Release|Any CPU.Build.0 = Release|Any CPU
		{A12D2EDA-C1BA-4D4E-8E7D-38F8048BC161}.Release|Mixed Platforms.ActiveCfg = Release|Any CPU
		{A12D2EDA-C1BA-4D4E-8E7D-38F8048BC161}.Release|Mixed Platforms.Build.0 = Release|Any CPU
		{A12D2EDA-C1BA-4D4E-8E7D-38F8048BC161}.Release|x64.ActiveCfg = Release|Any CPU
		{A12D2EDA-C1BA-4D4E-8E7D-38F8048BC161}.Release|x64.Build.0 = Release|Any CPU
		{A12D2EDA-C1BA-4D4E-8E7D-38F8048BC161}.Release|x86.ActiveCfg = Release|Any CPU
		{7C182E2C-BDA8-46EC-9DC8-8B25E1DA6861}.Debug|Any CPU.ActiveCfg = Debug|Any CPU
		{7C182E2C-BDA8-46EC-9DC8-8B25E1DA6861}.Debug|Any CPU.Build.0 = Debug|Any CPU
		{7C182E2C-BDA8-46EC-9DC8-8B25E1DA6861}.Debug|Mixed Platforms.ActiveCfg = Debug|Any CPU
		{7C182E2C-BDA8-46EC-9DC8-8B25E1DA6861}.Debug|Mixed Platforms.Build.0 = Debug|Any CPU
		{7C182E2C-BDA8-46EC-9DC8-8B25E1DA6861}.Debug|x64.ActiveCfg = Debug|Any CPU
		{7C182E2C-BDA8-46EC-9DC8-8B25E1DA6861}.Debug|x86.ActiveCfg = Debug|Any CPU
		{7C182E2C-BDA8-46EC-9DC8-8B25E1DA6861}.Release|Any CPU.ActiveCfg = Release|Any CPU
		{7C182E2C-BDA8-46EC-9DC8-8B25E1DA6861}.Release|Any CPU.Build.0 = Release|Any CPU
		{7C182E2C-BDA8-46EC-9DC8-8B25E1DA6861}.Release|Mixed Platforms.ActiveCfg = Release|Any CPU
		{7C182E2C-BDA8-46EC-9DC8-8B25E1DA6861}.Release|Mixed Platforms.Build.0 = Release|Any CPU
		{7C182E2C-BDA8-46EC-9DC8-8B25E1DA6861}.Release|x64.ActiveCfg = Release|Any CPU
		{7C182E2C-BDA8-46EC-9DC8-8B25E1DA6861}.Release|x64.Build.0 = Release|Any CPU
		{7C182E2C-BDA8-46EC-9DC8-8B25E1DA6861}.Release|x86.ActiveCfg = Release|Any CPU
		{49562BD8-E15A-4893-842D-E3865D87F94D}.Debug|Any CPU.ActiveCfg = Debug|Any CPU
		{49562BD8-E15A-4893-842D-E3865D87F94D}.Debug|Any CPU.Build.0 = Debug|Any CPU
		{49562BD8-E15A-4893-842D-E3865D87F94D}.Debug|Mixed Platforms.ActiveCfg = Debug|Any CPU
		{49562BD8-E15A-4893-842D-E3865D87F94D}.Debug|Mixed Platforms.Build.0 = Debug|Any CPU
		{49562BD8-E15A-4893-842D-E3865D87F94D}.Debug|x64.ActiveCfg = Debug|Any CPU
		{49562BD8-E15A-4893-842D-E3865D87F94D}.Debug|x86.ActiveCfg = Debug|Any CPU
		{49562BD8-E15A-4893-842D-E3865D87F94D}.Release|Any CPU.ActiveCfg = Release|Any CPU
		{49562BD8-E15A-4893-842D-E3865D87F94D}.Release|Any CPU.Build.0 = Release|Any CPU
		{49562BD8-E15A-4893-842D-E3865D87F94D}.Release|Mixed Platforms.ActiveCfg = Release|Any CPU
		{49562BD8-E15A-4893-842D-E3865D87F94D}.Release|Mixed Platforms.Build.0 = Release|Any CPU
		{49562BD8-E15A-4893-842D-E3865D87F94D}.Release|x64.ActiveCfg = Release|Any CPU
		{49562BD8-E15A-4893-842D-E3865D87F94D}.Release|x64.Build.0 = Release|Any CPU
		{49562BD8-E15A-4893-842D-E3865D87F94D}.Release|x86.ActiveCfg = Release|Any CPU
		{4305DDF6-3C8B-4FE6-8DE9-3E81C5D9126A}.Debug|Any CPU.ActiveCfg = Debug|Any CPU
		{4305DDF6-3C8B-4FE6-8DE9-3E81C5D9126A}.Debug|Any CPU.Build.0 = Debug|Any CPU
		{4305DDF6-3C8B-4FE6-8DE9-3E81C5D9126A}.Debug|Mixed Platforms.ActiveCfg = Debug|Any CPU
		{4305DDF6-3C8B-4FE6-8DE9-3E81C5D9126A}.Debug|Mixed Platforms.Build.0 = Debug|Any CPU
		{4305DDF6-3C8B-4FE6-8DE9-3E81C5D9126A}.Debug|x64.ActiveCfg = Debug|Any CPU
		{4305DDF6-3C8B-4FE6-8DE9-3E81C5D9126A}.Debug|x86.ActiveCfg = Debug|Any CPU
		{4305DDF6-3C8B-4FE6-8DE9-3E81C5D9126A}.Release|Any CPU.ActiveCfg = Release|Any CPU
		{4305DDF6-3C8B-4FE6-8DE9-3E81C5D9126A}.Release|Any CPU.Build.0 = Release|Any CPU
		{4305DDF6-3C8B-4FE6-8DE9-3E81C5D9126A}.Release|Mixed Platforms.ActiveCfg = Release|Any CPU
		{4305DDF6-3C8B-4FE6-8DE9-3E81C5D9126A}.Release|Mixed Platforms.Build.0 = Release|Any CPU
		{4305DDF6-3C8B-4FE6-8DE9-3E81C5D9126A}.Release|x64.ActiveCfg = Release|Any CPU
		{4305DDF6-3C8B-4FE6-8DE9-3E81C5D9126A}.Release|x64.Build.0 = Release|Any CPU
		{4305DDF6-3C8B-4FE6-8DE9-3E81C5D9126A}.Release|x86.ActiveCfg = Release|Any CPU
	EndGlobalSection
	GlobalSection(SolutionProperties) = preSolution
		HideSolutionNode = FALSE
	EndGlobalSection
EndGlobal
